{
    "version": 3,
    "terraform_version": "0.11.0",
    "serial": 38,
    "lineage": "fafd232d-93e7-4d50-bdde-7c9bfd5668b8",
    "modules": [
        {
            "path": [
                "root"
            ],
            "outputs": {},
            "resources": {},
            "depends_on": []
        },
        {
            "path": [
                "root",
                "test1"
            ],
            "outputs": {},
            "resources": {},
            "depends_on": []
        },
        {
            "path": [
                "root",
                "test2"
            ],
            "outputs": {},
            "resources": {},
            "depends_on": []
        },
        {
            "path": [
                "root",
                "test3"
            ],
            "outputs": {},
            "resources": {
                "opentelekomcloud_blockstorage_volume_v2.grid-engine-data-vol.0": {
                    "type": "opentelekomcloud_blockstorage_volume_v2",
                    "depends_on": [],
                    "primary": {
                        "id": "c52a8248-f8f3-42a4-ab26-061fb15eedfd",
                        "attributes": {
                            "attachment.#": "1",
                            "attachment.1389256573.device": "/dev/vdb",
                            "attachment.1389256573.id": "c52a8248-f8f3-42a4-ab26-061fb15eedfd",
                            "attachment.1389256573.instance_id": "019f4a49-d877-4b80-9c53-8b983b5fd47c",
                            "availability_zone": "eu-de-01",
                            "description": "",
                            "id": "c52a8248-f8f3-42a4-ab26-061fb15eedfd",
                            "metadata.%": "3",
                            "metadata.__system__cmkid": "66a73710-7fa6-4d4c-b90c-2eb61e97ca08",
                            "metadata.__system__encrypted": "1",
                            "metadata.readonly": "False",
                            "name": "grid-engine-data-vol-0",
                            "region": "",
                            "size": "10",
                            "snapshot_id": "",
                            "source_vol_id": "",
                            "volume_type": "SSD"
                        },
                        "meta": {
                            "e2bfb730-ecaa-11e6-8f88-34363bc7c4c0": {
                                "create": 600000000000,
                                "delete": 600000000000
                            }
                        },
                        "tainted": false
                    },
                    "deposed": [],
                    "provider": "module.test3.provider.opentelekomcloud"
                },
                "opentelekomcloud_blockstorage_volume_v2.grid-engine-data-vol.1": {
                    "type": "opentelekomcloud_blockstorage_volume_v2",
                    "depends_on": [],
                    "primary": {
                        "id": "848cbf47-a5ec-45c0-acd0-38559929ea2b",
                        "attributes": {
                            "attachment.#": "1",
                            "attachment.4163256473.device": "/dev/vdb",
                            "attachment.4163256473.id": "848cbf47-a5ec-45c0-acd0-38559929ea2b",
                            "attachment.4163256473.instance_id": "923d36f8-f907-4c81-b147-99e41d230d38",
                            "availability_zone": "eu-de-01",
                            "description": "",
                            "id": "848cbf47-a5ec-45c0-acd0-38559929ea2b",
                            "metadata.%": "3",
                            "metadata.__system__cmkid": "66a73710-7fa6-4d4c-b90c-2eb61e97ca08",
                            "metadata.__system__encrypted": "1",
                            "metadata.readonly": "False",
                            "name": "grid-engine-data-vol-1",
                            "region": "",
                            "size": "10",
                            "snapshot_id": "",
                            "source_vol_id": "",
                            "volume_type": "SSD"
                        },
                        "meta": {
                            "e2bfb730-ecaa-11e6-8f88-34363bc7c4c0": {
                                "create": 600000000000,
                                "delete": 600000000000
                            }
                        },
                        "tainted": false
                    },
                    "deposed": [],
                    "provider": "module.test3.provider.opentelekomcloud"
                },
                "opentelekomcloud_blockstorage_volume_v2.grid-engine-data-vol.10": {
                    "type": "opentelekomcloud_blockstorage_volume_v2",
                    "depends_on": [],
                    "primary": {
                        "id": "430d7c75-1ec7-4ee2-baf6-4d76944b504b",
                        "attributes": {
                            "attachment.#": "1",
                            "attachment.3964562668.device": "/dev/vdb",
                            "attachment.3964562668.id": "430d7c75-1ec7-4ee2-baf6-4d76944b504b",
                            "attachment.3964562668.instance_id": "c7c11be3-520d-4f02-8473-2c000a870f8e",
                            "availability_zone": "eu-de-01",
                            "description": "",
                            "id": "430d7c75-1ec7-4ee2-baf6-4d76944b504b",
                            "metadata.%": "3",
                            "metadata.__system__cmkid": "66a73710-7fa6-4d4c-b90c-2eb61e97ca08",
                            "metadata.__system__encrypted": "1",
                            "metadata.readonly": "False",
                            "name": "grid-engine-data-vol-10",
                            "region": "",
                            "size": "10",
                            "snapshot_id": "",
                            "source_vol_id": "",
                            "volume_type": "SSD"
                        },
                        "meta": {
                            "e2bfb730-ecaa-11e6-8f88-34363bc7c4c0": {
                                "create": 600000000000,
                                "delete": 600000000000
                            }
                        },
                        "tainted": false
                    },
                    "deposed": [],
                    "provider": "module.test3.provider.opentelekomcloud"
                },
                "opentelekomcloud_blockstorage_volume_v2.grid-engine-data-vol.11": {
                    "type": "opentelekomcloud_blockstorage_volume_v2",
                    "depends_on": [],
                    "primary": {
                        "id": "f808cef1-0d77-45da-a23f-bfc7048e525e",
                        "attributes": {
                            "attachment.#": "1",
                            "attachment.3758343182.device": "/dev/vdb",
                            "attachment.3758343182.id": "f808cef1-0d77-45da-a23f-bfc7048e525e",
                            "attachment.3758343182.instance_id": "2e0611bf-9fce-483b-b141-9b1a2a1f7530",
                            "availability_zone": "eu-de-01",
                            "description": "",
                            "id": "f808cef1-0d77-45da-a23f-bfc7048e525e",
                            "metadata.%": "3",
                            "metadata.__system__cmkid": "66a73710-7fa6-4d4c-b90c-2eb61e97ca08",
                            "metadata.__system__encrypted": "1",
                            "metadata.readonly": "False",
                            "name": "grid-engine-data-vol-11",
                            "region": "",
                            "size": "10",
                            "snapshot_id": "",
                            "source_vol_id": "",
                            "volume_type": "SSD"
                        },
                        "meta": {
                            "e2bfb730-ecaa-11e6-8f88-34363bc7c4c0": {
                                "create": 600000000000,
                                "delete": 600000000000
                            }
                        },
                        "tainted": false
                    },
                    "deposed": [],
                    "provider": "module.test3.provider.opentelekomcloud"
                },
                "opentelekomcloud_blockstorage_volume_v2.grid-engine-data-vol.12": {
                    "type": "opentelekomcloud_blockstorage_volume_v2",
                    "depends_on": [],
                    "primary": {
                        "id": "a6a5c1c4-bf0e-498f-a2e0-f05e42f12fdc",
                        "attributes": {
                            "attachment.#": "1",
                            "attachment.1637930337.device": "/dev/vdb",
                            "attachment.1637930337.id": "a6a5c1c4-bf0e-498f-a2e0-f05e42f12fdc",
                            "attachment.1637930337.instance_id": "78535490-ede9-4486-ad35-d68b0a1369fb",
                            "availability_zone": "eu-de-01",
                            "description": "",
                            "id": "a6a5c1c4-bf0e-498f-a2e0-f05e42f12fdc",
                            "metadata.%": "3",
                            "metadata.__system__cmkid": "66a73710-7fa6-4d4c-b90c-2eb61e97ca08",
                            "metadata.__system__encrypted": "1",
                            "metadata.readonly": "False",
                            "name": "grid-engine-data-vol-12",
                            "region": "",
                            "size": "10",
                            "snapshot_id": "",
                            "source_vol_id": "",
                            "volume_type": "SSD"
                        },
                        "meta": {
                            "e2bfb730-ecaa-11e6-8f88-34363bc7c4c0": {
                                "create": 600000000000,
                                "delete": 600000000000
                            }
                        },
                        "tainted": false
                    },
                    "deposed": [],
                    "provider": "module.test3.provider.opentelekomcloud"
                },
                "opentelekomcloud_blockstorage_volume_v2.grid-engine-data-vol.13": {
                    "type": "opentelekomcloud_blockstorage_volume_v2",
                    "depends_on": [],
                    "primary": {
                        "id": "853be340-0e1b-402e-91b4-9a892127f26d",
                        "attributes": {
                            "attachment.#": "1",
                            "attachment.3480227239.device": "/dev/vdb",
                            "attachment.3480227239.id": "853be340-0e1b-402e-91b4-9a892127f26d",
                            "attachment.3480227239.instance_id": "eb3ab81b-4377-4b2a-ac2a-9f3f2b267d03",
                            "availability_zone": "eu-de-01",
                            "description": "",
                            "id": "853be340-0e1b-402e-91b4-9a892127f26d",
                            "metadata.%": "3",
                            "metadata.__system__cmkid": "66a73710-7fa6-4d4c-b90c-2eb61e97ca08",
                            "metadata.__system__encrypted": "1",
                            "metadata.readonly": "False",
                            "name": "grid-engine-data-vol-13",
                            "region": "",
                            "size": "10",
                            "snapshot_id": "",
                            "source_vol_id": "",
                            "volume_type": "SSD"
                        },
                        "meta": {
                            "e2bfb730-ecaa-11e6-8f88-34363bc7c4c0": {
                                "create": 600000000000,
                                "delete": 600000000000
                            }
                        },
                        "tainted": false
                    },
                    "deposed": [],
                    "provider": "module.test3.provider.opentelekomcloud"
                },
                "opentelekomcloud_blockstorage_volume_v2.grid-engine-data-vol.14": {
                    "type": "opentelekomcloud_blockstorage_volume_v2",
                    "depends_on": [],
                    "primary": {
                        "id": "d8994f27-db9a-4802-9fef-5b7cebf69ebc",
                        "attributes": {
                            "attachment.#": "1",
                            "attachment.3909640193.device": "/dev/vdb",
                            "attachment.3909640193.id": "d8994f27-db9a-4802-9fef-5b7cebf69ebc",
                            "attachment.3909640193.instance_id": "3a079b11-8650-497c-9d98-53453a5d3601",
                            "availability_zone": "eu-de-01",
                            "description": "",
                            "id": "d8994f27-db9a-4802-9fef-5b7cebf69ebc",
                            "metadata.%": "3",
                            "metadata.__system__cmkid": "66a73710-7fa6-4d4c-b90c-2eb61e97ca08",
                            "metadata.__system__encrypted": "1",
                            "metadata.readonly": "False",
                            "name": "grid-engine-data-vol-14",
                            "region": "",
                            "size": "10",
                            "snapshot_id": "",
                            "source_vol_id": "",
                            "volume_type": "SSD"
                        },
                        "meta": {
                            "e2bfb730-ecaa-11e6-8f88-34363bc7c4c0": {
                                "create": 600000000000,
                                "delete": 600000000000
                            }
                        },
                        "tainted": false
                    },
                    "deposed": [],
                    "provider": "module.test3.provider.opentelekomcloud"
                },
                "opentelekomcloud_blockstorage_volume_v2.grid-engine-data-vol.15": {
                    "type": "opentelekomcloud_blockstorage_volume_v2",
                    "depends_on": [],
                    "primary": {
                        "id": "d2e5ad37-ead2-4536-bc96-48f223c643f7",
                        "attributes": {
                            "attachment.#": "1",
                            "attachment.335229260.device": "/dev/vdb",
                            "attachment.335229260.id": "d2e5ad37-ead2-4536-bc96-48f223c643f7",
                            "attachment.335229260.instance_id": "75dc4c22-a987-4fcb-b95a-2ceb04414430",
                            "availability_zone": "eu-de-01",
                            "description": "",
                            "id": "d2e5ad37-ead2-4536-bc96-48f223c643f7",
                            "metadata.%": "3",
                            "metadata.__system__cmkid": "66a73710-7fa6-4d4c-b90c-2eb61e97ca08",
                            "metadata.__system__encrypted": "1",
                            "metadata.readonly": "False",
                            "name": "grid-engine-data-vol-15",
                            "region": "",
                            "size": "10",
                            "snapshot_id": "",
                            "source_vol_id": "",
                            "volume_type": "SSD"
                        },
                        "meta": {
                            "e2bfb730-ecaa-11e6-8f88-34363bc7c4c0": {
                                "create": 600000000000,
                                "delete": 600000000000
                            }
                        },
                        "tainted": false
                    },
                    "deposed": [],
                    "provider": "module.test3.provider.opentelekomcloud"
                },
                "opentelekomcloud_blockstorage_volume_v2.grid-engine-data-vol.16": {
                    "type": "opentelekomcloud_blockstorage_volume_v2",
                    "depends_on": [],
                    "primary": {
                        "id": "76adbdb1-82eb-44f8-82aa-3744680eec0c",
                        "attributes": {
                            "attachment.#": "1",
                            "attachment.1953408125.device": "/dev/vdb",
                            "attachment.1953408125.id": "76adbdb1-82eb-44f8-82aa-3744680eec0c",
                            "attachment.1953408125.instance_id": "a5a348ad-15f2-421c-a45a-7dde9c90f126",
                            "availability_zone": "eu-de-01",
                            "description": "",
                            "id": "76adbdb1-82eb-44f8-82aa-3744680eec0c",
                            "metadata.%": "3",
                            "metadata.__system__cmkid": "66a73710-7fa6-4d4c-b90c-2eb61e97ca08",
                            "metadata.__system__encrypted": "1",
                            "metadata.readonly": "False",
                            "name": "grid-engine-data-vol-16",
                            "region": "",
                            "size": "10",
                            "snapshot_id": "",
                            "source_vol_id": "",
                            "volume_type": "SSD"
                        },
                        "meta": {
                            "e2bfb730-ecaa-11e6-8f88-34363bc7c4c0": {
                                "create": 600000000000,
                                "delete": 600000000000
                            }
                        },
                        "tainted": false
                    },
                    "deposed": [],
                    "provider": "module.test3.provider.opentelekomcloud"
                },
                "opentelekomcloud_blockstorage_volume_v2.grid-engine-data-vol.17": {
                    "type": "opentelekomcloud_blockstorage_volume_v2",
                    "depends_on": [],
                    "primary": {
                        "id": "295cfda3-7c7f-4b9c-80a6-c9fcce434aa4",
                        "attributes": {
                            "attachment.#": "1",
                            "attachment.3779758025.device": "/dev/vdb",
                            "attachment.3779758025.id": "295cfda3-7c7f-4b9c-80a6-c9fcce434aa4",
                            "attachment.3779758025.instance_id": "7204e5b8-23f7-4505-853e-0d2c1a67ac42",
                            "availability_zone": "eu-de-01",
                            "description": "",
                            "id": "295cfda3-7c7f-4b9c-80a6-c9fcce434aa4",
                            "metadata.%": "3",
                            "metadata.__system__cmkid": "66a73710-7fa6-4d4c-b90c-2eb61e97ca08",
                            "metadata.__system__encrypted": "1",
                            "metadata.readonly": "False",
                            "name": "grid-engine-data-vol-17",
                            "region": "",
                            "size": "10",
                            "snapshot_id": "",
                            "source_vol_id": "",
                            "volume_type": "SSD"
                        },
                        "meta": {
                            "e2bfb730-ecaa-11e6-8f88-34363bc7c4c0": {
                                "create": 600000000000,
                                "delete": 600000000000
                            }
                        },
                        "tainted": false
                    },
                    "deposed": [],
                    "provider": "module.test3.provider.opentelekomcloud"
                },
                "opentelekomcloud_blockstorage_volume_v2.grid-engine-data-vol.18": {
                    "type": "opentelekomcloud_blockstorage_volume_v2",
                    "depends_on": [],
                    "primary": {
                        "id": "a3cdf1d5-3af1-45e0-b750-6f9d4906708e",
                        "attributes": {
                            "attachment.#": "1",
                            "attachment.456927055.device": "/dev/vdb",
                            "attachment.456927055.id": "a3cdf1d5-3af1-45e0-b750-6f9d4906708e",
                            "attachment.456927055.instance_id": "75364b95-ceab-466c-a2d6-2a10c1ed8949",
                            "availability_zone": "eu-de-01",
                            "description": "",
                            "id": "a3cdf1d5-3af1-45e0-b750-6f9d4906708e",
                            "metadata.%": "3",
                            "metadata.__system__cmkid": "66a73710-7fa6-4d4c-b90c-2eb61e97ca08",
                            "metadata.__system__encrypted": "1",
                            "metadata.readonly": "False",
                            "name": "grid-engine-data-vol-18",
                            "region": "",
                            "size": "10",
                            "snapshot_id": "",
                            "source_vol_id": "",
                            "volume_type": "SSD"
                        },
                        "meta": {
                            "e2bfb730-ecaa-11e6-8f88-34363bc7c4c0": {
                                "create": 600000000000,
                                "delete": 600000000000
                            }
                        },
                        "tainted": false
                    },
                    "deposed": [],
                    "provider": "module.test3.provider.opentelekomcloud"
                },
                "opentelekomcloud_blockstorage_volume_v2.grid-engine-data-vol.19": {
                    "type": "opentelekomcloud_blockstorage_volume_v2",
                    "depends_on": [],
                    "primary": {
                        "id": "33aba6d9-5a30-44cf-a6d0-7170b16b99af",
                        "attributes": {
                            "attachment.#": "1",
                            "attachment.2094286576.device": "/dev/vdb",
                            "attachment.2094286576.id": "33aba6d9-5a30-44cf-a6d0-7170b16b99af",
                            "attachment.2094286576.instance_id": "0a2610b4-4956-43cd-bf66-1857e7d214ce",
                            "availability_zone": "eu-de-01",
                            "description": "",
                            "id": "33aba6d9-5a30-44cf-a6d0-7170b16b99af",
                            "metadata.%": "3",
                            "metadata.__system__cmkid": "66a73710-7fa6-4d4c-b90c-2eb61e97ca08",
                            "metadata.__system__encrypted": "1",
                            "metadata.readonly": "False",
                            "name": "grid-engine-data-vol-19",
                            "region": "",
                            "size": "10",
                            "snapshot_id": "",
                            "source_vol_id": "",
                            "volume_type": "SSD"
                        },
                        "meta": {
                            "e2bfb730-ecaa-11e6-8f88-34363bc7c4c0": {
                                "create": 600000000000,
                                "delete": 600000000000
                            }
                        },
                        "tainted": false
                    },
                    "deposed": [],
                    "provider": "module.test3.provider.opentelekomcloud"
                },
                "opentelekomcloud_blockstorage_volume_v2.grid-engine-data-vol.2": {
                    "type": "opentelekomcloud_blockstorage_volume_v2",
                    "depends_on": [],
                    "primary": {
                        "id": "5fa8ae9c-12bb-4b6f-a2e2-db2666438d35",
                        "attributes": {
                            "attachment.#": "1",
                            "attachment.3594957398.device": "/dev/vdb",
                            "attachment.3594957398.id": "5fa8ae9c-12bb-4b6f-a2e2-db2666438d35",
                            "attachment.3594957398.instance_id": "91c524ce-3252-44ec-97db-2e9dc85abf31",
                            "availability_zone": "eu-de-01",
                            "description": "",
                            "id": "5fa8ae9c-12bb-4b6f-a2e2-db2666438d35",
                            "metadata.%": "3",
                            "metadata.__system__cmkid": "66a73710-7fa6-4d4c-b90c-2eb61e97ca08",
                            "metadata.__system__encrypted": "1",
                            "metadata.readonly": "False",
                            "name": "grid-engine-data-vol-2",
                            "region": "",
                            "size": "10",
                            "snapshot_id": "",
                            "source_vol_id": "",
                            "volume_type": "SSD"
                        },
                        "meta": {
                            "e2bfb730-ecaa-11e6-8f88-34363bc7c4c0": {
                                "create": 600000000000,
                                "delete": 600000000000
                            }
                        },
                        "tainted": false
                    },
                    "deposed": [],
                    "provider": "module.test3.provider.opentelekomcloud"
                },
                "opentelekomcloud_blockstorage_volume_v2.grid-engine-data-vol.20": {
                    "type": "opentelekomcloud_blockstorage_volume_v2",
                    "depends_on": [],
                    "primary": {
                        "id": "7f7bb98c-7574-4dd9-80a1-d8f59e2c348e",
                        "attributes": {
                            "attachment.#": "1",
                            "attachment.1959680140.device": "/dev/vdb",
                            "attachment.1959680140.id": "7f7bb98c-7574-4dd9-80a1-d8f59e2c348e",
                            "attachment.1959680140.instance_id": "771621ee-d871-4c99-adb6-349d50cc74ff",
                            "availability_zone": "eu-de-01",
                            "description": "",
                            "id": "7f7bb98c-7574-4dd9-80a1-d8f59e2c348e",
                            "metadata.%": "3",
                            "metadata.__system__cmkid": "66a73710-7fa6-4d4c-b90c-2eb61e97ca08",
                            "metadata.__system__encrypted": "1",
                            "metadata.readonly": "False",
                            "name": "grid-engine-data-vol-20",
                            "region": "",
                            "size": "10",
                            "snapshot_id": "",
                            "source_vol_id": "",
                            "volume_type": "SSD"
                        },
                        "meta": {
                            "e2bfb730-ecaa-11e6-8f88-34363bc7c4c0": {
                                "create": 600000000000,
                                "delete": 600000000000
                            }
                        },
                        "tainted": false
                    },
                    "deposed": [],
                    "provider": "module.test3.provider.opentelekomcloud"
                },
                "opentelekomcloud_blockstorage_volume_v2.grid-engine-data-vol.21": {
                    "type": "opentelekomcloud_blockstorage_volume_v2",
                    "depends_on": [],
                    "primary": {
                        "id": "5c03c77d-6a39-4b2a-905b-1e83d41530ee",
                        "attributes": {
                            "attachment.#": "1",
                            "attachment.2993151474.device": "/dev/vdb",
                            "attachment.2993151474.id": "5c03c77d-6a39-4b2a-905b-1e83d41530ee",
                            "attachment.2993151474.instance_id": "7a88d062-e3d4-4305-befd-0bc43b908bc1",
                            "availability_zone": "eu-de-01",
                            "description": "",
                            "id": "5c03c77d-6a39-4b2a-905b-1e83d41530ee",
                            "metadata.%": "3",
                            "metadata.__system__cmkid": "66a73710-7fa6-4d4c-b90c-2eb61e97ca08",
                            "metadata.__system__encrypted": "1",
                            "metadata.readonly": "False",
                            "name": "grid-engine-data-vol-21",
                            "region": "",
                            "size": "10",
                            "snapshot_id": "",
                            "source_vol_id": "",
                            "volume_type": "SSD"
                        },
                        "meta": {
                            "e2bfb730-ecaa-11e6-8f88-34363bc7c4c0": {
                                "create": 600000000000,
                                "delete": 600000000000
                            }
                        },
                        "tainted": false
                    },
                    "deposed": [],
                    "provider": "module.test3.provider.opentelekomcloud"
                },
                "opentelekomcloud_blockstorage_volume_v2.grid-engine-data-vol.22": {
                    "type": "opentelekomcloud_blockstorage_volume_v2",
                    "depends_on": [],
                    "primary": {
                        "id": "ae3d6f68-1a80-49bc-9939-5fd373c2b3b5",
                        "attributes": {
                            "attachment.#": "1",
                            "attachment.3320223731.device": "/dev/vdb",
                            "attachment.3320223731.id": "ae3d6f68-1a80-49bc-9939-5fd373c2b3b5",
                            "attachment.3320223731.instance_id": "2a3d8f0a-4970-4979-a196-40b29217182f",
                            "availability_zone": "eu-de-01",
                            "description": "",
                            "id": "ae3d6f68-1a80-49bc-9939-5fd373c2b3b5",
                            "metadata.%": "3",
                            "metadata.__system__cmkid": "66a73710-7fa6-4d4c-b90c-2eb61e97ca08",
                            "metadata.__system__encrypted": "1",
                            "metadata.readonly": "False",
                            "name": "grid-engine-data-vol-22",
                            "region": "",
                            "size": "10",
                            "snapshot_id": "",
                            "source_vol_id": "",
                            "volume_type": "SSD"
                        },
                        "meta": {
                            "e2bfb730-ecaa-11e6-8f88-34363bc7c4c0": {
                                "create": 600000000000,
                                "delete": 600000000000
                            }
                        },
                        "tainted": false
                    },
                    "deposed": [],
                    "provider": "module.test3.provider.opentelekomcloud"
                },
                "opentelekomcloud_blockstorage_volume_v2.grid-engine-data-vol.23": {
                    "type": "opentelekomcloud_blockstorage_volume_v2",
                    "depends_on": [],
                    "primary": {
                        "id": "fa820ad0-840f-42a0-ae79-d11095d8cf3e",
                        "attributes": {
                            "attachment.#": "1",
                            "attachment.2774253804.device": "/dev/vdb",
                            "attachment.2774253804.id": "fa820ad0-840f-42a0-ae79-d11095d8cf3e",
                            "attachment.2774253804.instance_id": "9859a68e-e261-4302-aea0-ec1f1caf8ef8",
                            "availability_zone": "eu-de-01",
                            "description": "",
                            "id": "fa820ad0-840f-42a0-ae79-d11095d8cf3e",
                            "metadata.%": "3",
                            "metadata.__system__cmkid": "66a73710-7fa6-4d4c-b90c-2eb61e97ca08",
                            "metadata.__system__encrypted": "1",
                            "metadata.readonly": "False",
                            "name": "grid-engine-data-vol-23",
                            "region": "",
                            "size": "10",
                            "snapshot_id": "",
                            "source_vol_id": "",
                            "volume_type": "SSD"
                        },
                        "meta": {
                            "e2bfb730-ecaa-11e6-8f88-34363bc7c4c0": {
                                "create": 600000000000,
                                "delete": 600000000000
                            }
                        },
                        "tainted": false
                    },
                    "deposed": [],
                    "provider": "module.test3.provider.opentelekomcloud"
                },
                "opentelekomcloud_blockstorage_volume_v2.grid-engine-data-vol.24": {
                    "type": "opentelekomcloud_blockstorage_volume_v2",
                    "depends_on": [],
                    "primary": {
                        "id": "26dcc8c2-a6fb-4056-acd1-e74b8e3cdac9",
                        "attributes": {
                            "attachment.#": "1",
                            "attachment.2255530517.device": "/dev/vdb",
                            "attachment.2255530517.id": "26dcc8c2-a6fb-4056-acd1-e74b8e3cdac9",
                            "attachment.2255530517.instance_id": "0a626ff3-f490-4c72-88c1-b0f8a37afd76",
                            "availability_zone": "eu-de-01",
                            "description": "",
                            "id": "26dcc8c2-a6fb-4056-acd1-e74b8e3cdac9",
                            "metadata.%": "3",
                            "metadata.__system__cmkid": "66a73710-7fa6-4d4c-b90c-2eb61e97ca08",
                            "metadata.__system__encrypted": "1",
                            "metadata.readonly": "False",
                            "name": "grid-engine-data-vol-24",
                            "region": "",
                            "size": "10",
                            "snapshot_id": "",
                            "source_vol_id": "",
                            "volume_type": "SSD"
                        },
                        "meta": {
                            "e2bfb730-ecaa-11e6-8f88-34363bc7c4c0": {
                                "create": 600000000000,
                                "delete": 600000000000
                            }
                        },
                        "tainted": false
                    },
                    "deposed": [],
                    "provider": "module.test3.provider.opentelekomcloud"
                },
                "opentelekomcloud_blockstorage_volume_v2.grid-engine-data-vol.25": {
                    "type": "opentelekomcloud_blockstorage_volume_v2",
                    "depends_on": [],
                    "primary": {
                        "id": "bf4e0078-ab8f-4665-8e8c-7e5d250eff4c",
                        "attributes": {
                            "attachment.#": "1",
                            "attachment.39926934.device": "/dev/vdb",
                            "attachment.39926934.id": "bf4e0078-ab8f-4665-8e8c-7e5d250eff4c",
                            "attachment.39926934.instance_id": "42e00238-d04a-4d43-afd6-1e0a2aa96698",
                            "availability_zone": "eu-de-01",
                            "description": "",
                            "id": "bf4e0078-ab8f-4665-8e8c-7e5d250eff4c",
                            "metadata.%": "3",
                            "metadata.__system__cmkid": "66a73710-7fa6-4d4c-b90c-2eb61e97ca08",
                            "metadata.__system__encrypted": "1",
                            "metadata.readonly": "False",
                            "name": "grid-engine-data-vol-25",
                            "region": "",
                            "size": "10",
                            "snapshot_id": "",
                            "source_vol_id": "",
                            "volume_type": "SSD"
                        },
                        "meta": {
                            "e2bfb730-ecaa-11e6-8f88-34363bc7c4c0": {
                                "create": 600000000000,
                                "delete": 600000000000
                            }
                        },
                        "tainted": false
                    },
                    "deposed": [],
                    "provider": "module.test3.provider.opentelekomcloud"
                },
                "opentelekomcloud_blockstorage_volume_v2.grid-engine-data-vol.26": {
                    "type": "opentelekomcloud_blockstorage_volume_v2",
                    "depends_on": [],
                    "primary": {
                        "id": "db383319-f9f9-4584-a8a2-7f8101e35462",
                        "attributes": {
                            "attachment.#": "1",
                            "attachment.3039441827.device": "/dev/vdb",
                            "attachment.3039441827.id": "db383319-f9f9-4584-a8a2-7f8101e35462",
                            "attachment.3039441827.instance_id": "6b0ec142-ccea-439f-88d7-fc759462fcdc",
                            "availability_zone": "eu-de-01",
                            "description": "",
                            "id": "db383319-f9f9-4584-a8a2-7f8101e35462",
                            "metadata.%": "3",
                            "metadata.__system__cmkid": "66a73710-7fa6-4d4c-b90c-2eb61e97ca08",
                            "metadata.__system__encrypted": "1",
                            "metadata.readonly": "False",
                            "name": "grid-engine-data-vol-26",
                            "region": "",
                            "size": "10",
                            "snapshot_id": "",
                            "source_vol_id": "",
                            "volume_type": "SSD"
                        },
                        "meta": {
                            "e2bfb730-ecaa-11e6-8f88-34363bc7c4c0": {
                                "create": 600000000000,
                                "delete": 600000000000
                            }
                        },
                        "tainted": false
                    },
                    "deposed": [],
                    "provider": "module.test3.provider.opentelekomcloud"
                },
                "opentelekomcloud_blockstorage_volume_v2.grid-engine-data-vol.27": {
                    "type": "opentelekomcloud_blockstorage_volume_v2",
                    "depends_on": [],
                    "primary": {
                        "id": "6ba14b1d-ff9f-42f1-8dae-5b42a9315b2f",
                        "attributes": {
                            "attachment.#": "1",
                            "attachment.3694037814.device": "/dev/vdb",
                            "attachment.3694037814.id": "6ba14b1d-ff9f-42f1-8dae-5b42a9315b2f",
                            "attachment.3694037814.instance_id": "ce97dfb8-60e7-4311-b53d-19454b7a66a5",
                            "availability_zone": "eu-de-01",
                            "description": "",
                            "id": "6ba14b1d-ff9f-42f1-8dae-5b42a9315b2f",
                            "metadata.%": "3",
                            "metadata.__system__cmkid": "66a73710-7fa6-4d4c-b90c-2eb61e97ca08",
                            "metadata.__system__encrypted": "1",
                            "metadata.readonly": "False",
                            "name": "grid-engine-data-vol-27",
                            "region": "",
                            "size": "10",
                            "snapshot_id": "",
                            "source_vol_id": "",
                            "volume_type": "SSD"
                        },
                        "meta": {
                            "e2bfb730-ecaa-11e6-8f88-34363bc7c4c0": {
                                "create": 600000000000,
                                "delete": 600000000000
                            }
                        },
                        "tainted": false
                    },
                    "deposed": [],
                    "provider": "module.test3.provider.opentelekomcloud"
                },
                "opentelekomcloud_blockstorage_volume_v2.grid-engine-data-vol.28": {
                    "type": "opentelekomcloud_blockstorage_volume_v2",
                    "depends_on": [],
                    "primary": {
                        "id": "0a9722c7-33e9-4ed7-b36e-3a718c89bf40",
                        "attributes": {
                            "attachment.#": "1",
                            "attachment.3475821438.device": "/dev/vdb",
                            "attachment.3475821438.id": "0a9722c7-33e9-4ed7-b36e-3a718c89bf40",
                            "attachment.3475821438.instance_id": "8971e8b3-4331-4dc3-8e12-6021f5145a8a",
                            "availability_zone": "eu-de-01",
                            "description": "",
                            "id": "0a9722c7-33e9-4ed7-b36e-3a718c89bf40",
                            "metadata.%": "3",
                            "metadata.__system__cmkid": "66a73710-7fa6-4d4c-b90c-2eb61e97ca08",
                            "metadata.__system__encrypted": "1",
                            "metadata.readonly": "False",
                            "name": "grid-engine-data-vol-28",
                            "region": "",
                            "size": "10",
                            "snapshot_id": "",
                            "source_vol_id": "",
                            "volume_type": "SSD"
                        },
                        "meta": {
                            "e2bfb730-ecaa-11e6-8f88-34363bc7c4c0": {
                                "create": 600000000000,
                                "delete": 600000000000
                            }
                        },
                        "tainted": false
                    },
                    "deposed": [],
                    "provider": "module.test3.provider.opentelekomcloud"
                },
                "opentelekomcloud_blockstorage_volume_v2.grid-engine-data-vol.29": {
                    "type": "opentelekomcloud_blockstorage_volume_v2",
                    "depends_on": [],
                    "primary": {
                        "id": "eccedab9-ee71-4f89-ab3c-7a9e9f67e06b",
                        "attributes": {
                            "attachment.#": "1",
                            "attachment.1756335271.device": "/dev/vdb",
                            "attachment.1756335271.id": "eccedab9-ee71-4f89-ab3c-7a9e9f67e06b",
                            "attachment.1756335271.instance_id": "0bf4260c-8b11-4802-a92f-e7151468d2a8",
                            "availability_zone": "eu-de-01",
                            "description": "",
                            "id": "eccedab9-ee71-4f89-ab3c-7a9e9f67e06b",
                            "metadata.%": "3",
                            "metadata.__system__cmkid": "66a73710-7fa6-4d4c-b90c-2eb61e97ca08",
                            "metadata.__system__encrypted": "1",
                            "metadata.readonly": "False",
                            "name": "grid-engine-data-vol-29",
                            "region": "",
                            "size": "10",
                            "snapshot_id": "",
                            "source_vol_id": "",
                            "volume_type": "SSD"
                        },
                        "meta": {
                            "e2bfb730-ecaa-11e6-8f88-34363bc7c4c0": {
                                "create": 600000000000,
                                "delete": 600000000000
                            }
                        },
                        "tainted": false
                    },
                    "deposed": [],
                    "provider": "module.test3.provider.opentelekomcloud"
                },
                "opentelekomcloud_blockstorage_volume_v2.grid-engine-data-vol.3": {
                    "type": "opentelekomcloud_blockstorage_volume_v2",
                    "depends_on": [],
                    "primary": {
                        "id": "be0a946c-27c3-49be-be1a-a091d0d10520",
                        "attributes": {
                            "attachment.#": "1",
                            "attachment.4218449186.device": "/dev/vdb",
                            "attachment.4218449186.id": "be0a946c-27c3-49be-be1a-a091d0d10520",
                            "attachment.4218449186.instance_id": "58b09a1e-0aa4-42ca-8667-4245f883027c",
                            "availability_zone": "eu-de-01",
                            "description": "",
                            "id": "be0a946c-27c3-49be-be1a-a091d0d10520",
                            "metadata.%": "3",
                            "metadata.__system__cmkid": "66a73710-7fa6-4d4c-b90c-2eb61e97ca08",
                            "metadata.__system__encrypted": "1",
                            "metadata.readonly": "False",
                            "name": "grid-engine-data-vol-3",
                            "region": "",
                            "size": "10",
                            "snapshot_id": "",
                            "source_vol_id": "",
                            "volume_type": "SSD"
                        },
                        "meta": {
                            "e2bfb730-ecaa-11e6-8f88-34363bc7c4c0": {
                                "create": 600000000000,
                                "delete": 600000000000
                            }
                        },
                        "tainted": false
                    },
                    "deposed": [],
                    "provider": "module.test3.provider.opentelekomcloud"
                },
                "opentelekomcloud_blockstorage_volume_v2.grid-engine-data-vol.30": {
                    "type": "opentelekomcloud_blockstorage_volume_v2",
                    "depends_on": [],
                    "primary": {
                        "id": "21d6e101-86c3-4615-abe4-24bd8564eada",
                        "attributes": {
                            "attachment.#": "1",
                            "attachment.1036704516.device": "/dev/vdb",
                            "attachment.1036704516.id": "21d6e101-86c3-4615-abe4-24bd8564eada",
                            "attachment.1036704516.instance_id": "061caf47-71f7-41e5-831c-c629ae4c349e",
                            "availability_zone": "eu-de-01",
                            "description": "",
                            "id": "21d6e101-86c3-4615-abe4-24bd8564eada",
                            "metadata.%": "3",
                            "metadata.__system__cmkid": "66a73710-7fa6-4d4c-b90c-2eb61e97ca08",
                            "metadata.__system__encrypted": "1",
                            "metadata.readonly": "False",
                            "name": "grid-engine-data-vol-30",
                            "region": "",
                            "size": "10",
                            "snapshot_id": "",
                            "source_vol_id": "",
                            "volume_type": "SSD"
                        },
                        "meta": {
                            "e2bfb730-ecaa-11e6-8f88-34363bc7c4c0": {
                                "create": 600000000000,
                                "delete": 600000000000
                            }
                        },
                        "tainted": false
                    },
                    "deposed": [],
                    "provider": "module.test3.provider.opentelekomcloud"
                },
                "opentelekomcloud_blockstorage_volume_v2.grid-engine-data-vol.31": {
                    "type": "opentelekomcloud_blockstorage_volume_v2",
                    "depends_on": [],
                    "primary": {
                        "id": "3c72e619-2499-4971-855f-55b995690f2b",
                        "attributes": {
                            "attachment.#": "1",
                            "attachment.3335960057.device": "/dev/vdb",
                            "attachment.3335960057.id": "3c72e619-2499-4971-855f-55b995690f2b",
                            "attachment.3335960057.instance_id": "d434d91c-1a0d-40fc-91fc-1050d0fbd757",
                            "availability_zone": "eu-de-01",
                            "description": "",
                            "id": "3c72e619-2499-4971-855f-55b995690f2b",
                            "metadata.%": "3",
                            "metadata.__system__cmkid": "66a73710-7fa6-4d4c-b90c-2eb61e97ca08",
                            "metadata.__system__encrypted": "1",
                            "metadata.readonly": "False",
                            "name": "grid-engine-data-vol-31",
                            "region": "",
                            "size": "10",
                            "snapshot_id": "",
                            "source_vol_id": "",
                            "volume_type": "SSD"
                        },
                        "meta": {
                            "e2bfb730-ecaa-11e6-8f88-34363bc7c4c0": {
                                "create": 600000000000,
                                "delete": 600000000000
                            }
                        },
                        "tainted": false
                    },
                    "deposed": [],
                    "provider": "module.test3.provider.opentelekomcloud"
                },
                "opentelekomcloud_blockstorage_volume_v2.grid-engine-data-vol.32": {
                    "type": "opentelekomcloud_blockstorage_volume_v2",
                    "depends_on": [],
                    "primary": {
                        "id": "20fd1d3c-fba6-48a5-b198-14c94aa7080a",
                        "attributes": {
                            "attachment.#": "1",
                            "attachment.365944130.device": "/dev/vdb",
                            "attachment.365944130.id": "20fd1d3c-fba6-48a5-b198-14c94aa7080a",
                            "attachment.365944130.instance_id": "1abc9367-261a-4802-86f6-b0543f93de61",
                            "availability_zone": "eu-de-01",
                            "description": "",
                            "id": "20fd1d3c-fba6-48a5-b198-14c94aa7080a",
                            "metadata.%": "3",
                            "metadata.__system__cmkid": "66a73710-7fa6-4d4c-b90c-2eb61e97ca08",
                            "metadata.__system__encrypted": "1",
                            "metadata.readonly": "False",
                            "name": "grid-engine-data-vol-32",
                            "region": "",
                            "size": "10",
                            "snapshot_id": "",
                            "source_vol_id": "",
                            "volume_type": "SSD"
                        },
                        "meta": {
                            "e2bfb730-ecaa-11e6-8f88-34363bc7c4c0": {
                                "create": 600000000000,
                                "delete": 600000000000
                            }
                        },
                        "tainted": false
                    },
                    "deposed": [],
                    "provider": "module.test3.provider.opentelekomcloud"
                },
                "opentelekomcloud_blockstorage_volume_v2.grid-engine-data-vol.33": {
                    "type": "opentelekomcloud_blockstorage_volume_v2",
                    "depends_on": [],
                    "primary": {
                        "id": "3a534d01-dde5-43f3-8ebe-929c22ad41ec",
                        "attributes": {
                            "attachment.#": "1",
                            "attachment.3082301538.device": "/dev/vdb",
                            "attachment.3082301538.id": "3a534d01-dde5-43f3-8ebe-929c22ad41ec",
                            "attachment.3082301538.instance_id": "992a51df-111b-460f-bb18-5fa8ceb897dd",
                            "availability_zone": "eu-de-01",
                            "description": "",
                            "id": "3a534d01-dde5-43f3-8ebe-929c22ad41ec",
                            "metadata.%": "3",
                            "metadata.__system__cmkid": "66a73710-7fa6-4d4c-b90c-2eb61e97ca08",
                            "metadata.__system__encrypted": "1",
                            "metadata.readonly": "False",
                            "name": "grid-engine-data-vol-33",
                            "region": "",
                            "size": "10",
                            "snapshot_id": "",
                            "source_vol_id": "",
                            "volume_type": "SSD"
                        },
                        "meta": {
                            "e2bfb730-ecaa-11e6-8f88-34363bc7c4c0": {
                                "create": 600000000000,
                                "delete": 600000000000
                            }
                        },
                        "tainted": false
                    },
                    "deposed": [],
                    "provider": "module.test3.provider.opentelekomcloud"
                },
                "opentelekomcloud_blockstorage_volume_v2.grid-engine-data-vol.34": {
                    "type": "opentelekomcloud_blockstorage_volume_v2",
                    "depends_on": [],
                    "primary": {
                        "id": "b01a86ca-7916-44ee-b9de-d8910db229ac",
                        "attributes": {
                            "attachment.#": "1",
                            "attachment.459518194.device": "/dev/vdb",
                            "attachment.459518194.id": "b01a86ca-7916-44ee-b9de-d8910db229ac",
                            "attachment.459518194.instance_id": "d7c0020c-d6cb-4e25-a3f8-09072e6f98ae",
                            "availability_zone": "eu-de-01",
                            "description": "",
                            "id": "b01a86ca-7916-44ee-b9de-d8910db229ac",
                            "metadata.%": "3",
                            "metadata.__system__cmkid": "66a73710-7fa6-4d4c-b90c-2eb61e97ca08",
                            "metadata.__system__encrypted": "1",
                            "metadata.readonly": "False",
                            "name": "grid-engine-data-vol-34",
                            "region": "",
                            "size": "10",
                            "snapshot_id": "",
                            "source_vol_id": "",
                            "volume_type": "SSD"
                        },
                        "meta": {
                            "e2bfb730-ecaa-11e6-8f88-34363bc7c4c0": {
                                "create": 600000000000,
                                "delete": 600000000000
                            }
                        },
                        "tainted": false
                    },
                    "deposed": [],
                    "provider": "module.test3.provider.opentelekomcloud"
                },
                "opentelekomcloud_blockstorage_volume_v2.grid-engine-data-vol.35": {
                    "type": "opentelekomcloud_blockstorage_volume_v2",
                    "depends_on": [],
                    "primary": {
                        "id": "a23de804-c8cc-4ca7-9895-f2660021c935",
                        "attributes": {
                            "attachment.#": "1",
                            "attachment.2793134317.device": "/dev/vdb",
                            "attachment.2793134317.id": "a23de804-c8cc-4ca7-9895-f2660021c935",
                            "attachment.2793134317.instance_id": "7e30887b-f110-48cd-82ba-b0d145cc8731",
                            "availability_zone": "eu-de-01",
                            "description": "",
                            "id": "a23de804-c8cc-4ca7-9895-f2660021c935",
                            "metadata.%": "3",
                            "metadata.__system__cmkid": "66a73710-7fa6-4d4c-b90c-2eb61e97ca08",
                            "metadata.__system__encrypted": "1",
                            "metadata.readonly": "False",
                            "name": "grid-engine-data-vol-35",
                            "region": "",
                            "size": "10",
                            "snapshot_id": "",
                            "source_vol_id": "",
                            "volume_type": "SSD"
                        },
                        "meta": {
                            "e2bfb730-ecaa-11e6-8f88-34363bc7c4c0": {
                                "create": 600000000000,
                                "delete": 600000000000
                            }
                        },
                        "tainted": false
                    },
                    "deposed": [],
                    "provider": "module.test3.provider.opentelekomcloud"
                },
                "opentelekomcloud_blockstorage_volume_v2.grid-engine-data-vol.36": {
                    "type": "opentelekomcloud_blockstorage_volume_v2",
                    "depends_on": [],
                    "primary": {
                        "id": "9847e886-842d-469c-a26f-ed92cb91c414",
                        "attributes": {
                            "attachment.#": "1",
                            "attachment.3898220005.device": "/dev/vdb",
                            "attachment.3898220005.id": "9847e886-842d-469c-a26f-ed92cb91c414",
                            "attachment.3898220005.instance_id": "8f30a669-cf99-4116-a39b-d1385ab43a02",
                            "availability_zone": "eu-de-01",
                            "description": "",
                            "id": "9847e886-842d-469c-a26f-ed92cb91c414",
                            "metadata.%": "3",
                            "metadata.__system__cmkid": "66a73710-7fa6-4d4c-b90c-2eb61e97ca08",
                            "metadata.__system__encrypted": "1",
                            "metadata.readonly": "False",
                            "name": "grid-engine-data-vol-36",
                            "region": "",
                            "size": "10",
                            "snapshot_id": "",
                            "source_vol_id": "",
                            "volume_type": "SSD"
                        },
                        "meta": {
                            "e2bfb730-ecaa-11e6-8f88-34363bc7c4c0": {
                                "create": 600000000000,
                                "delete": 600000000000
                            }
                        },
                        "tainted": false
                    },
                    "deposed": [],
                    "provider": "module.test3.provider.opentelekomcloud"
                },
                "opentelekomcloud_blockstorage_volume_v2.grid-engine-data-vol.37": {
                    "type": "opentelekomcloud_blockstorage_volume_v2",
                    "depends_on": [],
                    "primary": {
                        "id": "d9fc407b-7345-44ef-8f21-1c17331d0a37",
                        "attributes": {
                            "attachment.#": "1",
                            "attachment.2878722557.device": "/dev/vdb",
                            "attachment.2878722557.id": "d9fc407b-7345-44ef-8f21-1c17331d0a37",
                            "attachment.2878722557.instance_id": "aa361b6f-a5c6-4379-8e35-b934246dc7db",
                            "availability_zone": "eu-de-01",
                            "description": "",
                            "id": "d9fc407b-7345-44ef-8f21-1c17331d0a37",
                            "metadata.%": "3",
                            "metadata.__system__cmkid": "66a73710-7fa6-4d4c-b90c-2eb61e97ca08",
                            "metadata.__system__encrypted": "1",
                            "metadata.readonly": "False",
                            "name": "grid-engine-data-vol-37",
                            "region": "",
                            "size": "10",
                            "snapshot_id": "",
                            "source_vol_id": "",
                            "volume_type": "SSD"
                        },
                        "meta": {
                            "e2bfb730-ecaa-11e6-8f88-34363bc7c4c0": {
                                "create": 600000000000,
                                "delete": 600000000000
                            }
                        },
                        "tainted": false
                    },
                    "deposed": [],
                    "provider": "module.test3.provider.opentelekomcloud"
                },
                "opentelekomcloud_blockstorage_volume_v2.grid-engine-data-vol.38": {
                    "type": "opentelekomcloud_blockstorage_volume_v2",
                    "depends_on": [],
                    "primary": {
                        "id": "a5dcc102-1db4-4cd5-87dc-1727cc098abd",
                        "attributes": {
                            "attachment.#": "1",
                            "attachment.1407563482.device": "/dev/vdb",
                            "attachment.1407563482.id": "a5dcc102-1db4-4cd5-87dc-1727cc098abd",
                            "attachment.1407563482.instance_id": "f2d421f7-199f-4b5d-a9fb-32282c63fca1",
                            "availability_zone": "eu-de-01",
                            "description": "",
                            "id": "a5dcc102-1db4-4cd5-87dc-1727cc098abd",
                            "metadata.%": "3",
                            "metadata.__system__cmkid": "66a73710-7fa6-4d4c-b90c-2eb61e97ca08",
                            "metadata.__system__encrypted": "1",
                            "metadata.readonly": "False",
                            "name": "grid-engine-data-vol-38",
                            "region": "",
                            "size": "10",
                            "snapshot_id": "",
                            "source_vol_id": "",
                            "volume_type": "SSD"
                        },
                        "meta": {
                            "e2bfb730-ecaa-11e6-8f88-34363bc7c4c0": {
                                "create": 600000000000,
                                "delete": 600000000000
                            }
                        },
                        "tainted": false
                    },
                    "deposed": [],
                    "provider": "module.test3.provider.opentelekomcloud"
                },
                "opentelekomcloud_blockstorage_volume_v2.grid-engine-data-vol.39": {
                    "type": "opentelekomcloud_blockstorage_volume_v2",
                    "depends_on": [],
                    "primary": {
                        "id": "4a870f4d-b682-46a1-896f-13645ac108a7",
                        "attributes": {
                            "attachment.#": "1",
                            "attachment.1663671528.device": "/dev/vdb",
                            "attachment.1663671528.id": "4a870f4d-b682-46a1-896f-13645ac108a7",
                            "attachment.1663671528.instance_id": "e0c470a7-4978-4a04-96b5-80593482427d",
                            "availability_zone": "eu-de-01",
                            "description": "",
                            "id": "4a870f4d-b682-46a1-896f-13645ac108a7",
                            "metadata.%": "3",
                            "metadata.__system__cmkid": "66a73710-7fa6-4d4c-b90c-2eb61e97ca08",
                            "metadata.__system__encrypted": "1",
                            "metadata.readonly": "False",
                            "name": "grid-engine-data-vol-39",
                            "region": "",
                            "size": "10",
                            "snapshot_id": "",
                            "source_vol_id": "",
                            "volume_type": "SSD"
                        },
                        "meta": {
                            "e2bfb730-ecaa-11e6-8f88-34363bc7c4c0": {
                                "create": 600000000000,
                                "delete": 600000000000
                            }
                        },
                        "tainted": false
                    },
                    "deposed": [],
                    "provider": "module.test3.provider.opentelekomcloud"
                },
                "opentelekomcloud_blockstorage_volume_v2.grid-engine-data-vol.4": {
                    "type": "opentelekomcloud_blockstorage_volume_v2",
                    "depends_on": [],
                    "primary": {
                        "id": "638cec20-4c2f-4956-8527-f80b09e3e329",
                        "attributes": {
                            "attachment.#": "1",
                            "attachment.2242251375.device": "/dev/vdb",
                            "attachment.2242251375.id": "638cec20-4c2f-4956-8527-f80b09e3e329",
                            "attachment.2242251375.instance_id": "edc3d97c-34f3-46ba-8cee-fb7d1cea60bd",
                            "availability_zone": "eu-de-01",
                            "description": "",
                            "id": "638cec20-4c2f-4956-8527-f80b09e3e329",
                            "metadata.%": "3",
                            "metadata.__system__cmkid": "66a73710-7fa6-4d4c-b90c-2eb61e97ca08",
                            "metadata.__system__encrypted": "1",
                            "metadata.readonly": "False",
                            "name": "grid-engine-data-vol-4",
                            "region": "",
                            "size": "10",
                            "snapshot_id": "",
                            "source_vol_id": "",
                            "volume_type": "SSD"
                        },
                        "meta": {
                            "e2bfb730-ecaa-11e6-8f88-34363bc7c4c0": {
                                "create": 600000000000,
                                "delete": 600000000000
                            }
                        },
                        "tainted": false
                    },
                    "deposed": [],
                    "provider": "module.test3.provider.opentelekomcloud"
                },
                "opentelekomcloud_blockstorage_volume_v2.grid-engine-data-vol.40": {
                    "type": "opentelekomcloud_blockstorage_volume_v2",
                    "depends_on": [],
                    "primary": {
                        "id": "fe0ee507-8ebb-47cf-85db-8145957a5586",
                        "attributes": {
                            "attachment.#": "1",
                            "attachment.1836361620.device": "/dev/vdb",
                            "attachment.1836361620.id": "fe0ee507-8ebb-47cf-85db-8145957a5586",
                            "attachment.1836361620.instance_id": "71371000-eb53-4296-a314-b2a5e49655db",
                            "availability_zone": "eu-de-01",
                            "description": "",
                            "id": "fe0ee507-8ebb-47cf-85db-8145957a5586",
                            "metadata.%": "3",
                            "metadata.__system__cmkid": "66a73710-7fa6-4d4c-b90c-2eb61e97ca08",
                            "metadata.__system__encrypted": "1",
                            "metadata.readonly": "False",
                            "name": "grid-engine-data-vol-40",
                            "region": "",
                            "size": "10",
                            "snapshot_id": "",
                            "source_vol_id": "",
                            "volume_type": "SSD"
                        },
                        "meta": {
                            "e2bfb730-ecaa-11e6-8f88-34363bc7c4c0": {
                                "create": 600000000000,
                                "delete": 600000000000
                            }
                        },
                        "tainted": false
                    },
                    "deposed": [],
                    "provider": "module.test3.provider.opentelekomcloud"
                },
                "opentelekomcloud_blockstorage_volume_v2.grid-engine-data-vol.41": {
                    "type": "opentelekomcloud_blockstorage_volume_v2",
                    "depends_on": [],
                    "primary": {
                        "id": "16639bef-f00b-4195-8576-33e39b01ec1c",
                        "attributes": {
                            "attachment.#": "1",
                            "attachment.1882388446.device": "/dev/vdb",
                            "attachment.1882388446.id": "16639bef-f00b-4195-8576-33e39b01ec1c",
                            "attachment.1882388446.instance_id": "6e149ebb-0ebd-4d28-8db8-a68b017996fc",
                            "availability_zone": "eu-de-01",
                            "description": "",
                            "id": "16639bef-f00b-4195-8576-33e39b01ec1c",
                            "metadata.%": "3",
                            "metadata.__system__cmkid": "66a73710-7fa6-4d4c-b90c-2eb61e97ca08",
                            "metadata.__system__encrypted": "1",
                            "metadata.readonly": "False",
                            "name": "grid-engine-data-vol-41",
                            "region": "",
                            "size": "10",
                            "snapshot_id": "",
                            "source_vol_id": "",
                            "volume_type": "SSD"
                        },
                        "meta": {
                            "e2bfb730-ecaa-11e6-8f88-34363bc7c4c0": {
                                "create": 600000000000,
                                "delete": 600000000000
                            }
                        },
                        "tainted": false
                    },
                    "deposed": [],
                    "provider": "module.test3.provider.opentelekomcloud"
                },
                "opentelekomcloud_blockstorage_volume_v2.grid-engine-data-vol.42": {
                    "type": "opentelekomcloud_blockstorage_volume_v2",
                    "depends_on": [],
                    "primary": {
                        "id": "0eb56914-27b7-4d5d-8252-ccb022fa829f",
                        "attributes": {
                            "attachment.#": "1",
                            "attachment.1840396177.device": "/dev/vdb",
                            "attachment.1840396177.id": "0eb56914-27b7-4d5d-8252-ccb022fa829f",
                            "attachment.1840396177.instance_id": "24b134f6-57ac-477d-ab63-96ae143ea6ea",
                            "availability_zone": "eu-de-01",
                            "description": "",
                            "id": "0eb56914-27b7-4d5d-8252-ccb022fa829f",
                            "metadata.%": "3",
                            "metadata.__system__cmkid": "66a73710-7fa6-4d4c-b90c-2eb61e97ca08",
                            "metadata.__system__encrypted": "1",
                            "metadata.readonly": "False",
                            "name": "grid-engine-data-vol-42",
                            "region": "",
                            "size": "10",
                            "snapshot_id": "",
                            "source_vol_id": "",
                            "volume_type": "SSD"
                        },
                        "meta": {
                            "e2bfb730-ecaa-11e6-8f88-34363bc7c4c0": {
                                "create": 600000000000,
                                "delete": 600000000000
                            }
                        },
                        "tainted": false
                    },
                    "deposed": [],
                    "provider": "module.test3.provider.opentelekomcloud"
                },
                "opentelekomcloud_blockstorage_volume_v2.grid-engine-data-vol.43": {
                    "type": "opentelekomcloud_blockstorage_volume_v2",
                    "depends_on": [],
                    "primary": {
                        "id": "08969719-b393-45e1-a06d-717df6bb5733",
                        "attributes": {
                            "attachment.#": "1",
                            "attachment.50953353.device": "/dev/vdb",
                            "attachment.50953353.id": "08969719-b393-45e1-a06d-717df6bb5733",
                            "attachment.50953353.instance_id": "62f7b798-7d5e-4f17-a0ac-32ab882611a9",
                            "availability_zone": "eu-de-01",
                            "description": "",
                            "id": "08969719-b393-45e1-a06d-717df6bb5733",
                            "metadata.%": "3",
                            "metadata.__system__cmkid": "66a73710-7fa6-4d4c-b90c-2eb61e97ca08",
                            "metadata.__system__encrypted": "1",
                            "metadata.readonly": "False",
                            "name": "grid-engine-data-vol-43",
                            "region": "",
                            "size": "10",
                            "snapshot_id": "",
                            "source_vol_id": "",
                            "volume_type": "SSD"
                        },
                        "meta": {
                            "e2bfb730-ecaa-11e6-8f88-34363bc7c4c0": {
                                "create": 600000000000,
                                "delete": 600000000000
                            }
                        },
                        "tainted": false
                    },
                    "deposed": [],
                    "provider": "module.test3.provider.opentelekomcloud"
                },
                "opentelekomcloud_blockstorage_volume_v2.grid-engine-data-vol.44": {
                    "type": "opentelekomcloud_blockstorage_volume_v2",
                    "depends_on": [],
                    "primary": {
                        "id": "d74217ae-27f7-4bd9-808b-5c0efa643e26",
                        "attributes": {
                            "attachment.#": "1",
                            "attachment.4096396481.device": "/dev/vdb",
                            "attachment.4096396481.id": "d74217ae-27f7-4bd9-808b-5c0efa643e26",
                            "attachment.4096396481.instance_id": "e72bb564-7cff-4ceb-8554-b92cbcad695c",
                            "availability_zone": "eu-de-01",
                            "description": "",
                            "id": "d74217ae-27f7-4bd9-808b-5c0efa643e26",
                            "metadata.%": "3",
                            "metadata.__system__cmkid": "66a73710-7fa6-4d4c-b90c-2eb61e97ca08",
                            "metadata.__system__encrypted": "1",
                            "metadata.readonly": "False",
                            "name": "grid-engine-data-vol-44",
                            "region": "",
                            "size": "10",
                            "snapshot_id": "",
                            "source_vol_id": "",
                            "volume_type": "SSD"
                        },
                        "meta": {
                            "e2bfb730-ecaa-11e6-8f88-34363bc7c4c0": {
                                "create": 600000000000,
                                "delete": 600000000000
                            }
                        },
                        "tainted": false
                    },
                    "deposed": [],
                    "provider": "module.test3.provider.opentelekomcloud"
                },
                "opentelekomcloud_blockstorage_volume_v2.grid-engine-data-vol.45": {
                    "type": "opentelekomcloud_blockstorage_volume_v2",
                    "depends_on": [],
                    "primary": {
                        "id": "5b8c7a12-34fc-462b-8f2b-34a0e93c2539",
                        "attributes": {
                            "attachment.#": "1",
                            "attachment.1032136094.device": "/dev/vdb",
                            "attachment.1032136094.id": "5b8c7a12-34fc-462b-8f2b-34a0e93c2539",
                            "attachment.1032136094.instance_id": "338c9c68-107a-4176-8dd9-c2044d498b4b",
                            "availability_zone": "eu-de-01",
                            "description": "",
                            "id": "5b8c7a12-34fc-462b-8f2b-34a0e93c2539",
                            "metadata.%": "3",
                            "metadata.__system__cmkid": "66a73710-7fa6-4d4c-b90c-2eb61e97ca08",
                            "metadata.__system__encrypted": "1",
                            "metadata.readonly": "False",
                            "name": "grid-engine-data-vol-45",
                            "region": "",
                            "size": "10",
                            "snapshot_id": "",
                            "source_vol_id": "",
                            "volume_type": "SSD"
                        },
                        "meta": {
                            "e2bfb730-ecaa-11e6-8f88-34363bc7c4c0": {
                                "create": 600000000000,
                                "delete": 600000000000
                            }
                        },
                        "tainted": false
                    },
                    "deposed": [],
                    "provider": "module.test3.provider.opentelekomcloud"
                },
                "opentelekomcloud_blockstorage_volume_v2.grid-engine-data-vol.46": {
                    "type": "opentelekomcloud_blockstorage_volume_v2",
                    "depends_on": [],
                    "primary": {
                        "id": "ba4234fa-410f-40e4-8561-d71953e7938a",
                        "attributes": {
                            "attachment.#": "1",
                            "attachment.1226212702.device": "/dev/vdb",
                            "attachment.1226212702.id": "ba4234fa-410f-40e4-8561-d71953e7938a",
                            "attachment.1226212702.instance_id": "f3ffb5fa-ded6-4b21-ac77-1339293ff89d",
                            "availability_zone": "eu-de-01",
                            "description": "",
                            "id": "ba4234fa-410f-40e4-8561-d71953e7938a",
                            "metadata.%": "3",
                            "metadata.__system__cmkid": "66a73710-7fa6-4d4c-b90c-2eb61e97ca08",
                            "metadata.__system__encrypted": "1",
                            "metadata.readonly": "False",
                            "name": "grid-engine-data-vol-46",
                            "region": "",
                            "size": "10",
                            "snapshot_id": "",
                            "source_vol_id": "",
                            "volume_type": "SSD"
                        },
                        "meta": {
                            "e2bfb730-ecaa-11e6-8f88-34363bc7c4c0": {
                                "create": 600000000000,
                                "delete": 600000000000
                            }
                        },
                        "tainted": false
                    },
                    "deposed": [],
                    "provider": "module.test3.provider.opentelekomcloud"
                },
                "opentelekomcloud_blockstorage_volume_v2.grid-engine-data-vol.47": {
                    "type": "opentelekomcloud_blockstorage_volume_v2",
                    "depends_on": [],
                    "primary": {
                        "id": "18a34ea2-d0c2-47d3-bc77-1a7e2c75d3fe",
                        "attributes": {
                            "attachment.#": "1",
                            "attachment.1196948510.device": "/dev/vdb",
                            "attachment.1196948510.id": "18a34ea2-d0c2-47d3-bc77-1a7e2c75d3fe",
                            "attachment.1196948510.instance_id": "716d886a-e72a-4166-bdeb-8878c3b604b5",
                            "availability_zone": "eu-de-01",
                            "description": "",
                            "id": "18a34ea2-d0c2-47d3-bc77-1a7e2c75d3fe",
                            "metadata.%": "3",
                            "metadata.__system__cmkid": "66a73710-7fa6-4d4c-b90c-2eb61e97ca08",
                            "metadata.__system__encrypted": "1",
                            "metadata.readonly": "False",
                            "name": "grid-engine-data-vol-47",
                            "region": "",
                            "size": "10",
                            "snapshot_id": "",
                            "source_vol_id": "",
                            "volume_type": "SSD"
                        },
                        "meta": {
                            "e2bfb730-ecaa-11e6-8f88-34363bc7c4c0": {
                                "create": 600000000000,
                                "delete": 600000000000
                            }
                        },
                        "tainted": false
                    },
                    "deposed": [],
                    "provider": "module.test3.provider.opentelekomcloud"
                },
                "opentelekomcloud_blockstorage_volume_v2.grid-engine-data-vol.48": {
                    "type": "opentelekomcloud_blockstorage_volume_v2",
                    "depends_on": [],
                    "primary": {
                        "id": "9e7a7385-7f2e-449b-8ede-f74cdb809f29",
                        "attributes": {
                            "attachment.#": "1",
                            "attachment.3797971491.device": "/dev/vdb",
                            "attachment.3797971491.id": "9e7a7385-7f2e-449b-8ede-f74cdb809f29",
                            "attachment.3797971491.instance_id": "f2c893b7-bf27-4ac1-a84c-7e08639c6154",
                            "availability_zone": "eu-de-01",
                            "description": "",
                            "id": "9e7a7385-7f2e-449b-8ede-f74cdb809f29",
                            "metadata.%": "3",
                            "metadata.__system__cmkid": "66a73710-7fa6-4d4c-b90c-2eb61e97ca08",
                            "metadata.__system__encrypted": "1",
                            "metadata.readonly": "False",
                            "name": "grid-engine-data-vol-48",
                            "region": "",
                            "size": "10",
                            "snapshot_id": "",
                            "source_vol_id": "",
                            "volume_type": "SSD"
                        },
                        "meta": {
                            "e2bfb730-ecaa-11e6-8f88-34363bc7c4c0": {
                                "create": 600000000000,
                                "delete": 600000000000
                            }
                        },
                        "tainted": false
                    },
                    "deposed": [],
                    "provider": "module.test3.provider.opentelekomcloud"
                },
                "opentelekomcloud_blockstorage_volume_v2.grid-engine-data-vol.49": {
                    "type": "opentelekomcloud_blockstorage_volume_v2",
                    "depends_on": [],
                    "primary": {
                        "id": "76a46f94-3e78-40c6-917c-19596d45ecd7",
                        "attributes": {
                            "attachment.#": "1",
                            "attachment.3089643560.device": "/dev/vdb",
                            "attachment.3089643560.id": "76a46f94-3e78-40c6-917c-19596d45ecd7",
                            "attachment.3089643560.instance_id": "98a89fc4-ee57-4af3-9fa9-23d025196cf4",
                            "availability_zone": "eu-de-01",
                            "description": "",
                            "id": "76a46f94-3e78-40c6-917c-19596d45ecd7",
                            "metadata.%": "3",
                            "metadata.__system__cmkid": "66a73710-7fa6-4d4c-b90c-2eb61e97ca08",
                            "metadata.__system__encrypted": "1",
                            "metadata.readonly": "False",
                            "name": "grid-engine-data-vol-49",
                            "region": "",
                            "size": "10",
                            "snapshot_id": "",
                            "source_vol_id": "",
                            "volume_type": "SSD"
                        },
                        "meta": {
                            "e2bfb730-ecaa-11e6-8f88-34363bc7c4c0": {
                                "create": 600000000000,
                                "delete": 600000000000
                            }
                        },
                        "tainted": false
                    },
                    "deposed": [],
                    "provider": "module.test3.provider.opentelekomcloud"
                },
                "opentelekomcloud_blockstorage_volume_v2.grid-engine-data-vol.5": {
                    "type": "opentelekomcloud_blockstorage_volume_v2",
                    "depends_on": [],
                    "primary": {
                        "id": "e8d9b60c-dd27-4594-b673-f4d953a437c3",
                        "attributes": {
                            "attachment.#": "1",
                            "attachment.4194210023.device": "/dev/vdb",
                            "attachment.4194210023.id": "e8d9b60c-dd27-4594-b673-f4d953a437c3",
                            "attachment.4194210023.instance_id": "22355502-2e03-418d-9580-ac446544f6c4",
                            "availability_zone": "eu-de-01",
                            "description": "",
                            "id": "e8d9b60c-dd27-4594-b673-f4d953a437c3",
                            "metadata.%": "3",
                            "metadata.__system__cmkid": "66a73710-7fa6-4d4c-b90c-2eb61e97ca08",
                            "metadata.__system__encrypted": "1",
                            "metadata.readonly": "False",
                            "name": "grid-engine-data-vol-5",
                            "region": "",
                            "size": "10",
                            "snapshot_id": "",
                            "source_vol_id": "",
                            "volume_type": "SSD"
                        },
                        "meta": {
                            "e2bfb730-ecaa-11e6-8f88-34363bc7c4c0": {
                                "create": 600000000000,
                                "delete": 600000000000
                            }
                        },
                        "tainted": false
                    },
                    "deposed": [],
                    "provider": "module.test3.provider.opentelekomcloud"
                },
                "opentelekomcloud_blockstorage_volume_v2.grid-engine-data-vol.6": {
                    "type": "opentelekomcloud_blockstorage_volume_v2",
                    "depends_on": [],
                    "primary": {
                        "id": "0757cb2b-26b9-492a-873b-7d2e7a3e0b7a",
                        "attributes": {
                            "attachment.#": "1",
                            "attachment.447665996.device": "/dev/vdb",
                            "attachment.447665996.id": "0757cb2b-26b9-492a-873b-7d2e7a3e0b7a",
                            "attachment.447665996.instance_id": "755f982f-dea2-4156-bcab-564315b18c88",
                            "availability_zone": "eu-de-01",
                            "description": "",
                            "id": "0757cb2b-26b9-492a-873b-7d2e7a3e0b7a",
                            "metadata.%": "3",
                            "metadata.__system__cmkid": "66a73710-7fa6-4d4c-b90c-2eb61e97ca08",
                            "metadata.__system__encrypted": "1",
                            "metadata.readonly": "False",
                            "name": "grid-engine-data-vol-6",
                            "region": "",
                            "size": "10",
                            "snapshot_id": "",
                            "source_vol_id": "",
                            "volume_type": "SSD"
                        },
                        "meta": {
                            "e2bfb730-ecaa-11e6-8f88-34363bc7c4c0": {
                                "create": 600000000000,
                                "delete": 600000000000
                            }
                        },
                        "tainted": false
                    },
                    "deposed": [],
                    "provider": "module.test3.provider.opentelekomcloud"
                },
                "opentelekomcloud_blockstorage_volume_v2.grid-engine-data-vol.7": {
                    "type": "opentelekomcloud_blockstorage_volume_v2",
                    "depends_on": [],
                    "primary": {
                        "id": "4493aff7-b9f0-45ef-ac78-38b1cace33fd",
                        "attributes": {
                            "attachment.#": "1",
                            "attachment.2565960647.device": "/dev/vdb",
                            "attachment.2565960647.id": "4493aff7-b9f0-45ef-ac78-38b1cace33fd",
                            "attachment.2565960647.instance_id": "c7623025-f84b-4d2c-b4a1-21b07b3b818b",
                            "availability_zone": "eu-de-01",
                            "description": "",
                            "id": "4493aff7-b9f0-45ef-ac78-38b1cace33fd",
                            "metadata.%": "3",
                            "metadata.__system__cmkid": "66a73710-7fa6-4d4c-b90c-2eb61e97ca08",
                            "metadata.__system__encrypted": "1",
                            "metadata.readonly": "False",
                            "name": "grid-engine-data-vol-7",
                            "region": "",
                            "size": "10",
                            "snapshot_id": "",
                            "source_vol_id": "",
                            "volume_type": "SSD"
                        },
                        "meta": {
                            "e2bfb730-ecaa-11e6-8f88-34363bc7c4c0": {
                                "create": 600000000000,
                                "delete": 600000000000
                            }
                        },
                        "tainted": false
                    },
                    "deposed": [],
                    "provider": "module.test3.provider.opentelekomcloud"
                },
                "opentelekomcloud_blockstorage_volume_v2.grid-engine-data-vol.8": {
                    "type": "opentelekomcloud_blockstorage_volume_v2",
                    "depends_on": [],
                    "primary": {
                        "id": "3f51dc3a-2c79-4fbc-bb47-e4afc5ff4790",
                        "attributes": {
                            "attachment.#": "1",
                            "attachment.3635672106.device": "/dev/vdb",
                            "attachment.3635672106.id": "3f51dc3a-2c79-4fbc-bb47-e4afc5ff4790",
                            "attachment.3635672106.instance_id": "2df2d061-8bf1-430c-8bd5-8dcdb2a0d14f",
                            "availability_zone": "eu-de-01",
                            "description": "",
                            "id": "3f51dc3a-2c79-4fbc-bb47-e4afc5ff4790",
                            "metadata.%": "3",
                            "metadata.__system__cmkid": "66a73710-7fa6-4d4c-b90c-2eb61e97ca08",
                            "metadata.__system__encrypted": "1",
                            "metadata.readonly": "False",
                            "name": "grid-engine-data-vol-8",
                            "region": "",
                            "size": "10",
                            "snapshot_id": "",
                            "source_vol_id": "",
                            "volume_type": "SSD"
                        },
                        "meta": {
                            "e2bfb730-ecaa-11e6-8f88-34363bc7c4c0": {
                                "create": 600000000000,
                                "delete": 600000000000
                            }
                        },
                        "tainted": false
                    },
                    "deposed": [],
                    "provider": "module.test3.provider.opentelekomcloud"
                },
                "opentelekomcloud_blockstorage_volume_v2.grid-engine-data-vol.9": {
                    "type": "opentelekomcloud_blockstorage_volume_v2",
                    "depends_on": [],
                    "primary": {
                        "id": "e3aba17b-79bf-4a91-8080-0a29d459f0a0",
                        "attributes": {
                            "attachment.#": "1",
                            "attachment.635566221.device": "/dev/vdb",
                            "attachment.635566221.id": "e3aba17b-79bf-4a91-8080-0a29d459f0a0",
                            "attachment.635566221.instance_id": "d70c996c-8659-436b-b9c2-e3062d8fbc88",
                            "availability_zone": "eu-de-01",
                            "description": "",
                            "id": "e3aba17b-79bf-4a91-8080-0a29d459f0a0",
                            "metadata.%": "3",
                            "metadata.__system__cmkid": "66a73710-7fa6-4d4c-b90c-2eb61e97ca08",
                            "metadata.__system__encrypted": "1",
                            "metadata.readonly": "False",
                            "name": "grid-engine-data-vol-9",
                            "region": "",
                            "size": "10",
                            "snapshot_id": "",
                            "source_vol_id": "",
                            "volume_type": "SSD"
                        },
                        "meta": {
                            "e2bfb730-ecaa-11e6-8f88-34363bc7c4c0": {
                                "create": 600000000000,
                                "delete": 600000000000
                            }
                        },
                        "tainted": false
                    },
                    "deposed": [],
                    "provider": "module.test3.provider.opentelekomcloud"
                },
                "opentelekomcloud_blockstorage_volume_v2.grid-engine-sys-vol.0": {
                    "type": "opentelekomcloud_blockstorage_volume_v2",
                    "depends_on": [],
                    "primary": {
                        "id": "636829e2-9b73-4afe-b82a-3b09c0d0e09d",
                        "attributes": {
                            "attachment.#": "1",
                            "attachment.1389256573.device": "/dev/vda",
                            "attachment.1389256573.id": "636829e2-9b73-4afe-b82a-3b09c0d0e09d",
                            "attachment.1389256573.instance_id": "019f4a49-d877-4b80-9c53-8b983b5fd47c",
                            "availability_zone": "eu-de-01",
                            "description": "",
                            "id": "636829e2-9b73-4afe-b82a-3b09c0d0e09d",
                            "image_id": "b5cd010e-99f1-4d7c-878b-4f967bcae472",
                            "metadata.%": "1",
                            "metadata.readonly": "False",
                            "name": "grid-engine-sys-vol-0",
                            "region": "",
                            "size": "30",
                            "snapshot_id": "",
                            "source_vol_id": "",
                            "volume_type": "SSD"
                        },
                        "meta": {
                            "e2bfb730-ecaa-11e6-8f88-34363bc7c4c0": {
                                "create": 600000000000,
                                "delete": 600000000000
                            }
                        },
                        "tainted": false
                    },
                    "deposed": [],
                    "provider": "module.test3.provider.opentelekomcloud"
                },
                "opentelekomcloud_blockstorage_volume_v2.grid-engine-sys-vol.1": {
                    "type": "opentelekomcloud_blockstorage_volume_v2",
                    "depends_on": [],
                    "primary": {
                        "id": "b21b39f7-c0f6-438d-9d9c-e6b01dfdc8b7",
                        "attributes": {
                            "attachment.#": "1",
                            "attachment.4163256473.device": "/dev/vda",
                            "attachment.4163256473.id": "b21b39f7-c0f6-438d-9d9c-e6b01dfdc8b7",
                            "attachment.4163256473.instance_id": "923d36f8-f907-4c81-b147-99e41d230d38",
                            "availability_zone": "eu-de-01",
                            "description": "",
                            "id": "b21b39f7-c0f6-438d-9d9c-e6b01dfdc8b7",
                            "image_id": "b5cd010e-99f1-4d7c-878b-4f967bcae472",
                            "metadata.%": "1",
                            "metadata.readonly": "False",
                            "name": "grid-engine-sys-vol-1",
                            "region": "",
                            "size": "30",
                            "snapshot_id": "",
                            "source_vol_id": "",
                            "volume_type": "SSD"
                        },
                        "meta": {
                            "e2bfb730-ecaa-11e6-8f88-34363bc7c4c0": {
                                "create": 600000000000,
                                "delete": 600000000000
                            }
                        },
                        "tainted": false
                    },
                    "deposed": [],
                    "provider": "module.test3.provider.opentelekomcloud"
                },
                "opentelekomcloud_blockstorage_volume_v2.grid-engine-sys-vol.10": {
                    "type": "opentelekomcloud_blockstorage_volume_v2",
                    "depends_on": [],
                    "primary": {
                        "id": "a60ca935-dfb5-492d-8d18-55aaa8f66c10",
                        "attributes": {
                            "attachment.#": "1",
                            "attachment.3964562668.device": "/dev/vda",
                            "attachment.3964562668.id": "a60ca935-dfb5-492d-8d18-55aaa8f66c10",
                            "attachment.3964562668.instance_id": "c7c11be3-520d-4f02-8473-2c000a870f8e",
                            "availability_zone": "eu-de-01",
                            "description": "",
                            "id": "a60ca935-dfb5-492d-8d18-55aaa8f66c10",
                            "image_id": "b5cd010e-99f1-4d7c-878b-4f967bcae472",
                            "metadata.%": "1",
                            "metadata.readonly": "False",
                            "name": "grid-engine-sys-vol-10",
                            "region": "",
                            "size": "30",
                            "snapshot_id": "",
                            "source_vol_id": "",
                            "volume_type": "SSD"
                        },
                        "meta": {
                            "e2bfb730-ecaa-11e6-8f88-34363bc7c4c0": {
                                "create": 600000000000,
                                "delete": 600000000000
                            }
                        },
                        "tainted": false
                    },
                    "deposed": [],
                    "provider": "module.test3.provider.opentelekomcloud"
                },
                "opentelekomcloud_blockstorage_volume_v2.grid-engine-sys-vol.11": {
                    "type": "opentelekomcloud_blockstorage_volume_v2",
                    "depends_on": [],
                    "primary": {
                        "id": "1f4aa9ec-984b-4fb2-87f4-695e4931b322",
                        "attributes": {
                            "attachment.#": "1",
                            "attachment.3758343182.device": "/dev/vda",
                            "attachment.3758343182.id": "1f4aa9ec-984b-4fb2-87f4-695e4931b322",
                            "attachment.3758343182.instance_id": "2e0611bf-9fce-483b-b141-9b1a2a1f7530",
                            "availability_zone": "eu-de-01",
                            "description": "",
                            "id": "1f4aa9ec-984b-4fb2-87f4-695e4931b322",
                            "image_id": "b5cd010e-99f1-4d7c-878b-4f967bcae472",
                            "metadata.%": "1",
                            "metadata.readonly": "False",
                            "name": "grid-engine-sys-vol-11",
                            "region": "",
                            "size": "30",
                            "snapshot_id": "",
                            "source_vol_id": "",
                            "volume_type": "SSD"
                        },
                        "meta": {
                            "e2bfb730-ecaa-11e6-8f88-34363bc7c4c0": {
                                "create": 600000000000,
                                "delete": 600000000000
                            }
                        },
                        "tainted": false
                    },
                    "deposed": [],
                    "provider": "module.test3.provider.opentelekomcloud"
                },
                "opentelekomcloud_blockstorage_volume_v2.grid-engine-sys-vol.12": {
                    "type": "opentelekomcloud_blockstorage_volume_v2",
                    "depends_on": [],
                    "primary": {
                        "id": "f9542dc7-7135-4ae6-b47f-c99ff15f6859",
                        "attributes": {
                            "attachment.#": "1",
                            "attachment.1637930337.device": "/dev/vda",
                            "attachment.1637930337.id": "f9542dc7-7135-4ae6-b47f-c99ff15f6859",
                            "attachment.1637930337.instance_id": "78535490-ede9-4486-ad35-d68b0a1369fb",
                            "availability_zone": "eu-de-01",
                            "description": "",
                            "id": "f9542dc7-7135-4ae6-b47f-c99ff15f6859",
                            "image_id": "b5cd010e-99f1-4d7c-878b-4f967bcae472",
                            "metadata.%": "1",
                            "metadata.readonly": "False",
                            "name": "grid-engine-sys-vol-12",
                            "region": "",
                            "size": "30",
                            "snapshot_id": "",
                            "source_vol_id": "",
                            "volume_type": "SSD"
                        },
                        "meta": {
                            "e2bfb730-ecaa-11e6-8f88-34363bc7c4c0": {
                                "create": 600000000000,
                                "delete": 600000000000
                            }
                        },
                        "tainted": false
                    },
                    "deposed": [],
                    "provider": "module.test3.provider.opentelekomcloud"
                },
                "opentelekomcloud_blockstorage_volume_v2.grid-engine-sys-vol.13": {
                    "type": "opentelekomcloud_blockstorage_volume_v2",
                    "depends_on": [],
                    "primary": {
                        "id": "9ff4adf2-8805-461f-ad64-11380d4b71a7",
                        "attributes": {
                            "attachment.#": "1",
                            "attachment.3480227239.device": "/dev/vda",
                            "attachment.3480227239.id": "9ff4adf2-8805-461f-ad64-11380d4b71a7",
                            "attachment.3480227239.instance_id": "eb3ab81b-4377-4b2a-ac2a-9f3f2b267d03",
                            "availability_zone": "eu-de-01",
                            "description": "",
                            "id": "9ff4adf2-8805-461f-ad64-11380d4b71a7",
                            "image_id": "b5cd010e-99f1-4d7c-878b-4f967bcae472",
                            "metadata.%": "1",
                            "metadata.readonly": "False",
                            "name": "grid-engine-sys-vol-13",
                            "region": "",
                            "size": "30",
                            "snapshot_id": "",
                            "source_vol_id": "",
                            "volume_type": "SSD"
                        },
                        "meta": {
                            "e2bfb730-ecaa-11e6-8f88-34363bc7c4c0": {
                                "create": 600000000000,
                                "delete": 600000000000
                            }
                        },
                        "tainted": false
                    },
                    "deposed": [],
                    "provider": "module.test3.provider.opentelekomcloud"
                },
                "opentelekomcloud_blockstorage_volume_v2.grid-engine-sys-vol.14": {
                    "type": "opentelekomcloud_blockstorage_volume_v2",
                    "depends_on": [],
                    "primary": {
                        "id": "40ce298d-1db2-495a-ba32-c2c1e52c074b",
                        "attributes": {
                            "attachment.#": "1",
                            "attachment.3909640193.device": "/dev/vda",
                            "attachment.3909640193.id": "40ce298d-1db2-495a-ba32-c2c1e52c074b",
                            "attachment.3909640193.instance_id": "3a079b11-8650-497c-9d98-53453a5d3601",
                            "availability_zone": "eu-de-01",
                            "description": "",
                            "id": "40ce298d-1db2-495a-ba32-c2c1e52c074b",
                            "image_id": "b5cd010e-99f1-4d7c-878b-4f967bcae472",
                            "metadata.%": "1",
                            "metadata.readonly": "False",
                            "name": "grid-engine-sys-vol-14",
                            "region": "",
                            "size": "30",
                            "snapshot_id": "",
                            "source_vol_id": "",
                            "volume_type": "SSD"
                        },
                        "meta": {
                            "e2bfb730-ecaa-11e6-8f88-34363bc7c4c0": {
                                "create": 600000000000,
                                "delete": 600000000000
                            }
                        },
                        "tainted": false
                    },
                    "deposed": [],
                    "provider": "module.test3.provider.opentelekomcloud"
                },
                "opentelekomcloud_blockstorage_volume_v2.grid-engine-sys-vol.15": {
                    "type": "opentelekomcloud_blockstorage_volume_v2",
                    "depends_on": [],
                    "primary": {
                        "id": "cf72898f-4939-4d2a-ae1c-884c9ebcff79",
                        "attributes": {
                            "attachment.#": "1",
                            "attachment.335229260.device": "/dev/vda",
                            "attachment.335229260.id": "cf72898f-4939-4d2a-ae1c-884c9ebcff79",
                            "attachment.335229260.instance_id": "75dc4c22-a987-4fcb-b95a-2ceb04414430",
                            "availability_zone": "eu-de-01",
                            "description": "",
                            "id": "cf72898f-4939-4d2a-ae1c-884c9ebcff79",
                            "image_id": "b5cd010e-99f1-4d7c-878b-4f967bcae472",
                            "metadata.%": "1",
                            "metadata.readonly": "False",
                            "name": "grid-engine-sys-vol-15",
                            "region": "",
                            "size": "30",
                            "snapshot_id": "",
                            "source_vol_id": "",
                            "volume_type": "SSD"
                        },
                        "meta": {
                            "e2bfb730-ecaa-11e6-8f88-34363bc7c4c0": {
                                "create": 600000000000,
                                "delete": 600000000000
                            }
                        },
                        "tainted": false
                    },
                    "deposed": [],
                    "provider": "module.test3.provider.opentelekomcloud"
                },
                "opentelekomcloud_blockstorage_volume_v2.grid-engine-sys-vol.16": {
                    "type": "opentelekomcloud_blockstorage_volume_v2",
                    "depends_on": [],
                    "primary": {
                        "id": "a0514195-c02a-4115-8fc1-74794068c7f0",
                        "attributes": {
                            "attachment.#": "1",
                            "attachment.1953408125.device": "/dev/vda",
                            "attachment.1953408125.id": "a0514195-c02a-4115-8fc1-74794068c7f0",
                            "attachment.1953408125.instance_id": "a5a348ad-15f2-421c-a45a-7dde9c90f126",
                            "availability_zone": "eu-de-01",
                            "description": "",
                            "id": "a0514195-c02a-4115-8fc1-74794068c7f0",
                            "image_id": "b5cd010e-99f1-4d7c-878b-4f967bcae472",
                            "metadata.%": "1",
                            "metadata.readonly": "False",
                            "name": "grid-engine-sys-vol-16",
                            "region": "",
                            "size": "30",
                            "snapshot_id": "",
                            "source_vol_id": "",
                            "volume_type": "SSD"
                        },
                        "meta": {
                            "e2bfb730-ecaa-11e6-8f88-34363bc7c4c0": {
                                "create": 600000000000,
                                "delete": 600000000000
                            }
                        },
                        "tainted": false
                    },
                    "deposed": [],
                    "provider": "module.test3.provider.opentelekomcloud"
                },
                "opentelekomcloud_blockstorage_volume_v2.grid-engine-sys-vol.17": {
                    "type": "opentelekomcloud_blockstorage_volume_v2",
                    "depends_on": [],
                    "primary": {
                        "id": "2fc5d3a6-51f9-46e6-9a73-605c4771e71c",
                        "attributes": {
                            "attachment.#": "1",
                            "attachment.3779758025.device": "/dev/vda",
                            "attachment.3779758025.id": "2fc5d3a6-51f9-46e6-9a73-605c4771e71c",
                            "attachment.3779758025.instance_id": "7204e5b8-23f7-4505-853e-0d2c1a67ac42",
                            "availability_zone": "eu-de-01",
                            "description": "",
                            "id": "2fc5d3a6-51f9-46e6-9a73-605c4771e71c",
                            "image_id": "b5cd010e-99f1-4d7c-878b-4f967bcae472",
                            "metadata.%": "1",
                            "metadata.readonly": "False",
                            "name": "grid-engine-sys-vol-17",
                            "region": "",
                            "size": "30",
                            "snapshot_id": "",
                            "source_vol_id": "",
                            "volume_type": "SSD"
                        },
                        "meta": {
                            "e2bfb730-ecaa-11e6-8f88-34363bc7c4c0": {
                                "create": 600000000000,
                                "delete": 600000000000
                            }
                        },
                        "tainted": false
                    },
                    "deposed": [],
                    "provider": "module.test3.provider.opentelekomcloud"
                },
                "opentelekomcloud_blockstorage_volume_v2.grid-engine-sys-vol.18": {
                    "type": "opentelekomcloud_blockstorage_volume_v2",
                    "depends_on": [],
                    "primary": {
                        "id": "cfb0281b-f922-41dc-a950-45f27906e61b",
                        "attributes": {
                            "attachment.#": "1",
                            "attachment.456927055.device": "/dev/vda",
                            "attachment.456927055.id": "cfb0281b-f922-41dc-a950-45f27906e61b",
                            "attachment.456927055.instance_id": "75364b95-ceab-466c-a2d6-2a10c1ed8949",
                            "availability_zone": "eu-de-01",
                            "description": "",
                            "id": "cfb0281b-f922-41dc-a950-45f27906e61b",
                            "image_id": "b5cd010e-99f1-4d7c-878b-4f967bcae472",
                            "metadata.%": "1",
                            "metadata.readonly": "False",
                            "name": "grid-engine-sys-vol-18",
                            "region": "",
                            "size": "30",
                            "snapshot_id": "",
                            "source_vol_id": "",
                            "volume_type": "SSD"
                        },
                        "meta": {
                            "e2bfb730-ecaa-11e6-8f88-34363bc7c4c0": {
                                "create": 600000000000,
                                "delete": 600000000000
                            }
                        },
                        "tainted": false
                    },
                    "deposed": [],
                    "provider": "module.test3.provider.opentelekomcloud"
                },
                "opentelekomcloud_blockstorage_volume_v2.grid-engine-sys-vol.19": {
                    "type": "opentelekomcloud_blockstorage_volume_v2",
                    "depends_on": [],
                    "primary": {
                        "id": "1d200af2-807e-47da-8473-fa1b69a9471d",
                        "attributes": {
                            "attachment.#": "1",
                            "attachment.2094286576.device": "/dev/vda",
                            "attachment.2094286576.id": "1d200af2-807e-47da-8473-fa1b69a9471d",
                            "attachment.2094286576.instance_id": "0a2610b4-4956-43cd-bf66-1857e7d214ce",
                            "availability_zone": "eu-de-01",
                            "description": "",
                            "id": "1d200af2-807e-47da-8473-fa1b69a9471d",
                            "image_id": "b5cd010e-99f1-4d7c-878b-4f967bcae472",
                            "metadata.%": "1",
                            "metadata.readonly": "False",
                            "name": "grid-engine-sys-vol-19",
                            "region": "",
                            "size": "30",
                            "snapshot_id": "",
                            "source_vol_id": "",
                            "volume_type": "SSD"
                        },
                        "meta": {
                            "e2bfb730-ecaa-11e6-8f88-34363bc7c4c0": {
                                "create": 600000000000,
                                "delete": 600000000000
                            }
                        },
                        "tainted": false
                    },
                    "deposed": [],
                    "provider": "module.test3.provider.opentelekomcloud"
                },
                "opentelekomcloud_blockstorage_volume_v2.grid-engine-sys-vol.2": {
                    "type": "opentelekomcloud_blockstorage_volume_v2",
                    "depends_on": [],
                    "primary": {
                        "id": "e7d347d0-8481-4cc6-ad21-e3202a578a83",
                        "attributes": {
                            "attachment.#": "1",
                            "attachment.3594957398.device": "/dev/vda",
                            "attachment.3594957398.id": "e7d347d0-8481-4cc6-ad21-e3202a578a83",
                            "attachment.3594957398.instance_id": "91c524ce-3252-44ec-97db-2e9dc85abf31",
                            "availability_zone": "eu-de-01",
                            "description": "",
                            "id": "e7d347d0-8481-4cc6-ad21-e3202a578a83",
                            "image_id": "b5cd010e-99f1-4d7c-878b-4f967bcae472",
                            "metadata.%": "1",
                            "metadata.readonly": "False",
                            "name": "grid-engine-sys-vol-2",
                            "region": "",
                            "size": "30",
                            "snapshot_id": "",
                            "source_vol_id": "",
                            "volume_type": "SSD"
                        },
                        "meta": {
                            "e2bfb730-ecaa-11e6-8f88-34363bc7c4c0": {
                                "create": 600000000000,
                                "delete": 600000000000
                            }
                        },
                        "tainted": false
                    },
                    "deposed": [],
                    "provider": "module.test3.provider.opentelekomcloud"
                },
                "opentelekomcloud_blockstorage_volume_v2.grid-engine-sys-vol.20": {
                    "type": "opentelekomcloud_blockstorage_volume_v2",
                    "depends_on": [],
                    "primary": {
                        "id": "d1022aec-6163-4cab-9239-f64f67c044b7",
                        "attributes": {
                            "attachment.#": "1",
                            "attachment.1959680140.device": "/dev/vda",
                            "attachment.1959680140.id": "d1022aec-6163-4cab-9239-f64f67c044b7",
                            "attachment.1959680140.instance_id": "771621ee-d871-4c99-adb6-349d50cc74ff",
                            "availability_zone": "eu-de-01",
                            "description": "",
                            "id": "d1022aec-6163-4cab-9239-f64f67c044b7",
                            "image_id": "b5cd010e-99f1-4d7c-878b-4f967bcae472",
                            "metadata.%": "1",
                            "metadata.readonly": "False",
                            "name": "grid-engine-sys-vol-20",
                            "region": "",
                            "size": "30",
                            "snapshot_id": "",
                            "source_vol_id": "",
                            "volume_type": "SSD"
                        },
                        "meta": {
                            "e2bfb730-ecaa-11e6-8f88-34363bc7c4c0": {
                                "create": 600000000000,
                                "delete": 600000000000
                            }
                        },
                        "tainted": false
                    },
                    "deposed": [],
                    "provider": "module.test3.provider.opentelekomcloud"
                },
                "opentelekomcloud_blockstorage_volume_v2.grid-engine-sys-vol.21": {
                    "type": "opentelekomcloud_blockstorage_volume_v2",
                    "depends_on": [],
                    "primary": {
                        "id": "e3938514-833d-4a3b-9441-f2bdc053cb25",
                        "attributes": {
                            "attachment.#": "1",
                            "attachment.2993151474.device": "/dev/vda",
                            "attachment.2993151474.id": "e3938514-833d-4a3b-9441-f2bdc053cb25",
                            "attachment.2993151474.instance_id": "7a88d062-e3d4-4305-befd-0bc43b908bc1",
                            "availability_zone": "eu-de-01",
                            "description": "",
                            "id": "e3938514-833d-4a3b-9441-f2bdc053cb25",
                            "image_id": "b5cd010e-99f1-4d7c-878b-4f967bcae472",
                            "metadata.%": "1",
                            "metadata.readonly": "False",
                            "name": "grid-engine-sys-vol-21",
                            "region": "",
                            "size": "30",
                            "snapshot_id": "",
                            "source_vol_id": "",
                            "volume_type": "SSD"
                        },
                        "meta": {
                            "e2bfb730-ecaa-11e6-8f88-34363bc7c4c0": {
                                "create": 600000000000,
                                "delete": 600000000000
                            }
                        },
                        "tainted": false
                    },
                    "deposed": [],
                    "provider": "module.test3.provider.opentelekomcloud"
                },
                "opentelekomcloud_blockstorage_volume_v2.grid-engine-sys-vol.22": {
                    "type": "opentelekomcloud_blockstorage_volume_v2",
                    "depends_on": [],
                    "primary": {
                        "id": "85c7daf7-c01f-4844-8fa4-e08708b89f13",
                        "attributes": {
                            "attachment.#": "1",
                            "attachment.3320223731.device": "/dev/vda",
                            "attachment.3320223731.id": "85c7daf7-c01f-4844-8fa4-e08708b89f13",
                            "attachment.3320223731.instance_id": "2a3d8f0a-4970-4979-a196-40b29217182f",
                            "availability_zone": "eu-de-01",
                            "description": "",
                            "id": "85c7daf7-c01f-4844-8fa4-e08708b89f13",
                            "image_id": "b5cd010e-99f1-4d7c-878b-4f967bcae472",
                            "metadata.%": "1",
                            "metadata.readonly": "False",
                            "name": "grid-engine-sys-vol-22",
                            "region": "",
                            "size": "30",
                            "snapshot_id": "",
                            "source_vol_id": "",
                            "volume_type": "SSD"
                        },
                        "meta": {
                            "e2bfb730-ecaa-11e6-8f88-34363bc7c4c0": {
                                "create": 600000000000,
                                "delete": 600000000000
                            }
                        },
                        "tainted": false
                    },
                    "deposed": [],
                    "provider": "module.test3.provider.opentelekomcloud"
                },
                "opentelekomcloud_blockstorage_volume_v2.grid-engine-sys-vol.23": {
                    "type": "opentelekomcloud_blockstorage_volume_v2",
                    "depends_on": [],
                    "primary": {
                        "id": "e23c56a5-3178-4684-b473-ff6575028af0",
                        "attributes": {
                            "attachment.#": "1",
                            "attachment.2774253804.device": "/dev/vda",
                            "attachment.2774253804.id": "e23c56a5-3178-4684-b473-ff6575028af0",
                            "attachment.2774253804.instance_id": "9859a68e-e261-4302-aea0-ec1f1caf8ef8",
                            "availability_zone": "eu-de-01",
                            "description": "",
                            "id": "e23c56a5-3178-4684-b473-ff6575028af0",
                            "image_id": "b5cd010e-99f1-4d7c-878b-4f967bcae472",
                            "metadata.%": "1",
                            "metadata.readonly": "False",
                            "name": "grid-engine-sys-vol-23",
                            "region": "",
                            "size": "30",
                            "snapshot_id": "",
                            "source_vol_id": "",
                            "volume_type": "SSD"
                        },
                        "meta": {
                            "e2bfb730-ecaa-11e6-8f88-34363bc7c4c0": {
                                "create": 600000000000,
                                "delete": 600000000000
                            }
                        },
                        "tainted": false
                    },
                    "deposed": [],
                    "provider": "module.test3.provider.opentelekomcloud"
                },
                "opentelekomcloud_blockstorage_volume_v2.grid-engine-sys-vol.24": {
                    "type": "opentelekomcloud_blockstorage_volume_v2",
                    "depends_on": [],
                    "primary": {
                        "id": "92caaa3a-370f-45c0-9c31-da8fd7087e13",
                        "attributes": {
                            "attachment.#": "1",
                            "attachment.2255530517.device": "/dev/vda",
                            "attachment.2255530517.id": "92caaa3a-370f-45c0-9c31-da8fd7087e13",
                            "attachment.2255530517.instance_id": "0a626ff3-f490-4c72-88c1-b0f8a37afd76",
                            "availability_zone": "eu-de-01",
                            "description": "",
                            "id": "92caaa3a-370f-45c0-9c31-da8fd7087e13",
                            "image_id": "b5cd010e-99f1-4d7c-878b-4f967bcae472",
                            "metadata.%": "1",
                            "metadata.readonly": "False",
                            "name": "grid-engine-sys-vol-24",
                            "region": "",
                            "size": "30",
                            "snapshot_id": "",
                            "source_vol_id": "",
                            "volume_type": "SSD"
                        },
                        "meta": {
                            "e2bfb730-ecaa-11e6-8f88-34363bc7c4c0": {
                                "create": 600000000000,
                                "delete": 600000000000
                            }
                        },
                        "tainted": false
                    },
                    "deposed": [],
                    "provider": "module.test3.provider.opentelekomcloud"
                },
                "opentelekomcloud_blockstorage_volume_v2.grid-engine-sys-vol.25": {
                    "type": "opentelekomcloud_blockstorage_volume_v2",
                    "depends_on": [],
                    "primary": {
                        "id": "0dd5aa51-954b-44b8-960b-b0859ed16e6f",
                        "attributes": {
                            "attachment.#": "1",
                            "attachment.39926934.device": "/dev/vda",
                            "attachment.39926934.id": "0dd5aa51-954b-44b8-960b-b0859ed16e6f",
                            "attachment.39926934.instance_id": "42e00238-d04a-4d43-afd6-1e0a2aa96698",
                            "availability_zone": "eu-de-01",
                            "description": "",
                            "id": "0dd5aa51-954b-44b8-960b-b0859ed16e6f",
                            "image_id": "b5cd010e-99f1-4d7c-878b-4f967bcae472",
                            "metadata.%": "1",
                            "metadata.readonly": "False",
                            "name": "grid-engine-sys-vol-25",
                            "region": "",
                            "size": "30",
                            "snapshot_id": "",
                            "source_vol_id": "",
                            "volume_type": "SSD"
                        },
                        "meta": {
                            "e2bfb730-ecaa-11e6-8f88-34363bc7c4c0": {
                                "create": 600000000000,
                                "delete": 600000000000
                            }
                        },
                        "tainted": false
                    },
                    "deposed": [],
                    "provider": "module.test3.provider.opentelekomcloud"
                },
                "opentelekomcloud_blockstorage_volume_v2.grid-engine-sys-vol.26": {
                    "type": "opentelekomcloud_blockstorage_volume_v2",
                    "depends_on": [],
                    "primary": {
                        "id": "01660b76-9f01-46ad-ac51-5f7cde8d6da5",
                        "attributes": {
                            "attachment.#": "1",
                            "attachment.3039441827.device": "/dev/vda",
                            "attachment.3039441827.id": "01660b76-9f01-46ad-ac51-5f7cde8d6da5",
                            "attachment.3039441827.instance_id": "6b0ec142-ccea-439f-88d7-fc759462fcdc",
                            "availability_zone": "eu-de-01",
                            "description": "",
                            "id": "01660b76-9f01-46ad-ac51-5f7cde8d6da5",
                            "image_id": "b5cd010e-99f1-4d7c-878b-4f967bcae472",
                            "metadata.%": "1",
                            "metadata.readonly": "False",
                            "name": "grid-engine-sys-vol-26",
                            "region": "",
                            "size": "30",
                            "snapshot_id": "",
                            "source_vol_id": "",
                            "volume_type": "SSD"
                        },
                        "meta": {
                            "e2bfb730-ecaa-11e6-8f88-34363bc7c4c0": {
                                "create": 600000000000,
                                "delete": 600000000000
                            }
                        },
                        "tainted": false
                    },
                    "deposed": [],
                    "provider": "module.test3.provider.opentelekomcloud"
                },
                "opentelekomcloud_blockstorage_volume_v2.grid-engine-sys-vol.27": {
                    "type": "opentelekomcloud_blockstorage_volume_v2",
                    "depends_on": [],
                    "primary": {
                        "id": "2d40a01f-fbd7-43bd-856b-a47480c570d8",
                        "attributes": {
                            "attachment.#": "1",
                            "attachment.3694037814.device": "/dev/vda",
                            "attachment.3694037814.id": "2d40a01f-fbd7-43bd-856b-a47480c570d8",
                            "attachment.3694037814.instance_id": "ce97dfb8-60e7-4311-b53d-19454b7a66a5",
                            "availability_zone": "eu-de-01",
                            "description": "",
                            "id": "2d40a01f-fbd7-43bd-856b-a47480c570d8",
                            "image_id": "b5cd010e-99f1-4d7c-878b-4f967bcae472",
                            "metadata.%": "1",
                            "metadata.readonly": "False",
                            "name": "grid-engine-sys-vol-27",
                            "region": "",
                            "size": "30",
                            "snapshot_id": "",
                            "source_vol_id": "",
                            "volume_type": "SSD"
                        },
                        "meta": {
                            "e2bfb730-ecaa-11e6-8f88-34363bc7c4c0": {
                                "create": 600000000000,
                                "delete": 600000000000
                            }
                        },
                        "tainted": false
                    },
                    "deposed": [],
                    "provider": "module.test3.provider.opentelekomcloud"
                },
                "opentelekomcloud_blockstorage_volume_v2.grid-engine-sys-vol.28": {
                    "type": "opentelekomcloud_blockstorage_volume_v2",
                    "depends_on": [],
                    "primary": {
                        "id": "d51a4da5-c361-4763-a0da-7c8d6e38f4de",
                        "attributes": {
                            "attachment.#": "1",
                            "attachment.3475821438.device": "/dev/vda",
                            "attachment.3475821438.id": "d51a4da5-c361-4763-a0da-7c8d6e38f4de",
                            "attachment.3475821438.instance_id": "8971e8b3-4331-4dc3-8e12-6021f5145a8a",
                            "availability_zone": "eu-de-01",
                            "description": "",
                            "id": "d51a4da5-c361-4763-a0da-7c8d6e38f4de",
                            "image_id": "b5cd010e-99f1-4d7c-878b-4f967bcae472",
                            "metadata.%": "1",
                            "metadata.readonly": "False",
                            "name": "grid-engine-sys-vol-28",
                            "region": "",
                            "size": "30",
                            "snapshot_id": "",
                            "source_vol_id": "",
                            "volume_type": "SSD"
                        },
                        "meta": {
                            "e2bfb730-ecaa-11e6-8f88-34363bc7c4c0": {
                                "create": 600000000000,
                                "delete": 600000000000
                            }
                        },
                        "tainted": false
                    },
                    "deposed": [],
                    "provider": "module.test3.provider.opentelekomcloud"
                },
                "opentelekomcloud_blockstorage_volume_v2.grid-engine-sys-vol.29": {
                    "type": "opentelekomcloud_blockstorage_volume_v2",
                    "depends_on": [],
                    "primary": {
                        "id": "e69b1da7-a42f-4e63-b8e9-8434b8401fbc",
                        "attributes": {
                            "attachment.#": "1",
                            "attachment.1756335271.device": "/dev/vda",
                            "attachment.1756335271.id": "e69b1da7-a42f-4e63-b8e9-8434b8401fbc",
                            "attachment.1756335271.instance_id": "0bf4260c-8b11-4802-a92f-e7151468d2a8",
                            "availability_zone": "eu-de-01",
                            "description": "",
                            "id": "e69b1da7-a42f-4e63-b8e9-8434b8401fbc",
                            "image_id": "b5cd010e-99f1-4d7c-878b-4f967bcae472",
                            "metadata.%": "1",
                            "metadata.readonly": "False",
                            "name": "grid-engine-sys-vol-29",
                            "region": "",
                            "size": "30",
                            "snapshot_id": "",
                            "source_vol_id": "",
                            "volume_type": "SSD"
                        },
                        "meta": {
                            "e2bfb730-ecaa-11e6-8f88-34363bc7c4c0": {
                                "create": 600000000000,
                                "delete": 600000000000
                            }
                        },
                        "tainted": false
                    },
                    "deposed": [],
                    "provider": "module.test3.provider.opentelekomcloud"
                },
                "opentelekomcloud_blockstorage_volume_v2.grid-engine-sys-vol.3": {
                    "type": "opentelekomcloud_blockstorage_volume_v2",
                    "depends_on": [],
                    "primary": {
                        "id": "c5e9c071-efd5-4dd8-8f4f-1d43ee01f1af",
                        "attributes": {
                            "attachment.#": "1",
                            "attachment.4218449186.device": "/dev/vda",
                            "attachment.4218449186.id": "c5e9c071-efd5-4dd8-8f4f-1d43ee01f1af",
                            "attachment.4218449186.instance_id": "58b09a1e-0aa4-42ca-8667-4245f883027c",
                            "availability_zone": "eu-de-01",
                            "description": "",
                            "id": "c5e9c071-efd5-4dd8-8f4f-1d43ee01f1af",
                            "image_id": "b5cd010e-99f1-4d7c-878b-4f967bcae472",
                            "metadata.%": "1",
                            "metadata.readonly": "False",
                            "name": "grid-engine-sys-vol-3",
                            "region": "",
                            "size": "30",
                            "snapshot_id": "",
                            "source_vol_id": "",
                            "volume_type": "SSD"
                        },
                        "meta": {
                            "e2bfb730-ecaa-11e6-8f88-34363bc7c4c0": {
                                "create": 600000000000,
                                "delete": 600000000000
                            }
                        },
                        "tainted": false
                    },
                    "deposed": [],
                    "provider": "module.test3.provider.opentelekomcloud"
                },
                "opentelekomcloud_blockstorage_volume_v2.grid-engine-sys-vol.30": {
                    "type": "opentelekomcloud_blockstorage_volume_v2",
                    "depends_on": [],
                    "primary": {
                        "id": "806002b5-d7ac-4cbb-ac72-71d411700cd6",
                        "attributes": {
                            "attachment.#": "1",
                            "attachment.1036704516.device": "/dev/vda",
                            "attachment.1036704516.id": "806002b5-d7ac-4cbb-ac72-71d411700cd6",
                            "attachment.1036704516.instance_id": "061caf47-71f7-41e5-831c-c629ae4c349e",
                            "availability_zone": "eu-de-01",
                            "description": "",
                            "id": "806002b5-d7ac-4cbb-ac72-71d411700cd6",
                            "image_id": "b5cd010e-99f1-4d7c-878b-4f967bcae472",
                            "metadata.%": "1",
                            "metadata.readonly": "False",
                            "name": "grid-engine-sys-vol-30",
                            "region": "",
                            "size": "30",
                            "snapshot_id": "",
                            "source_vol_id": "",
                            "volume_type": "SSD"
                        },
                        "meta": {
                            "e2bfb730-ecaa-11e6-8f88-34363bc7c4c0": {
                                "create": 600000000000,
                                "delete": 600000000000
                            }
                        },
                        "tainted": false
                    },
                    "deposed": [],
                    "provider": "module.test3.provider.opentelekomcloud"
                },
                "opentelekomcloud_blockstorage_volume_v2.grid-engine-sys-vol.31": {
                    "type": "opentelekomcloud_blockstorage_volume_v2",
                    "depends_on": [],
                    "primary": {
                        "id": "aa2835df-1969-4a42-91d5-26a006e574fc",
                        "attributes": {
                            "attachment.#": "1",
                            "attachment.3335960057.device": "/dev/vda",
                            "attachment.3335960057.id": "aa2835df-1969-4a42-91d5-26a006e574fc",
                            "attachment.3335960057.instance_id": "d434d91c-1a0d-40fc-91fc-1050d0fbd757",
                            "availability_zone": "eu-de-01",
                            "description": "",
                            "id": "aa2835df-1969-4a42-91d5-26a006e574fc",
                            "image_id": "b5cd010e-99f1-4d7c-878b-4f967bcae472",
                            "metadata.%": "1",
                            "metadata.readonly": "False",
                            "name": "grid-engine-sys-vol-31",
                            "region": "",
                            "size": "30",
                            "snapshot_id": "",
                            "source_vol_id": "",
                            "volume_type": "SSD"
                        },
                        "meta": {
                            "e2bfb730-ecaa-11e6-8f88-34363bc7c4c0": {
                                "create": 600000000000,
                                "delete": 600000000000
                            }
                        },
                        "tainted": false
                    },
                    "deposed": [],
                    "provider": "module.test3.provider.opentelekomcloud"
                },
                "opentelekomcloud_blockstorage_volume_v2.grid-engine-sys-vol.32": {
                    "type": "opentelekomcloud_blockstorage_volume_v2",
                    "depends_on": [],
                    "primary": {
                        "id": "d2a97402-a9c5-4118-ae18-15fb11439b2e",
                        "attributes": {
                            "attachment.#": "1",
                            "attachment.365944130.device": "/dev/vda",
                            "attachment.365944130.id": "d2a97402-a9c5-4118-ae18-15fb11439b2e",
                            "attachment.365944130.instance_id": "1abc9367-261a-4802-86f6-b0543f93de61",
                            "availability_zone": "eu-de-01",
                            "description": "",
                            "id": "d2a97402-a9c5-4118-ae18-15fb11439b2e",
                            "image_id": "b5cd010e-99f1-4d7c-878b-4f967bcae472",
                            "metadata.%": "1",
                            "metadata.readonly": "False",
                            "name": "grid-engine-sys-vol-32",
                            "region": "",
                            "size": "30",
                            "snapshot_id": "",
                            "source_vol_id": "",
                            "volume_type": "SSD"
                        },
                        "meta": {
                            "e2bfb730-ecaa-11e6-8f88-34363bc7c4c0": {
                                "create": 600000000000,
                                "delete": 600000000000
                            }
                        },
                        "tainted": false
                    },
                    "deposed": [],
                    "provider": "module.test3.provider.opentelekomcloud"
                },
                "opentelekomcloud_blockstorage_volume_v2.grid-engine-sys-vol.33": {
                    "type": "opentelekomcloud_blockstorage_volume_v2",
                    "depends_on": [],
                    "primary": {
                        "id": "808d133b-9aeb-443d-abb0-b6f1e8d5229b",
                        "attributes": {
                            "attachment.#": "1",
                            "attachment.3082301538.device": "/dev/vda",
                            "attachment.3082301538.id": "808d133b-9aeb-443d-abb0-b6f1e8d5229b",
                            "attachment.3082301538.instance_id": "992a51df-111b-460f-bb18-5fa8ceb897dd",
                            "availability_zone": "eu-de-01",
                            "description": "",
                            "id": "808d133b-9aeb-443d-abb0-b6f1e8d5229b",
                            "image_id": "b5cd010e-99f1-4d7c-878b-4f967bcae472",
                            "metadata.%": "1",
                            "metadata.readonly": "False",
                            "name": "grid-engine-sys-vol-33",
                            "region": "",
                            "size": "30",
                            "snapshot_id": "",
                            "source_vol_id": "",
                            "volume_type": "SSD"
                        },
                        "meta": {
                            "e2bfb730-ecaa-11e6-8f88-34363bc7c4c0": {
                                "create": 600000000000,
                                "delete": 600000000000
                            }
                        },
                        "tainted": false
                    },
                    "deposed": [],
                    "provider": "module.test3.provider.opentelekomcloud"
                },
                "opentelekomcloud_blockstorage_volume_v2.grid-engine-sys-vol.34": {
                    "type": "opentelekomcloud_blockstorage_volume_v2",
                    "depends_on": [],
                    "primary": {
                        "id": "37c543dd-8de0-4e7e-8185-f43d9a9fcd40",
                        "attributes": {
                            "attachment.#": "1",
                            "attachment.459518194.device": "/dev/vda",
                            "attachment.459518194.id": "37c543dd-8de0-4e7e-8185-f43d9a9fcd40",
                            "attachment.459518194.instance_id": "d7c0020c-d6cb-4e25-a3f8-09072e6f98ae",
                            "availability_zone": "eu-de-01",
                            "description": "",
                            "id": "37c543dd-8de0-4e7e-8185-f43d9a9fcd40",
                            "image_id": "b5cd010e-99f1-4d7c-878b-4f967bcae472",
                            "metadata.%": "1",
                            "metadata.readonly": "False",
                            "name": "grid-engine-sys-vol-34",
                            "region": "",
                            "size": "30",
                            "snapshot_id": "",
                            "source_vol_id": "",
                            "volume_type": "SSD"
                        },
                        "meta": {
                            "e2bfb730-ecaa-11e6-8f88-34363bc7c4c0": {
                                "create": 600000000000,
                                "delete": 600000000000
                            }
                        },
                        "tainted": false
                    },
                    "deposed": [],
                    "provider": "module.test3.provider.opentelekomcloud"
                },
                "opentelekomcloud_blockstorage_volume_v2.grid-engine-sys-vol.35": {
                    "type": "opentelekomcloud_blockstorage_volume_v2",
                    "depends_on": [],
                    "primary": {
                        "id": "9724c102-755d-4a19-82a4-41e7d830ab33",
                        "attributes": {
                            "attachment.#": "1",
                            "attachment.2793134317.device": "/dev/vda",
                            "attachment.2793134317.id": "9724c102-755d-4a19-82a4-41e7d830ab33",
                            "attachment.2793134317.instance_id": "7e30887b-f110-48cd-82ba-b0d145cc8731",
                            "availability_zone": "eu-de-01",
                            "description": "",
                            "id": "9724c102-755d-4a19-82a4-41e7d830ab33",
                            "image_id": "b5cd010e-99f1-4d7c-878b-4f967bcae472",
                            "metadata.%": "1",
                            "metadata.readonly": "False",
                            "name": "grid-engine-sys-vol-35",
                            "region": "",
                            "size": "30",
                            "snapshot_id": "",
                            "source_vol_id": "",
                            "volume_type": "SSD"
                        },
                        "meta": {
                            "e2bfb730-ecaa-11e6-8f88-34363bc7c4c0": {
                                "create": 600000000000,
                                "delete": 600000000000
                            }
                        },
                        "tainted": false
                    },
                    "deposed": [],
                    "provider": "module.test3.provider.opentelekomcloud"
                },
                "opentelekomcloud_blockstorage_volume_v2.grid-engine-sys-vol.36": {
                    "type": "opentelekomcloud_blockstorage_volume_v2",
                    "depends_on": [],
                    "primary": {
                        "id": "c2a4f235-51a8-4aeb-af45-c7527a593338",
                        "attributes": {
                            "attachment.#": "1",
                            "attachment.3898220005.device": "/dev/vda",
                            "attachment.3898220005.id": "c2a4f235-51a8-4aeb-af45-c7527a593338",
                            "attachment.3898220005.instance_id": "8f30a669-cf99-4116-a39b-d1385ab43a02",
                            "availability_zone": "eu-de-01",
                            "description": "",
                            "id": "c2a4f235-51a8-4aeb-af45-c7527a593338",
                            "image_id": "b5cd010e-99f1-4d7c-878b-4f967bcae472",
                            "metadata.%": "1",
                            "metadata.readonly": "False",
                            "name": "grid-engine-sys-vol-36",
                            "region": "",
                            "size": "30",
                            "snapshot_id": "",
                            "source_vol_id": "",
                            "volume_type": "SSD"
                        },
                        "meta": {
                            "e2bfb730-ecaa-11e6-8f88-34363bc7c4c0": {
                                "create": 600000000000,
                                "delete": 600000000000
                            }
                        },
                        "tainted": false
                    },
                    "deposed": [],
                    "provider": "module.test3.provider.opentelekomcloud"
                },
                "opentelekomcloud_blockstorage_volume_v2.grid-engine-sys-vol.37": {
                    "type": "opentelekomcloud_blockstorage_volume_v2",
                    "depends_on": [],
                    "primary": {
                        "id": "b6041328-6cd4-4c9c-8c31-cc74e3fca0dd",
                        "attributes": {
                            "attachment.#": "1",
                            "attachment.2878722557.device": "/dev/vda",
                            "attachment.2878722557.id": "b6041328-6cd4-4c9c-8c31-cc74e3fca0dd",
                            "attachment.2878722557.instance_id": "aa361b6f-a5c6-4379-8e35-b934246dc7db",
                            "availability_zone": "eu-de-01",
                            "description": "",
                            "id": "b6041328-6cd4-4c9c-8c31-cc74e3fca0dd",
                            "image_id": "b5cd010e-99f1-4d7c-878b-4f967bcae472",
                            "metadata.%": "1",
                            "metadata.readonly": "False",
                            "name": "grid-engine-sys-vol-37",
                            "region": "",
                            "size": "30",
                            "snapshot_id": "",
                            "source_vol_id": "",
                            "volume_type": "SSD"
                        },
                        "meta": {
                            "e2bfb730-ecaa-11e6-8f88-34363bc7c4c0": {
                                "create": 600000000000,
                                "delete": 600000000000
                            }
                        },
                        "tainted": false
                    },
                    "deposed": [],
                    "provider": "module.test3.provider.opentelekomcloud"
                },
                "opentelekomcloud_blockstorage_volume_v2.grid-engine-sys-vol.38": {
                    "type": "opentelekomcloud_blockstorage_volume_v2",
                    "depends_on": [],
                    "primary": {
                        "id": "39e29be6-17be-419d-9492-a46fd3583b90",
                        "attributes": {
                            "attachment.#": "1",
                            "attachment.1407563482.device": "/dev/vda",
                            "attachment.1407563482.id": "39e29be6-17be-419d-9492-a46fd3583b90",
                            "attachment.1407563482.instance_id": "f2d421f7-199f-4b5d-a9fb-32282c63fca1",
                            "availability_zone": "eu-de-01",
                            "description": "",
                            "id": "39e29be6-17be-419d-9492-a46fd3583b90",
                            "image_id": "b5cd010e-99f1-4d7c-878b-4f967bcae472",
                            "metadata.%": "1",
                            "metadata.readonly": "False",
                            "name": "grid-engine-sys-vol-38",
                            "region": "",
                            "size": "30",
                            "snapshot_id": "",
                            "source_vol_id": "",
                            "volume_type": "SSD"
                        },
                        "meta": {
                            "e2bfb730-ecaa-11e6-8f88-34363bc7c4c0": {
                                "create": 600000000000,
                                "delete": 600000000000
                            }
                        },
                        "tainted": false
                    },
                    "deposed": [],
                    "provider": "module.test3.provider.opentelekomcloud"
                },
                "opentelekomcloud_blockstorage_volume_v2.grid-engine-sys-vol.39": {
                    "type": "opentelekomcloud_blockstorage_volume_v2",
                    "depends_on": [],
                    "primary": {
                        "id": "c932ea65-c3a1-4e1a-ab52-8e68f91337c9",
                        "attributes": {
                            "attachment.#": "1",
                            "attachment.1663671528.device": "/dev/vda",
                            "attachment.1663671528.id": "c932ea65-c3a1-4e1a-ab52-8e68f91337c9",
                            "attachment.1663671528.instance_id": "e0c470a7-4978-4a04-96b5-80593482427d",
                            "availability_zone": "eu-de-01",
                            "description": "",
                            "id": "c932ea65-c3a1-4e1a-ab52-8e68f91337c9",
                            "image_id": "b5cd010e-99f1-4d7c-878b-4f967bcae472",
                            "metadata.%": "1",
                            "metadata.readonly": "False",
                            "name": "grid-engine-sys-vol-39",
                            "region": "",
                            "size": "30",
                            "snapshot_id": "",
                            "source_vol_id": "",
                            "volume_type": "SSD"
                        },
                        "meta": {
                            "e2bfb730-ecaa-11e6-8f88-34363bc7c4c0": {
                                "create": 600000000000,
                                "delete": 600000000000
                            }
                        },
                        "tainted": false
                    },
                    "deposed": [],
                    "provider": "module.test3.provider.opentelekomcloud"
                },
                "opentelekomcloud_blockstorage_volume_v2.grid-engine-sys-vol.4": {
                    "type": "opentelekomcloud_blockstorage_volume_v2",
                    "depends_on": [],
                    "primary": {
                        "id": "370274af-810e-48b5-9178-f4d5b975f9b8",
                        "attributes": {
                            "attachment.#": "1",
                            "attachment.2242251375.device": "/dev/vda",
                            "attachment.2242251375.id": "370274af-810e-48b5-9178-f4d5b975f9b8",
                            "attachment.2242251375.instance_id": "edc3d97c-34f3-46ba-8cee-fb7d1cea60bd",
                            "availability_zone": "eu-de-01",
                            "description": "",
                            "id": "370274af-810e-48b5-9178-f4d5b975f9b8",
                            "image_id": "b5cd010e-99f1-4d7c-878b-4f967bcae472",
                            "metadata.%": "1",
                            "metadata.readonly": "False",
                            "name": "grid-engine-sys-vol-4",
                            "region": "",
                            "size": "30",
                            "snapshot_id": "",
                            "source_vol_id": "",
                            "volume_type": "SSD"
                        },
                        "meta": {
                            "e2bfb730-ecaa-11e6-8f88-34363bc7c4c0": {
                                "create": 600000000000,
                                "delete": 600000000000
                            }
                        },
                        "tainted": false
                    },
                    "deposed": [],
                    "provider": "module.test3.provider.opentelekomcloud"
                },
                "opentelekomcloud_blockstorage_volume_v2.grid-engine-sys-vol.40": {
                    "type": "opentelekomcloud_blockstorage_volume_v2",
                    "depends_on": [],
                    "primary": {
                        "id": "03f98f60-f753-4176-9b67-3b42365b48fe",
                        "attributes": {
                            "attachment.#": "1",
                            "attachment.1836361620.device": "/dev/vda",
                            "attachment.1836361620.id": "03f98f60-f753-4176-9b67-3b42365b48fe",
                            "attachment.1836361620.instance_id": "71371000-eb53-4296-a314-b2a5e49655db",
                            "availability_zone": "eu-de-01",
                            "description": "",
                            "id": "03f98f60-f753-4176-9b67-3b42365b48fe",
                            "image_id": "b5cd010e-99f1-4d7c-878b-4f967bcae472",
                            "metadata.%": "1",
                            "metadata.readonly": "False",
                            "name": "grid-engine-sys-vol-40",
                            "region": "",
                            "size": "30",
                            "snapshot_id": "",
                            "source_vol_id": "",
                            "volume_type": "SSD"
                        },
                        "meta": {
                            "e2bfb730-ecaa-11e6-8f88-34363bc7c4c0": {
                                "create": 600000000000,
                                "delete": 600000000000
                            }
                        },
                        "tainted": false
                    },
                    "deposed": [],
                    "provider": "module.test3.provider.opentelekomcloud"
                },
                "opentelekomcloud_blockstorage_volume_v2.grid-engine-sys-vol.41": {
                    "type": "opentelekomcloud_blockstorage_volume_v2",
                    "depends_on": [],
                    "primary": {
                        "id": "a91dba5f-46c9-4fd3-8e54-5bcf1aad9989",
                        "attributes": {
                            "attachment.#": "1",
                            "attachment.1882388446.device": "/dev/vda",
                            "attachment.1882388446.id": "a91dba5f-46c9-4fd3-8e54-5bcf1aad9989",
                            "attachment.1882388446.instance_id": "6e149ebb-0ebd-4d28-8db8-a68b017996fc",
                            "availability_zone": "eu-de-01",
                            "description": "",
                            "id": "a91dba5f-46c9-4fd3-8e54-5bcf1aad9989",
                            "image_id": "b5cd010e-99f1-4d7c-878b-4f967bcae472",
                            "metadata.%": "1",
                            "metadata.readonly": "False",
                            "name": "grid-engine-sys-vol-41",
                            "region": "",
                            "size": "30",
                            "snapshot_id": "",
                            "source_vol_id": "",
                            "volume_type": "SSD"
                        },
                        "meta": {
                            "e2bfb730-ecaa-11e6-8f88-34363bc7c4c0": {
                                "create": 600000000000,
                                "delete": 600000000000
                            }
                        },
                        "tainted": false
                    },
                    "deposed": [],
                    "provider": "module.test3.provider.opentelekomcloud"
                },
                "opentelekomcloud_blockstorage_volume_v2.grid-engine-sys-vol.42": {
                    "type": "opentelekomcloud_blockstorage_volume_v2",
                    "depends_on": [],
                    "primary": {
                        "id": "e44aa2f2-7c72-4302-815f-7b8fe2dd0bd5",
                        "attributes": {
                            "attachment.#": "1",
                            "attachment.1840396177.device": "/dev/vda",
                            "attachment.1840396177.id": "e44aa2f2-7c72-4302-815f-7b8fe2dd0bd5",
                            "attachment.1840396177.instance_id": "24b134f6-57ac-477d-ab63-96ae143ea6ea",
                            "availability_zone": "eu-de-01",
                            "description": "",
                            "id": "e44aa2f2-7c72-4302-815f-7b8fe2dd0bd5",
                            "image_id": "b5cd010e-99f1-4d7c-878b-4f967bcae472",
                            "metadata.%": "1",
                            "metadata.readonly": "False",
                            "name": "grid-engine-sys-vol-42",
                            "region": "",
                            "size": "30",
                            "snapshot_id": "",
                            "source_vol_id": "",
                            "volume_type": "SSD"
                        },
                        "meta": {
                            "e2bfb730-ecaa-11e6-8f88-34363bc7c4c0": {
                                "create": 600000000000,
                                "delete": 600000000000
                            }
                        },
                        "tainted": false
                    },
                    "deposed": [],
                    "provider": "module.test3.provider.opentelekomcloud"
                },
                "opentelekomcloud_blockstorage_volume_v2.grid-engine-sys-vol.43": {
                    "type": "opentelekomcloud_blockstorage_volume_v2",
                    "depends_on": [],
                    "primary": {
                        "id": "0c247bbe-2e07-46a1-a9cd-dfe43d7e0df7",
                        "attributes": {
                            "attachment.#": "1",
                            "attachment.50953353.device": "/dev/vda",
                            "attachment.50953353.id": "0c247bbe-2e07-46a1-a9cd-dfe43d7e0df7",
                            "attachment.50953353.instance_id": "62f7b798-7d5e-4f17-a0ac-32ab882611a9",
                            "availability_zone": "eu-de-01",
                            "description": "",
                            "id": "0c247bbe-2e07-46a1-a9cd-dfe43d7e0df7",
                            "image_id": "b5cd010e-99f1-4d7c-878b-4f967bcae472",
                            "metadata.%": "1",
                            "metadata.readonly": "False",
                            "name": "grid-engine-sys-vol-43",
                            "region": "",
                            "size": "30",
                            "snapshot_id": "",
                            "source_vol_id": "",
                            "volume_type": "SSD"
                        },
                        "meta": {
                            "e2bfb730-ecaa-11e6-8f88-34363bc7c4c0": {
                                "create": 600000000000,
                                "delete": 600000000000
                            }
                        },
                        "tainted": false
                    },
                    "deposed": [],
                    "provider": "module.test3.provider.opentelekomcloud"
                },
                "opentelekomcloud_blockstorage_volume_v2.grid-engine-sys-vol.44": {
                    "type": "opentelekomcloud_blockstorage_volume_v2",
                    "depends_on": [],
                    "primary": {
                        "id": "ffc36914-e3b9-4dfd-8e2a-58a342d2473e",
                        "attributes": {
                            "attachment.#": "1",
                            "attachment.4096396481.device": "/dev/vda",
                            "attachment.4096396481.id": "ffc36914-e3b9-4dfd-8e2a-58a342d2473e",
                            "attachment.4096396481.instance_id": "e72bb564-7cff-4ceb-8554-b92cbcad695c",
                            "availability_zone": "eu-de-01",
                            "description": "",
                            "id": "ffc36914-e3b9-4dfd-8e2a-58a342d2473e",
                            "image_id": "b5cd010e-99f1-4d7c-878b-4f967bcae472",
                            "metadata.%": "1",
                            "metadata.readonly": "False",
                            "name": "grid-engine-sys-vol-44",
                            "region": "",
                            "size": "30",
                            "snapshot_id": "",
                            "source_vol_id": "",
                            "volume_type": "SSD"
                        },
                        "meta": {
                            "e2bfb730-ecaa-11e6-8f88-34363bc7c4c0": {
                                "create": 600000000000,
                                "delete": 600000000000
                            }
                        },
                        "tainted": false
                    },
                    "deposed": [],
                    "provider": "module.test3.provider.opentelekomcloud"
                },
                "opentelekomcloud_blockstorage_volume_v2.grid-engine-sys-vol.45": {
                    "type": "opentelekomcloud_blockstorage_volume_v2",
                    "depends_on": [],
                    "primary": {
                        "id": "d8ac9632-bc97-4eca-a8a3-7b764236d1a8",
                        "attributes": {
                            "attachment.#": "1",
                            "attachment.1032136094.device": "/dev/vda",
                            "attachment.1032136094.id": "d8ac9632-bc97-4eca-a8a3-7b764236d1a8",
                            "attachment.1032136094.instance_id": "338c9c68-107a-4176-8dd9-c2044d498b4b",
                            "availability_zone": "eu-de-01",
                            "description": "",
                            "id": "d8ac9632-bc97-4eca-a8a3-7b764236d1a8",
                            "image_id": "b5cd010e-99f1-4d7c-878b-4f967bcae472",
                            "metadata.%": "1",
                            "metadata.readonly": "False",
                            "name": "grid-engine-sys-vol-45",
                            "region": "",
                            "size": "30",
                            "snapshot_id": "",
                            "source_vol_id": "",
                            "volume_type": "SSD"
                        },
                        "meta": {
                            "e2bfb730-ecaa-11e6-8f88-34363bc7c4c0": {
                                "create": 600000000000,
                                "delete": 600000000000
                            }
                        },
                        "tainted": false
                    },
                    "deposed": [],
                    "provider": "module.test3.provider.opentelekomcloud"
                },
                "opentelekomcloud_blockstorage_volume_v2.grid-engine-sys-vol.46": {
                    "type": "opentelekomcloud_blockstorage_volume_v2",
                    "depends_on": [],
                    "primary": {
                        "id": "ec6307c2-4616-43a2-a7c1-b9fb3b309a55",
                        "attributes": {
                            "attachment.#": "1",
                            "attachment.1226212702.device": "/dev/vda",
                            "attachment.1226212702.id": "ec6307c2-4616-43a2-a7c1-b9fb3b309a55",
                            "attachment.1226212702.instance_id": "f3ffb5fa-ded6-4b21-ac77-1339293ff89d",
                            "availability_zone": "eu-de-01",
                            "description": "",
                            "id": "ec6307c2-4616-43a2-a7c1-b9fb3b309a55",
                            "image_id": "b5cd010e-99f1-4d7c-878b-4f967bcae472",
                            "metadata.%": "1",
                            "metadata.readonly": "False",
                            "name": "grid-engine-sys-vol-46",
                            "region": "",
                            "size": "30",
                            "snapshot_id": "",
                            "source_vol_id": "",
                            "volume_type": "SSD"
                        },
                        "meta": {
                            "e2bfb730-ecaa-11e6-8f88-34363bc7c4c0": {
                                "create": 600000000000,
                                "delete": 600000000000
                            }
                        },
                        "tainted": false
                    },
                    "deposed": [],
                    "provider": "module.test3.provider.opentelekomcloud"
                },
                "opentelekomcloud_blockstorage_volume_v2.grid-engine-sys-vol.47": {
                    "type": "opentelekomcloud_blockstorage_volume_v2",
                    "depends_on": [],
                    "primary": {
                        "id": "6820055a-fcbb-4d25-8e41-4806bb3176e0",
                        "attributes": {
                            "attachment.#": "1",
                            "attachment.1196948510.device": "/dev/vda",
                            "attachment.1196948510.id": "6820055a-fcbb-4d25-8e41-4806bb3176e0",
                            "attachment.1196948510.instance_id": "716d886a-e72a-4166-bdeb-8878c3b604b5",
                            "availability_zone": "eu-de-01",
                            "description": "",
                            "id": "6820055a-fcbb-4d25-8e41-4806bb3176e0",
                            "image_id": "b5cd010e-99f1-4d7c-878b-4f967bcae472",
                            "metadata.%": "1",
                            "metadata.readonly": "False",
                            "name": "grid-engine-sys-vol-47",
                            "region": "",
                            "size": "30",
                            "snapshot_id": "",
                            "source_vol_id": "",
                            "volume_type": "SSD"
                        },
                        "meta": {
                            "e2bfb730-ecaa-11e6-8f88-34363bc7c4c0": {
                                "create": 600000000000,
                                "delete": 600000000000
                            }
                        },
                        "tainted": false
                    },
                    "deposed": [],
                    "provider": "module.test3.provider.opentelekomcloud"
                },
                "opentelekomcloud_blockstorage_volume_v2.grid-engine-sys-vol.48": {
                    "type": "opentelekomcloud_blockstorage_volume_v2",
                    "depends_on": [],
                    "primary": {
                        "id": "b123cb3e-a190-4b9b-9a06-425637d90b9a",
                        "attributes": {
                            "attachment.#": "1",
                            "attachment.3797971491.device": "/dev/vda",
                            "attachment.3797971491.id": "b123cb3e-a190-4b9b-9a06-425637d90b9a",
                            "attachment.3797971491.instance_id": "f2c893b7-bf27-4ac1-a84c-7e08639c6154",
                            "availability_zone": "eu-de-01",
                            "description": "",
                            "id": "b123cb3e-a190-4b9b-9a06-425637d90b9a",
                            "image_id": "b5cd010e-99f1-4d7c-878b-4f967bcae472",
                            "metadata.%": "1",
                            "metadata.readonly": "False",
                            "name": "grid-engine-sys-vol-48",
                            "region": "",
                            "size": "30",
                            "snapshot_id": "",
                            "source_vol_id": "",
                            "volume_type": "SSD"
                        },
                        "meta": {
                            "e2bfb730-ecaa-11e6-8f88-34363bc7c4c0": {
                                "create": 600000000000,
                                "delete": 600000000000
                            }
                        },
                        "tainted": false
                    },
                    "deposed": [],
                    "provider": "module.test3.provider.opentelekomcloud"
                },
                "opentelekomcloud_blockstorage_volume_v2.grid-engine-sys-vol.49": {
                    "type": "opentelekomcloud_blockstorage_volume_v2",
                    "depends_on": [],
                    "primary": {
                        "id": "763e860b-c943-45c9-818d-f11a3f7f3d94",
                        "attributes": {
                            "attachment.#": "1",
                            "attachment.3089643560.device": "/dev/vda",
                            "attachment.3089643560.id": "763e860b-c943-45c9-818d-f11a3f7f3d94",
                            "attachment.3089643560.instance_id": "98a89fc4-ee57-4af3-9fa9-23d025196cf4",
                            "availability_zone": "eu-de-01",
                            "description": "",
                            "id": "763e860b-c943-45c9-818d-f11a3f7f3d94",
                            "image_id": "b5cd010e-99f1-4d7c-878b-4f967bcae472",
                            "metadata.%": "1",
                            "metadata.readonly": "False",
                            "name": "grid-engine-sys-vol-49",
                            "region": "",
                            "size": "30",
                            "snapshot_id": "",
                            "source_vol_id": "",
                            "volume_type": "SSD"
                        },
                        "meta": {
                            "e2bfb730-ecaa-11e6-8f88-34363bc7c4c0": {
                                "create": 600000000000,
                                "delete": 600000000000
                            }
                        },
                        "tainted": false
                    },
                    "deposed": [],
                    "provider": "module.test3.provider.opentelekomcloud"
                },
                "opentelekomcloud_blockstorage_volume_v2.grid-engine-sys-vol.5": {
                    "type": "opentelekomcloud_blockstorage_volume_v2",
                    "depends_on": [],
                    "primary": {
                        "id": "b2729591-8359-422b-bc10-3fc30754cb6f",
                        "attributes": {
                            "attachment.#": "1",
                            "attachment.4194210023.device": "/dev/vda",
                            "attachment.4194210023.id": "b2729591-8359-422b-bc10-3fc30754cb6f",
                            "attachment.4194210023.instance_id": "22355502-2e03-418d-9580-ac446544f6c4",
                            "availability_zone": "eu-de-01",
                            "description": "",
                            "id": "b2729591-8359-422b-bc10-3fc30754cb6f",
                            "image_id": "b5cd010e-99f1-4d7c-878b-4f967bcae472",
                            "metadata.%": "1",
                            "metadata.readonly": "False",
                            "name": "grid-engine-sys-vol-5",
                            "region": "",
                            "size": "30",
                            "snapshot_id": "",
                            "source_vol_id": "",
                            "volume_type": "SSD"
                        },
                        "meta": {
                            "e2bfb730-ecaa-11e6-8f88-34363bc7c4c0": {
                                "create": 600000000000,
                                "delete": 600000000000
                            }
                        },
                        "tainted": false
                    },
                    "deposed": [],
                    "provider": "module.test3.provider.opentelekomcloud"
                },
                "opentelekomcloud_blockstorage_volume_v2.grid-engine-sys-vol.6": {
                    "type": "opentelekomcloud_blockstorage_volume_v2",
                    "depends_on": [],
                    "primary": {
                        "id": "655547fd-104c-4d65-b9bc-fc3ac398f508",
                        "attributes": {
                            "attachment.#": "1",
                            "attachment.447665996.device": "/dev/vda",
                            "attachment.447665996.id": "655547fd-104c-4d65-b9bc-fc3ac398f508",
                            "attachment.447665996.instance_id": "755f982f-dea2-4156-bcab-564315b18c88",
                            "availability_zone": "eu-de-01",
                            "description": "",
                            "id": "655547fd-104c-4d65-b9bc-fc3ac398f508",
                            "image_id": "b5cd010e-99f1-4d7c-878b-4f967bcae472",
                            "metadata.%": "1",
                            "metadata.readonly": "False",
                            "name": "grid-engine-sys-vol-6",
                            "region": "",
                            "size": "30",
                            "snapshot_id": "",
                            "source_vol_id": "",
                            "volume_type": "SSD"
                        },
                        "meta": {
                            "e2bfb730-ecaa-11e6-8f88-34363bc7c4c0": {
                                "create": 600000000000,
                                "delete": 600000000000
                            }
                        },
                        "tainted": false
                    },
                    "deposed": [],
                    "provider": "module.test3.provider.opentelekomcloud"
                },
                "opentelekomcloud_blockstorage_volume_v2.grid-engine-sys-vol.7": {
                    "type": "opentelekomcloud_blockstorage_volume_v2",
                    "depends_on": [],
                    "primary": {
                        "id": "a04b2adc-a3eb-4745-9595-857d1b306f31",
                        "attributes": {
                            "attachment.#": "1",
                            "attachment.2565960647.device": "/dev/vda",
                            "attachment.2565960647.id": "a04b2adc-a3eb-4745-9595-857d1b306f31",
                            "attachment.2565960647.instance_id": "c7623025-f84b-4d2c-b4a1-21b07b3b818b",
                            "availability_zone": "eu-de-01",
                            "description": "",
                            "id": "a04b2adc-a3eb-4745-9595-857d1b306f31",
                            "image_id": "b5cd010e-99f1-4d7c-878b-4f967bcae472",
                            "metadata.%": "1",
                            "metadata.readonly": "False",
                            "name": "grid-engine-sys-vol-7",
                            "region": "",
                            "size": "30",
                            "snapshot_id": "",
                            "source_vol_id": "",
                            "volume_type": "SSD"
                        },
                        "meta": {
                            "e2bfb730-ecaa-11e6-8f88-34363bc7c4c0": {
                                "create": 600000000000,
                                "delete": 600000000000
                            }
                        },
                        "tainted": false
                    },
                    "deposed": [],
                    "provider": "module.test3.provider.opentelekomcloud"
                },
                "opentelekomcloud_blockstorage_volume_v2.grid-engine-sys-vol.8": {
                    "type": "opentelekomcloud_blockstorage_volume_v2",
                    "depends_on": [],
                    "primary": {
                        "id": "2595e88f-de24-4ad5-91e0-5fbcb7dbc563",
                        "attributes": {
                            "attachment.#": "1",
                            "attachment.3635672106.device": "/dev/vda",
                            "attachment.3635672106.id": "2595e88f-de24-4ad5-91e0-5fbcb7dbc563",
                            "attachment.3635672106.instance_id": "2df2d061-8bf1-430c-8bd5-8dcdb2a0d14f",
                            "availability_zone": "eu-de-01",
                            "description": "",
                            "id": "2595e88f-de24-4ad5-91e0-5fbcb7dbc563",
                            "image_id": "b5cd010e-99f1-4d7c-878b-4f967bcae472",
                            "metadata.%": "1",
                            "metadata.readonly": "False",
                            "name": "grid-engine-sys-vol-8",
                            "region": "",
                            "size": "30",
                            "snapshot_id": "",
                            "source_vol_id": "",
                            "volume_type": "SSD"
                        },
                        "meta": {
                            "e2bfb730-ecaa-11e6-8f88-34363bc7c4c0": {
                                "create": 600000000000,
                                "delete": 600000000000
                            }
                        },
                        "tainted": false
                    },
                    "deposed": [],
                    "provider": "module.test3.provider.opentelekomcloud"
                },
                "opentelekomcloud_blockstorage_volume_v2.grid-engine-sys-vol.9": {
                    "type": "opentelekomcloud_blockstorage_volume_v2",
                    "depends_on": [],
                    "primary": {
                        "id": "ec12e8b5-9aa3-4a83-aebf-73afe66d46b2",
                        "attributes": {
                            "attachment.#": "1",
                            "attachment.635566221.device": "/dev/vda",
                            "attachment.635566221.id": "ec12e8b5-9aa3-4a83-aebf-73afe66d46b2",
                            "attachment.635566221.instance_id": "d70c996c-8659-436b-b9c2-e3062d8fbc88",
                            "availability_zone": "eu-de-01",
                            "description": "",
                            "id": "ec12e8b5-9aa3-4a83-aebf-73afe66d46b2",
                            "image_id": "b5cd010e-99f1-4d7c-878b-4f967bcae472",
                            "metadata.%": "1",
                            "metadata.readonly": "False",
                            "name": "grid-engine-sys-vol-9",
                            "region": "",
                            "size": "30",
                            "snapshot_id": "",
                            "source_vol_id": "",
                            "volume_type": "SSD"
                        },
                        "meta": {
                            "e2bfb730-ecaa-11e6-8f88-34363bc7c4c0": {
                                "create": 600000000000,
                                "delete": 600000000000
                            }
                        },
                        "tainted": false
                    },
                    "deposed": [],
                    "provider": "module.test3.provider.opentelekomcloud"
                },
                "opentelekomcloud_compute_instance_v2.grid-engine.0": {
                    "type": "opentelekomcloud_compute_instance_v2",
                    "depends_on": [
                        "opentelekomcloud_blockstorage_volume_v2.grid-engine-sys-vol",
                        "opentelekomcloud_blockstorage_volume_v2.grid-engine-sys-vol.*"
                    ],
                    "primary": {
                        "id": "019f4a49-d877-4b80-9c53-8b983b5fd47c",
                        "attributes": {
                            "access_ip_v4": "192.168.102.30",
                            "access_ip_v6": "",
                            "all_metadata.%": "0",
                            "availability_zone": "eu-de-01",
                            "block_device.#": "1",
                            "block_device.0.boot_index": "0",
                            "block_device.0.delete_on_termination": "true",
                            "block_device.0.destination_type": "volume",
                            "block_device.0.guest_format": "",
                            "block_device.0.source_type": "volume",
                            "block_device.0.uuid": "636829e2-9b73-4afe-b82a-3b09c0d0e09d",
                            "block_device.0.volume_size": "0",
                            "flavor_id": "s2.xlarge.4",
                            "flavor_name": "s2.xlarge.4",
                            "id": "019f4a49-d877-4b80-9c53-8b983b5fd47c",
                            "image_id": "Attempt to boot from volume - no image supplied",
                            "key_pair": "key4VPN",
                            "name": "grid-engine0",
                            "network.#": "1",
                            "network.0.access_network": "false",
                            "network.0.fixed_ip_v4": "192.168.102.30",
                            "network.0.fixed_ip_v6": "",
                            "network.0.floating_ip": "",
                            "network.0.mac": "fa:16:3e:4d:c9:88",
                            "network.0.name": "f7d777c1-c7f0-464d-9725-79f47fa49463",
                            "network.0.port": "",
                            "network.0.uuid": "d5115e6e-4234-49d0-b930-1c5eb92e9b91",
                            "region": "",
                            "security_groups.#": "1",
                            "security_groups.3814588639": "default",
                            "stop_before_destroy": "false"
                        },
                        "meta": {
                            "e2bfb730-ecaa-11e6-8f88-34363bc7c4c0": {
                                "create": 1800000000000,
                                "delete": 1800000000000,
                                "update": 1800000000000
                            }
                        },
                        "tainted": false
                    },
                    "deposed": [],
                    "provider": "module.test3.provider.opentelekomcloud"
                },
                "opentelekomcloud_compute_instance_v2.grid-engine.1": {
                    "type": "opentelekomcloud_compute_instance_v2",
                    "depends_on": [
                        "opentelekomcloud_blockstorage_volume_v2.grid-engine-sys-vol",
                        "opentelekomcloud_blockstorage_volume_v2.grid-engine-sys-vol.*"
                    ],
                    "primary": {
                        "id": "923d36f8-f907-4c81-b147-99e41d230d38",
                        "attributes": {
                            "access_ip_v4": "192.168.102.152",
                            "access_ip_v6": "",
                            "all_metadata.%": "0",
                            "availability_zone": "eu-de-01",
                            "block_device.#": "1",
                            "block_device.0.boot_index": "0",
                            "block_device.0.delete_on_termination": "true",
                            "block_device.0.destination_type": "volume",
                            "block_device.0.guest_format": "",
                            "block_device.0.source_type": "volume",
                            "block_device.0.uuid": "b21b39f7-c0f6-438d-9d9c-e6b01dfdc8b7",
                            "block_device.0.volume_size": "0",
                            "flavor_id": "s2.xlarge.4",
                            "flavor_name": "s2.xlarge.4",
                            "id": "923d36f8-f907-4c81-b147-99e41d230d38",
                            "image_id": "Attempt to boot from volume - no image supplied",
                            "key_pair": "key4VPN",
                            "name": "grid-engine1",
                            "network.#": "1",
                            "network.0.access_network": "false",
                            "network.0.fixed_ip_v4": "192.168.102.152",
                            "network.0.fixed_ip_v6": "",
                            "network.0.floating_ip": "",
                            "network.0.mac": "fa:16:3e:50:41:69",
                            "network.0.name": "f7d777c1-c7f0-464d-9725-79f47fa49463",
                            "network.0.port": "",
                            "network.0.uuid": "d5115e6e-4234-49d0-b930-1c5eb92e9b91",
                            "region": "",
                            "security_groups.#": "1",
                            "security_groups.3814588639": "default",
                            "stop_before_destroy": "false"
                        },
                        "meta": {
                            "e2bfb730-ecaa-11e6-8f88-34363bc7c4c0": {
                                "create": 1800000000000,
                                "delete": 1800000000000,
                                "update": 1800000000000
                            }
                        },
                        "tainted": false
                    },
                    "deposed": [],
                    "provider": "module.test3.provider.opentelekomcloud"
                },
                "opentelekomcloud_compute_instance_v2.grid-engine.10": {
                    "type": "opentelekomcloud_compute_instance_v2",
                    "depends_on": [
                        "opentelekomcloud_blockstorage_volume_v2.grid-engine-sys-vol",
                        "opentelekomcloud_blockstorage_volume_v2.grid-engine-sys-vol.*"
                    ],
                    "primary": {
                        "id": "c7c11be3-520d-4f02-8473-2c000a870f8e",
                        "attributes": {
                            "access_ip_v4": "192.168.102.53",
                            "access_ip_v6": "",
                            "all_metadata.%": "0",
                            "availability_zone": "eu-de-01",
                            "block_device.#": "1",
                            "block_device.0.boot_index": "0",
                            "block_device.0.delete_on_termination": "true",
                            "block_device.0.destination_type": "volume",
                            "block_device.0.guest_format": "",
                            "block_device.0.source_type": "volume",
                            "block_device.0.uuid": "a60ca935-dfb5-492d-8d18-55aaa8f66c10",
                            "block_device.0.volume_size": "0",
                            "flavor_id": "s2.xlarge.4",
                            "flavor_name": "s2.xlarge.4",
                            "id": "c7c11be3-520d-4f02-8473-2c000a870f8e",
                            "image_id": "Attempt to boot from volume - no image supplied",
                            "key_pair": "key4VPN",
                            "name": "grid-engine10",
                            "network.#": "1",
                            "network.0.access_network": "false",
                            "network.0.fixed_ip_v4": "192.168.102.53",
                            "network.0.fixed_ip_v6": "",
                            "network.0.floating_ip": "",
                            "network.0.mac": "fa:16:3e:0d:7a:76",
                            "network.0.name": "f7d777c1-c7f0-464d-9725-79f47fa49463",
                            "network.0.port": "",
                            "network.0.uuid": "d5115e6e-4234-49d0-b930-1c5eb92e9b91",
                            "region": "",
                            "security_groups.#": "1",
                            "security_groups.3814588639": "default",
                            "stop_before_destroy": "false"
                        },
                        "meta": {
                            "e2bfb730-ecaa-11e6-8f88-34363bc7c4c0": {
                                "create": 1800000000000,
                                "delete": 1800000000000,
                                "update": 1800000000000
                            }
                        },
                        "tainted": false
                    },
                    "deposed": [],
                    "provider": "module.test3.provider.opentelekomcloud"
                },
                "opentelekomcloud_compute_instance_v2.grid-engine.11": {
                    "type": "opentelekomcloud_compute_instance_v2",
                    "depends_on": [
                        "opentelekomcloud_blockstorage_volume_v2.grid-engine-sys-vol",
                        "opentelekomcloud_blockstorage_volume_v2.grid-engine-sys-vol.*"
                    ],
                    "primary": {
                        "id": "2e0611bf-9fce-483b-b141-9b1a2a1f7530",
                        "attributes": {
                            "access_ip_v4": "192.168.102.141",
                            "access_ip_v6": "",
                            "all_metadata.%": "0",
                            "availability_zone": "eu-de-01",
                            "block_device.#": "1",
                            "block_device.0.boot_index": "0",
                            "block_device.0.delete_on_termination": "true",
                            "block_device.0.destination_type": "volume",
                            "block_device.0.guest_format": "",
                            "block_device.0.source_type": "volume",
                            "block_device.0.uuid": "1f4aa9ec-984b-4fb2-87f4-695e4931b322",
                            "block_device.0.volume_size": "0",
                            "flavor_id": "s2.xlarge.4",
                            "flavor_name": "s2.xlarge.4",
                            "id": "2e0611bf-9fce-483b-b141-9b1a2a1f7530",
                            "image_id": "Attempt to boot from volume - no image supplied",
                            "key_pair": "key4VPN",
                            "name": "grid-engine11",
                            "network.#": "1",
                            "network.0.access_network": "false",
                            "network.0.fixed_ip_v4": "192.168.102.141",
                            "network.0.fixed_ip_v6": "",
                            "network.0.floating_ip": "",
                            "network.0.mac": "fa:16:3e:2d:52:f2",
                            "network.0.name": "f7d777c1-c7f0-464d-9725-79f47fa49463",
                            "network.0.port": "",
                            "network.0.uuid": "d5115e6e-4234-49d0-b930-1c5eb92e9b91",
                            "region": "",
                            "security_groups.#": "1",
                            "security_groups.3814588639": "default",
                            "stop_before_destroy": "false"
                        },
                        "meta": {
                            "e2bfb730-ecaa-11e6-8f88-34363bc7c4c0": {
                                "create": 1800000000000,
                                "delete": 1800000000000,
                                "update": 1800000000000
                            }
                        },
                        "tainted": false
                    },
                    "deposed": [],
                    "provider": "module.test3.provider.opentelekomcloud"
                },
                "opentelekomcloud_compute_instance_v2.grid-engine.12": {
                    "type": "opentelekomcloud_compute_instance_v2",
                    "depends_on": [
                        "opentelekomcloud_blockstorage_volume_v2.grid-engine-sys-vol",
                        "opentelekomcloud_blockstorage_volume_v2.grid-engine-sys-vol.*"
                    ],
                    "primary": {
                        "id": "78535490-ede9-4486-ad35-d68b0a1369fb",
                        "attributes": {
                            "access_ip_v4": "192.168.102.115",
                            "access_ip_v6": "",
                            "all_metadata.%": "0",
                            "availability_zone": "eu-de-01",
                            "block_device.#": "1",
                            "block_device.0.boot_index": "0",
                            "block_device.0.delete_on_termination": "true",
                            "block_device.0.destination_type": "volume",
                            "block_device.0.guest_format": "",
                            "block_device.0.source_type": "volume",
                            "block_device.0.uuid": "f9542dc7-7135-4ae6-b47f-c99ff15f6859",
                            "block_device.0.volume_size": "0",
                            "flavor_id": "s2.xlarge.4",
                            "flavor_name": "s2.xlarge.4",
                            "id": "78535490-ede9-4486-ad35-d68b0a1369fb",
                            "image_id": "Attempt to boot from volume - no image supplied",
                            "key_pair": "key4VPN",
                            "name": "grid-engine12",
                            "network.#": "1",
                            "network.0.access_network": "false",
                            "network.0.fixed_ip_v4": "192.168.102.115",
                            "network.0.fixed_ip_v6": "",
                            "network.0.floating_ip": "",
                            "network.0.mac": "fa:16:3e:b0:7b:29",
                            "network.0.name": "f7d777c1-c7f0-464d-9725-79f47fa49463",
                            "network.0.port": "",
                            "network.0.uuid": "d5115e6e-4234-49d0-b930-1c5eb92e9b91",
                            "region": "",
                            "security_groups.#": "1",
                            "security_groups.3814588639": "default",
                            "stop_before_destroy": "false"
                        },
                        "meta": {
                            "e2bfb730-ecaa-11e6-8f88-34363bc7c4c0": {
                                "create": 1800000000000,
                                "delete": 1800000000000,
                                "update": 1800000000000
                            }
                        },
                        "tainted": false
                    },
                    "deposed": [],
                    "provider": "module.test3.provider.opentelekomcloud"
                },
                "opentelekomcloud_compute_instance_v2.grid-engine.13": {
                    "type": "opentelekomcloud_compute_instance_v2",
                    "depends_on": [
                        "opentelekomcloud_blockstorage_volume_v2.grid-engine-sys-vol",
                        "opentelekomcloud_blockstorage_volume_v2.grid-engine-sys-vol.*"
                    ],
                    "primary": {
                        "id": "eb3ab81b-4377-4b2a-ac2a-9f3f2b267d03",
                        "attributes": {
                            "access_ip_v4": "192.168.102.78",
                            "access_ip_v6": "",
                            "all_metadata.%": "0",
                            "availability_zone": "eu-de-01",
                            "block_device.#": "1",
                            "block_device.0.boot_index": "0",
                            "block_device.0.delete_on_termination": "true",
                            "block_device.0.destination_type": "volume",
                            "block_device.0.guest_format": "",
                            "block_device.0.source_type": "volume",
                            "block_device.0.uuid": "9ff4adf2-8805-461f-ad64-11380d4b71a7",
                            "block_device.0.volume_size": "0",
                            "flavor_id": "s2.xlarge.4",
                            "flavor_name": "s2.xlarge.4",
                            "id": "eb3ab81b-4377-4b2a-ac2a-9f3f2b267d03",
                            "image_id": "Attempt to boot from volume - no image supplied",
                            "key_pair": "key4VPN",
                            "name": "grid-engine13",
                            "network.#": "1",
                            "network.0.access_network": "false",
                            "network.0.fixed_ip_v4": "192.168.102.78",
                            "network.0.fixed_ip_v6": "",
                            "network.0.floating_ip": "",
                            "network.0.mac": "fa:16:3e:23:51:23",
                            "network.0.name": "f7d777c1-c7f0-464d-9725-79f47fa49463",
                            "network.0.port": "",
                            "network.0.uuid": "d5115e6e-4234-49d0-b930-1c5eb92e9b91",
                            "region": "",
                            "security_groups.#": "1",
                            "security_groups.3814588639": "default",
                            "stop_before_destroy": "false"
                        },
                        "meta": {
                            "e2bfb730-ecaa-11e6-8f88-34363bc7c4c0": {
                                "create": 1800000000000,
                                "delete": 1800000000000,
                                "update": 1800000000000
                            }
                        },
                        "tainted": false
                    },
                    "deposed": [],
                    "provider": "module.test3.provider.opentelekomcloud"
                },
                "opentelekomcloud_compute_instance_v2.grid-engine.14": {
                    "type": "opentelekomcloud_compute_instance_v2",
                    "depends_on": [
                        "opentelekomcloud_blockstorage_volume_v2.grid-engine-sys-vol",
                        "opentelekomcloud_blockstorage_volume_v2.grid-engine-sys-vol.*"
                    ],
                    "primary": {
                        "id": "3a079b11-8650-497c-9d98-53453a5d3601",
                        "attributes": {
                            "access_ip_v4": "192.168.102.153",
                            "access_ip_v6": "",
                            "all_metadata.%": "0",
                            "availability_zone": "eu-de-01",
                            "block_device.#": "1",
                            "block_device.0.boot_index": "0",
                            "block_device.0.delete_on_termination": "true",
                            "block_device.0.destination_type": "volume",
                            "block_device.0.guest_format": "",
                            "block_device.0.source_type": "volume",
                            "block_device.0.uuid": "40ce298d-1db2-495a-ba32-c2c1e52c074b",
                            "block_device.0.volume_size": "0",
                            "flavor_id": "s2.xlarge.4",
                            "flavor_name": "s2.xlarge.4",
                            "id": "3a079b11-8650-497c-9d98-53453a5d3601",
                            "image_id": "Attempt to boot from volume - no image supplied",
                            "key_pair": "key4VPN",
                            "name": "grid-engine14",
                            "network.#": "1",
                            "network.0.access_network": "false",
                            "network.0.fixed_ip_v4": "192.168.102.153",
                            "network.0.fixed_ip_v6": "",
                            "network.0.floating_ip": "",
                            "network.0.mac": "fa:16:3e:65:fe:28",
                            "network.0.name": "f7d777c1-c7f0-464d-9725-79f47fa49463",
                            "network.0.port": "",
                            "network.0.uuid": "d5115e6e-4234-49d0-b930-1c5eb92e9b91",
                            "region": "",
                            "security_groups.#": "1",
                            "security_groups.3814588639": "default",
                            "stop_before_destroy": "false"
                        },
                        "meta": {
                            "e2bfb730-ecaa-11e6-8f88-34363bc7c4c0": {
                                "create": 1800000000000,
                                "delete": 1800000000000,
                                "update": 1800000000000
                            }
                        },
                        "tainted": false
                    },
                    "deposed": [],
                    "provider": "module.test3.provider.opentelekomcloud"
                },
                "opentelekomcloud_compute_instance_v2.grid-engine.15": {
                    "type": "opentelekomcloud_compute_instance_v2",
                    "depends_on": [
                        "opentelekomcloud_blockstorage_volume_v2.grid-engine-sys-vol",
                        "opentelekomcloud_blockstorage_volume_v2.grid-engine-sys-vol.*"
                    ],
                    "primary": {
                        "id": "75dc4c22-a987-4fcb-b95a-2ceb04414430",
                        "attributes": {
                            "access_ip_v4": "192.168.102.57",
                            "access_ip_v6": "",
                            "all_metadata.%": "0",
                            "availability_zone": "eu-de-01",
                            "block_device.#": "1",
                            "block_device.0.boot_index": "0",
                            "block_device.0.delete_on_termination": "true",
                            "block_device.0.destination_type": "volume",
                            "block_device.0.guest_format": "",
                            "block_device.0.source_type": "volume",
                            "block_device.0.uuid": "cf72898f-4939-4d2a-ae1c-884c9ebcff79",
                            "block_device.0.volume_size": "0",
                            "flavor_id": "s2.xlarge.4",
                            "flavor_name": "s2.xlarge.4",
                            "id": "75dc4c22-a987-4fcb-b95a-2ceb04414430",
                            "image_id": "Attempt to boot from volume - no image supplied",
                            "key_pair": "key4VPN",
                            "name": "grid-engine15",
                            "network.#": "1",
                            "network.0.access_network": "false",
                            "network.0.fixed_ip_v4": "192.168.102.57",
                            "network.0.fixed_ip_v6": "",
                            "network.0.floating_ip": "",
                            "network.0.mac": "fa:16:3e:d9:f3:88",
                            "network.0.name": "f7d777c1-c7f0-464d-9725-79f47fa49463",
                            "network.0.port": "",
                            "network.0.uuid": "d5115e6e-4234-49d0-b930-1c5eb92e9b91",
                            "region": "",
                            "security_groups.#": "1",
                            "security_groups.3814588639": "default",
                            "stop_before_destroy": "false"
                        },
                        "meta": {
                            "e2bfb730-ecaa-11e6-8f88-34363bc7c4c0": {
                                "create": 1800000000000,
                                "delete": 1800000000000,
                                "update": 1800000000000
                            }
                        },
                        "tainted": false
                    },
                    "deposed": [],
                    "provider": "module.test3.provider.opentelekomcloud"
                },
                "opentelekomcloud_compute_instance_v2.grid-engine.16": {
                    "type": "opentelekomcloud_compute_instance_v2",
                    "depends_on": [
                        "opentelekomcloud_blockstorage_volume_v2.grid-engine-sys-vol",
                        "opentelekomcloud_blockstorage_volume_v2.grid-engine-sys-vol.*"
                    ],
                    "primary": {
                        "id": "a5a348ad-15f2-421c-a45a-7dde9c90f126",
                        "attributes": {
                            "access_ip_v4": "192.168.102.19",
                            "access_ip_v6": "",
                            "all_metadata.%": "0",
                            "availability_zone": "eu-de-01",
                            "block_device.#": "1",
                            "block_device.0.boot_index": "0",
                            "block_device.0.delete_on_termination": "true",
                            "block_device.0.destination_type": "volume",
                            "block_device.0.guest_format": "",
                            "block_device.0.source_type": "volume",
                            "block_device.0.uuid": "a0514195-c02a-4115-8fc1-74794068c7f0",
                            "block_device.0.volume_size": "0",
                            "flavor_id": "s2.xlarge.4",
                            "flavor_name": "s2.xlarge.4",
                            "id": "a5a348ad-15f2-421c-a45a-7dde9c90f126",
                            "image_id": "Attempt to boot from volume - no image supplied",
                            "key_pair": "key4VPN",
                            "name": "grid-engine16",
                            "network.#": "1",
                            "network.0.access_network": "false",
                            "network.0.fixed_ip_v4": "192.168.102.19",
                            "network.0.fixed_ip_v6": "",
                            "network.0.floating_ip": "",
                            "network.0.mac": "fa:16:3e:e3:9f:b3",
                            "network.0.name": "f7d777c1-c7f0-464d-9725-79f47fa49463",
                            "network.0.port": "",
                            "network.0.uuid": "d5115e6e-4234-49d0-b930-1c5eb92e9b91",
                            "region": "",
                            "security_groups.#": "1",
                            "security_groups.3814588639": "default",
                            "stop_before_destroy": "false"
                        },
                        "meta": {
                            "e2bfb730-ecaa-11e6-8f88-34363bc7c4c0": {
                                "create": 1800000000000,
                                "delete": 1800000000000,
                                "update": 1800000000000
                            }
                        },
                        "tainted": false
                    },
                    "deposed": [],
                    "provider": "module.test3.provider.opentelekomcloud"
                },
                "opentelekomcloud_compute_instance_v2.grid-engine.17": {
                    "type": "opentelekomcloud_compute_instance_v2",
                    "depends_on": [
                        "opentelekomcloud_blockstorage_volume_v2.grid-engine-sys-vol",
                        "opentelekomcloud_blockstorage_volume_v2.grid-engine-sys-vol.*"
                    ],
                    "primary": {
                        "id": "7204e5b8-23f7-4505-853e-0d2c1a67ac42",
                        "attributes": {
                            "access_ip_v4": "192.168.102.28",
                            "access_ip_v6": "",
                            "all_metadata.%": "0",
                            "availability_zone": "eu-de-01",
                            "block_device.#": "1",
                            "block_device.0.boot_index": "0",
                            "block_device.0.delete_on_termination": "true",
                            "block_device.0.destination_type": "volume",
                            "block_device.0.guest_format": "",
                            "block_device.0.source_type": "volume",
                            "block_device.0.uuid": "2fc5d3a6-51f9-46e6-9a73-605c4771e71c",
                            "block_device.0.volume_size": "0",
                            "flavor_id": "s2.xlarge.4",
                            "flavor_name": "s2.xlarge.4",
                            "id": "7204e5b8-23f7-4505-853e-0d2c1a67ac42",
                            "image_id": "Attempt to boot from volume - no image supplied",
                            "key_pair": "key4VPN",
                            "name": "grid-engine17",
                            "network.#": "1",
                            "network.0.access_network": "false",
                            "network.0.fixed_ip_v4": "192.168.102.28",
                            "network.0.fixed_ip_v6": "",
                            "network.0.floating_ip": "",
                            "network.0.mac": "fa:16:3e:68:ad:09",
                            "network.0.name": "f7d777c1-c7f0-464d-9725-79f47fa49463",
                            "network.0.port": "",
                            "network.0.uuid": "d5115e6e-4234-49d0-b930-1c5eb92e9b91",
                            "region": "",
                            "security_groups.#": "1",
                            "security_groups.3814588639": "default",
                            "stop_before_destroy": "false"
                        },
                        "meta": {
                            "e2bfb730-ecaa-11e6-8f88-34363bc7c4c0": {
                                "create": 1800000000000,
                                "delete": 1800000000000,
                                "update": 1800000000000
                            }
                        },
                        "tainted": false
                    },
                    "deposed": [],
                    "provider": "module.test3.provider.opentelekomcloud"
                },
                "opentelekomcloud_compute_instance_v2.grid-engine.18": {
                    "type": "opentelekomcloud_compute_instance_v2",
                    "depends_on": [
                        "opentelekomcloud_blockstorage_volume_v2.grid-engine-sys-vol",
                        "opentelekomcloud_blockstorage_volume_v2.grid-engine-sys-vol.*"
                    ],
                    "primary": {
                        "id": "75364b95-ceab-466c-a2d6-2a10c1ed8949",
                        "attributes": {
                            "access_ip_v4": "192.168.102.195",
                            "access_ip_v6": "",
                            "all_metadata.%": "0",
                            "availability_zone": "eu-de-01",
                            "block_device.#": "1",
                            "block_device.0.boot_index": "0",
                            "block_device.0.delete_on_termination": "true",
                            "block_device.0.destination_type": "volume",
                            "block_device.0.guest_format": "",
                            "block_device.0.source_type": "volume",
                            "block_device.0.uuid": "cfb0281b-f922-41dc-a950-45f27906e61b",
                            "block_device.0.volume_size": "0",
                            "flavor_id": "s2.xlarge.4",
                            "flavor_name": "s2.xlarge.4",
                            "id": "75364b95-ceab-466c-a2d6-2a10c1ed8949",
                            "image_id": "Attempt to boot from volume - no image supplied",
                            "key_pair": "key4VPN",
                            "name": "grid-engine18",
                            "network.#": "1",
                            "network.0.access_network": "false",
                            "network.0.fixed_ip_v4": "192.168.102.195",
                            "network.0.fixed_ip_v6": "",
                            "network.0.floating_ip": "",
                            "network.0.mac": "fa:16:3e:49:a0:99",
                            "network.0.name": "f7d777c1-c7f0-464d-9725-79f47fa49463",
                            "network.0.port": "",
                            "network.0.uuid": "d5115e6e-4234-49d0-b930-1c5eb92e9b91",
                            "region": "",
                            "security_groups.#": "1",
                            "security_groups.3814588639": "default",
                            "stop_before_destroy": "false"
                        },
                        "meta": {
                            "e2bfb730-ecaa-11e6-8f88-34363bc7c4c0": {
                                "create": 1800000000000,
                                "delete": 1800000000000,
                                "update": 1800000000000
                            }
                        },
                        "tainted": false
                    },
                    "deposed": [],
                    "provider": "module.test3.provider.opentelekomcloud"
                },
                "opentelekomcloud_compute_instance_v2.grid-engine.19": {
                    "type": "opentelekomcloud_compute_instance_v2",
                    "depends_on": [
                        "opentelekomcloud_blockstorage_volume_v2.grid-engine-sys-vol",
                        "opentelekomcloud_blockstorage_volume_v2.grid-engine-sys-vol.*"
                    ],
                    "primary": {
                        "id": "0a2610b4-4956-43cd-bf66-1857e7d214ce",
                        "attributes": {
                            "access_ip_v4": "192.168.102.127",
                            "access_ip_v6": "",
                            "all_metadata.%": "0",
                            "availability_zone": "eu-de-01",
                            "block_device.#": "1",
                            "block_device.0.boot_index": "0",
                            "block_device.0.delete_on_termination": "true",
                            "block_device.0.destination_type": "volume",
                            "block_device.0.guest_format": "",
                            "block_device.0.source_type": "volume",
                            "block_device.0.uuid": "1d200af2-807e-47da-8473-fa1b69a9471d",
                            "block_device.0.volume_size": "0",
                            "flavor_id": "s2.xlarge.4",
                            "flavor_name": "s2.xlarge.4",
                            "id": "0a2610b4-4956-43cd-bf66-1857e7d214ce",
                            "image_id": "Attempt to boot from volume - no image supplied",
                            "key_pair": "key4VPN",
                            "name": "grid-engine19",
                            "network.#": "1",
                            "network.0.access_network": "false",
                            "network.0.fixed_ip_v4": "192.168.102.127",
                            "network.0.fixed_ip_v6": "",
                            "network.0.floating_ip": "",
                            "network.0.mac": "fa:16:3e:82:6f:60",
                            "network.0.name": "f7d777c1-c7f0-464d-9725-79f47fa49463",
                            "network.0.port": "",
                            "network.0.uuid": "d5115e6e-4234-49d0-b930-1c5eb92e9b91",
                            "region": "",
                            "security_groups.#": "1",
                            "security_groups.3814588639": "default",
                            "stop_before_destroy": "false"
                        },
                        "meta": {
                            "e2bfb730-ecaa-11e6-8f88-34363bc7c4c0": {
                                "create": 1800000000000,
                                "delete": 1800000000000,
                                "update": 1800000000000
                            }
                        },
                        "tainted": false
                    },
                    "deposed": [],
                    "provider": "module.test3.provider.opentelekomcloud"
                },
                "opentelekomcloud_compute_instance_v2.grid-engine.2": {
                    "type": "opentelekomcloud_compute_instance_v2",
                    "depends_on": [
                        "opentelekomcloud_blockstorage_volume_v2.grid-engine-sys-vol",
                        "opentelekomcloud_blockstorage_volume_v2.grid-engine-sys-vol.*"
                    ],
                    "primary": {
                        "id": "91c524ce-3252-44ec-97db-2e9dc85abf31",
                        "attributes": {
                            "access_ip_v4": "192.168.102.190",
                            "access_ip_v6": "",
                            "all_metadata.%": "0",
                            "availability_zone": "eu-de-01",
                            "block_device.#": "1",
                            "block_device.0.boot_index": "0",
                            "block_device.0.delete_on_termination": "true",
                            "block_device.0.destination_type": "volume",
                            "block_device.0.guest_format": "",
                            "block_device.0.source_type": "volume",
                            "block_device.0.uuid": "e7d347d0-8481-4cc6-ad21-e3202a578a83",
                            "block_device.0.volume_size": "0",
                            "flavor_id": "s2.xlarge.4",
                            "flavor_name": "s2.xlarge.4",
                            "id": "91c524ce-3252-44ec-97db-2e9dc85abf31",
                            "image_id": "Attempt to boot from volume - no image supplied",
                            "key_pair": "key4VPN",
                            "name": "grid-engine2",
                            "network.#": "1",
                            "network.0.access_network": "false",
                            "network.0.fixed_ip_v4": "192.168.102.190",
                            "network.0.fixed_ip_v6": "",
                            "network.0.floating_ip": "",
                            "network.0.mac": "fa:16:3e:ff:9e:20",
                            "network.0.name": "f7d777c1-c7f0-464d-9725-79f47fa49463",
                            "network.0.port": "",
                            "network.0.uuid": "d5115e6e-4234-49d0-b930-1c5eb92e9b91",
                            "region": "",
                            "security_groups.#": "1",
                            "security_groups.3814588639": "default",
                            "stop_before_destroy": "false"
                        },
                        "meta": {
                            "e2bfb730-ecaa-11e6-8f88-34363bc7c4c0": {
                                "create": 1800000000000,
                                "delete": 1800000000000,
                                "update": 1800000000000
                            }
                        },
                        "tainted": false
                    },
                    "deposed": [],
                    "provider": "module.test3.provider.opentelekomcloud"
                },
                "opentelekomcloud_compute_instance_v2.grid-engine.20": {
                    "type": "opentelekomcloud_compute_instance_v2",
                    "depends_on": [
                        "opentelekomcloud_blockstorage_volume_v2.grid-engine-sys-vol",
                        "opentelekomcloud_blockstorage_volume_v2.grid-engine-sys-vol.*"
                    ],
                    "primary": {
                        "id": "771621ee-d871-4c99-adb6-349d50cc74ff",
                        "attributes": {
                            "access_ip_v4": "192.168.102.9",
                            "access_ip_v6": "",
                            "all_metadata.%": "0",
                            "availability_zone": "eu-de-01",
                            "block_device.#": "1",
                            "block_device.0.boot_index": "0",
                            "block_device.0.delete_on_termination": "true",
                            "block_device.0.destination_type": "volume",
                            "block_device.0.guest_format": "",
                            "block_device.0.source_type": "volume",
                            "block_device.0.uuid": "d1022aec-6163-4cab-9239-f64f67c044b7",
                            "block_device.0.volume_size": "0",
                            "flavor_id": "s2.xlarge.4",
                            "flavor_name": "s2.xlarge.4",
                            "id": "771621ee-d871-4c99-adb6-349d50cc74ff",
                            "image_id": "Attempt to boot from volume - no image supplied",
                            "key_pair": "key4VPN",
                            "name": "grid-engine20",
                            "network.#": "1",
                            "network.0.access_network": "false",
                            "network.0.fixed_ip_v4": "192.168.102.9",
                            "network.0.fixed_ip_v6": "",
                            "network.0.floating_ip": "",
                            "network.0.mac": "fa:16:3e:e1:c1:78",
                            "network.0.name": "f7d777c1-c7f0-464d-9725-79f47fa49463",
                            "network.0.port": "",
                            "network.0.uuid": "d5115e6e-4234-49d0-b930-1c5eb92e9b91",
                            "region": "",
                            "security_groups.#": "1",
                            "security_groups.3814588639": "default",
                            "stop_before_destroy": "false"
                        },
                        "meta": {
                            "e2bfb730-ecaa-11e6-8f88-34363bc7c4c0": {
                                "create": 1800000000000,
                                "delete": 1800000000000,
                                "update": 1800000000000
                            }
                        },
                        "tainted": false
                    },
                    "deposed": [],
                    "provider": "module.test3.provider.opentelekomcloud"
                },
                "opentelekomcloud_compute_instance_v2.grid-engine.21": {
                    "type": "opentelekomcloud_compute_instance_v2",
                    "depends_on": [
                        "opentelekomcloud_blockstorage_volume_v2.grid-engine-sys-vol",
                        "opentelekomcloud_blockstorage_volume_v2.grid-engine-sys-vol.*"
                    ],
                    "primary": {
                        "id": "7a88d062-e3d4-4305-befd-0bc43b908bc1",
                        "attributes": {
                            "access_ip_v4": "192.168.102.171",
                            "access_ip_v6": "",
                            "all_metadata.%": "0",
                            "availability_zone": "eu-de-01",
                            "block_device.#": "1",
                            "block_device.0.boot_index": "0",
                            "block_device.0.delete_on_termination": "true",
                            "block_device.0.destination_type": "volume",
                            "block_device.0.guest_format": "",
                            "block_device.0.source_type": "volume",
                            "block_device.0.uuid": "e3938514-833d-4a3b-9441-f2bdc053cb25",
                            "block_device.0.volume_size": "0",
                            "flavor_id": "s2.xlarge.4",
                            "flavor_name": "s2.xlarge.4",
                            "id": "7a88d062-e3d4-4305-befd-0bc43b908bc1",
                            "image_id": "Attempt to boot from volume - no image supplied",
                            "key_pair": "key4VPN",
                            "name": "grid-engine21",
                            "network.#": "1",
                            "network.0.access_network": "false",
                            "network.0.fixed_ip_v4": "192.168.102.171",
                            "network.0.fixed_ip_v6": "",
                            "network.0.floating_ip": "",
                            "network.0.mac": "fa:16:3e:19:60:66",
                            "network.0.name": "f7d777c1-c7f0-464d-9725-79f47fa49463",
                            "network.0.port": "",
                            "network.0.uuid": "d5115e6e-4234-49d0-b930-1c5eb92e9b91",
                            "region": "",
                            "security_groups.#": "1",
                            "security_groups.3814588639": "default",
                            "stop_before_destroy": "false"
                        },
                        "meta": {
                            "e2bfb730-ecaa-11e6-8f88-34363bc7c4c0": {
                                "create": 1800000000000,
                                "delete": 1800000000000,
                                "update": 1800000000000
                            }
                        },
                        "tainted": false
                    },
                    "deposed": [],
                    "provider": "module.test3.provider.opentelekomcloud"
                },
                "opentelekomcloud_compute_instance_v2.grid-engine.22": {
                    "type": "opentelekomcloud_compute_instance_v2",
                    "depends_on": [
                        "opentelekomcloud_blockstorage_volume_v2.grid-engine-sys-vol",
                        "opentelekomcloud_blockstorage_volume_v2.grid-engine-sys-vol.*"
                    ],
                    "primary": {
                        "id": "2a3d8f0a-4970-4979-a196-40b29217182f",
                        "attributes": {
                            "access_ip_v4": "192.168.102.156",
                            "access_ip_v6": "",
                            "all_metadata.%": "0",
                            "availability_zone": "eu-de-01",
                            "block_device.#": "1",
                            "block_device.0.boot_index": "0",
                            "block_device.0.delete_on_termination": "true",
                            "block_device.0.destination_type": "volume",
                            "block_device.0.guest_format": "",
                            "block_device.0.source_type": "volume",
                            "block_device.0.uuid": "85c7daf7-c01f-4844-8fa4-e08708b89f13",
                            "block_device.0.volume_size": "0",
                            "flavor_id": "s2.xlarge.4",
                            "flavor_name": "s2.xlarge.4",
                            "id": "2a3d8f0a-4970-4979-a196-40b29217182f",
                            "image_id": "Attempt to boot from volume - no image supplied",
                            "key_pair": "key4VPN",
                            "name": "grid-engine22",
                            "network.#": "1",
                            "network.0.access_network": "false",
                            "network.0.fixed_ip_v4": "192.168.102.156",
                            "network.0.fixed_ip_v6": "",
                            "network.0.floating_ip": "",
                            "network.0.mac": "fa:16:3e:1f:38:9d",
                            "network.0.name": "f7d777c1-c7f0-464d-9725-79f47fa49463",
                            "network.0.port": "",
                            "network.0.uuid": "d5115e6e-4234-49d0-b930-1c5eb92e9b91",
                            "region": "",
                            "security_groups.#": "1",
                            "security_groups.3814588639": "default",
                            "stop_before_destroy": "false"
                        },
                        "meta": {
                            "e2bfb730-ecaa-11e6-8f88-34363bc7c4c0": {
                                "create": 1800000000000,
                                "delete": 1800000000000,
                                "update": 1800000000000
                            }
                        },
                        "tainted": false
                    },
                    "deposed": [],
                    "provider": "module.test3.provider.opentelekomcloud"
                },
                "opentelekomcloud_compute_instance_v2.grid-engine.23": {
                    "type": "opentelekomcloud_compute_instance_v2",
                    "depends_on": [
                        "opentelekomcloud_blockstorage_volume_v2.grid-engine-sys-vol",
                        "opentelekomcloud_blockstorage_volume_v2.grid-engine-sys-vol.*"
                    ],
                    "primary": {
                        "id": "9859a68e-e261-4302-aea0-ec1f1caf8ef8",
                        "attributes": {
                            "access_ip_v4": "192.168.102.55",
                            "access_ip_v6": "",
                            "all_metadata.%": "0",
                            "availability_zone": "eu-de-01",
                            "block_device.#": "1",
                            "block_device.0.boot_index": "0",
                            "block_device.0.delete_on_termination": "true",
                            "block_device.0.destination_type": "volume",
                            "block_device.0.guest_format": "",
                            "block_device.0.source_type": "volume",
                            "block_device.0.uuid": "e23c56a5-3178-4684-b473-ff6575028af0",
                            "block_device.0.volume_size": "0",
                            "flavor_id": "s2.xlarge.4",
                            "flavor_name": "s2.xlarge.4",
                            "id": "9859a68e-e261-4302-aea0-ec1f1caf8ef8",
                            "image_id": "Attempt to boot from volume - no image supplied",
                            "key_pair": "key4VPN",
                            "name": "grid-engine23",
                            "network.#": "1",
                            "network.0.access_network": "false",
                            "network.0.fixed_ip_v4": "192.168.102.55",
                            "network.0.fixed_ip_v6": "",
                            "network.0.floating_ip": "",
                            "network.0.mac": "fa:16:3e:e3:76:dc",
                            "network.0.name": "f7d777c1-c7f0-464d-9725-79f47fa49463",
                            "network.0.port": "",
                            "network.0.uuid": "d5115e6e-4234-49d0-b930-1c5eb92e9b91",
                            "region": "",
                            "security_groups.#": "1",
                            "security_groups.3814588639": "default",
                            "stop_before_destroy": "false"
                        },
                        "meta": {
                            "e2bfb730-ecaa-11e6-8f88-34363bc7c4c0": {
                                "create": 1800000000000,
                                "delete": 1800000000000,
                                "update": 1800000000000
                            }
                        },
                        "tainted": false
                    },
                    "deposed": [],
                    "provider": "module.test3.provider.opentelekomcloud"
                },
                "opentelekomcloud_compute_instance_v2.grid-engine.24": {
                    "type": "opentelekomcloud_compute_instance_v2",
                    "depends_on": [
                        "opentelekomcloud_blockstorage_volume_v2.grid-engine-sys-vol",
                        "opentelekomcloud_blockstorage_volume_v2.grid-engine-sys-vol.*"
                    ],
                    "primary": {
                        "id": "0a626ff3-f490-4c72-88c1-b0f8a37afd76",
                        "attributes": {
                            "access_ip_v4": "192.168.102.71",
                            "access_ip_v6": "",
                            "all_metadata.%": "0",
                            "availability_zone": "eu-de-01",
                            "block_device.#": "1",
                            "block_device.0.boot_index": "0",
                            "block_device.0.delete_on_termination": "true",
                            "block_device.0.destination_type": "volume",
                            "block_device.0.guest_format": "",
                            "block_device.0.source_type": "volume",
                            "block_device.0.uuid": "92caaa3a-370f-45c0-9c31-da8fd7087e13",
                            "block_device.0.volume_size": "0",
                            "flavor_id": "s2.xlarge.4",
                            "flavor_name": "s2.xlarge.4",
                            "id": "0a626ff3-f490-4c72-88c1-b0f8a37afd76",
                            "image_id": "Attempt to boot from volume - no image supplied",
                            "key_pair": "key4VPN",
                            "name": "grid-engine24",
                            "network.#": "1",
                            "network.0.access_network": "false",
                            "network.0.fixed_ip_v4": "192.168.102.71",
                            "network.0.fixed_ip_v6": "",
                            "network.0.floating_ip": "",
                            "network.0.mac": "fa:16:3e:37:a6:12",
                            "network.0.name": "f7d777c1-c7f0-464d-9725-79f47fa49463",
                            "network.0.port": "",
                            "network.0.uuid": "d5115e6e-4234-49d0-b930-1c5eb92e9b91",
                            "region": "",
                            "security_groups.#": "1",
                            "security_groups.3814588639": "default",
                            "stop_before_destroy": "false"
                        },
                        "meta": {
                            "e2bfb730-ecaa-11e6-8f88-34363bc7c4c0": {
                                "create": 1800000000000,
                                "delete": 1800000000000,
                                "update": 1800000000000
                            }
                        },
                        "tainted": false
                    },
                    "deposed": [],
                    "provider": "module.test3.provider.opentelekomcloud"
                },
                "opentelekomcloud_compute_instance_v2.grid-engine.25": {
                    "type": "opentelekomcloud_compute_instance_v2",
                    "depends_on": [
                        "opentelekomcloud_blockstorage_volume_v2.grid-engine-sys-vol",
                        "opentelekomcloud_blockstorage_volume_v2.grid-engine-sys-vol.*"
                    ],
                    "primary": {
                        "id": "42e00238-d04a-4d43-afd6-1e0a2aa96698",
                        "attributes": {
                            "access_ip_v4": "192.168.102.34",
                            "access_ip_v6": "",
                            "all_metadata.%": "0",
                            "availability_zone": "eu-de-01",
                            "block_device.#": "1",
                            "block_device.0.boot_index": "0",
                            "block_device.0.delete_on_termination": "true",
                            "block_device.0.destination_type": "volume",
                            "block_device.0.guest_format": "",
                            "block_device.0.source_type": "volume",
                            "block_device.0.uuid": "0dd5aa51-954b-44b8-960b-b0859ed16e6f",
                            "block_device.0.volume_size": "0",
                            "flavor_id": "s2.xlarge.4",
                            "flavor_name": "s2.xlarge.4",
                            "id": "42e00238-d04a-4d43-afd6-1e0a2aa96698",
                            "image_id": "Attempt to boot from volume - no image supplied",
                            "key_pair": "key4VPN",
                            "name": "grid-engine25",
                            "network.#": "1",
                            "network.0.access_network": "false",
                            "network.0.fixed_ip_v4": "192.168.102.34",
                            "network.0.fixed_ip_v6": "",
                            "network.0.floating_ip": "",
                            "network.0.mac": "fa:16:3e:0d:42:75",
                            "network.0.name": "f7d777c1-c7f0-464d-9725-79f47fa49463",
                            "network.0.port": "",
                            "network.0.uuid": "d5115e6e-4234-49d0-b930-1c5eb92e9b91",
                            "region": "",
                            "security_groups.#": "1",
                            "security_groups.3814588639": "default",
                            "stop_before_destroy": "false"
                        },
                        "meta": {
                            "e2bfb730-ecaa-11e6-8f88-34363bc7c4c0": {
                                "create": 1800000000000,
                                "delete": 1800000000000,
                                "update": 1800000000000
                            }
                        },
                        "tainted": false
                    },
                    "deposed": [],
                    "provider": "module.test3.provider.opentelekomcloud"
                },
                "opentelekomcloud_compute_instance_v2.grid-engine.26": {
                    "type": "opentelekomcloud_compute_instance_v2",
                    "depends_on": [
                        "opentelekomcloud_blockstorage_volume_v2.grid-engine-sys-vol",
                        "opentelekomcloud_blockstorage_volume_v2.grid-engine-sys-vol.*"
                    ],
                    "primary": {
                        "id": "6b0ec142-ccea-439f-88d7-fc759462fcdc",
                        "attributes": {
                            "access_ip_v4": "192.168.102.25",
                            "access_ip_v6": "",
                            "all_metadata.%": "0",
                            "availability_zone": "eu-de-01",
                            "block_device.#": "1",
                            "block_device.0.boot_index": "0",
                            "block_device.0.delete_on_termination": "true",
                            "block_device.0.destination_type": "volume",
                            "block_device.0.guest_format": "",
                            "block_device.0.source_type": "volume",
                            "block_device.0.uuid": "01660b76-9f01-46ad-ac51-5f7cde8d6da5",
                            "block_device.0.volume_size": "0",
                            "flavor_id": "s2.xlarge.4",
                            "flavor_name": "s2.xlarge.4",
                            "id": "6b0ec142-ccea-439f-88d7-fc759462fcdc",
                            "image_id": "Attempt to boot from volume - no image supplied",
                            "key_pair": "key4VPN",
                            "name": "grid-engine26",
                            "network.#": "1",
                            "network.0.access_network": "false",
                            "network.0.fixed_ip_v4": "192.168.102.25",
                            "network.0.fixed_ip_v6": "",
                            "network.0.floating_ip": "",
                            "network.0.mac": "fa:16:3e:b9:9d:48",
                            "network.0.name": "f7d777c1-c7f0-464d-9725-79f47fa49463",
                            "network.0.port": "",
                            "network.0.uuid": "d5115e6e-4234-49d0-b930-1c5eb92e9b91",
                            "region": "",
                            "security_groups.#": "1",
                            "security_groups.3814588639": "default",
                            "stop_before_destroy": "false"
                        },
                        "meta": {
                            "e2bfb730-ecaa-11e6-8f88-34363bc7c4c0": {
                                "create": 1800000000000,
                                "delete": 1800000000000,
                                "update": 1800000000000
                            }
                        },
                        "tainted": false
                    },
                    "deposed": [],
                    "provider": "module.test3.provider.opentelekomcloud"
                },
                "opentelekomcloud_compute_instance_v2.grid-engine.27": {
                    "type": "opentelekomcloud_compute_instance_v2",
                    "depends_on": [
                        "opentelekomcloud_blockstorage_volume_v2.grid-engine-sys-vol",
                        "opentelekomcloud_blockstorage_volume_v2.grid-engine-sys-vol.*"
                    ],
                    "primary": {
                        "id": "ce97dfb8-60e7-4311-b53d-19454b7a66a5",
                        "attributes": {
                            "access_ip_v4": "192.168.102.244",
                            "access_ip_v6": "",
                            "all_metadata.%": "0",
                            "availability_zone": "eu-de-01",
                            "block_device.#": "1",
                            "block_device.0.boot_index": "0",
                            "block_device.0.delete_on_termination": "true",
                            "block_device.0.destination_type": "volume",
                            "block_device.0.guest_format": "",
                            "block_device.0.source_type": "volume",
                            "block_device.0.uuid": "2d40a01f-fbd7-43bd-856b-a47480c570d8",
                            "block_device.0.volume_size": "0",
                            "flavor_id": "s2.xlarge.4",
                            "flavor_name": "s2.xlarge.4",
                            "id": "ce97dfb8-60e7-4311-b53d-19454b7a66a5",
                            "image_id": "Attempt to boot from volume - no image supplied",
                            "key_pair": "key4VPN",
                            "name": "grid-engine27",
                            "network.#": "1",
                            "network.0.access_network": "false",
                            "network.0.fixed_ip_v4": "192.168.102.244",
                            "network.0.fixed_ip_v6": "",
                            "network.0.floating_ip": "",
                            "network.0.mac": "fa:16:3e:c7:fa:c8",
                            "network.0.name": "f7d777c1-c7f0-464d-9725-79f47fa49463",
                            "network.0.port": "",
                            "network.0.uuid": "d5115e6e-4234-49d0-b930-1c5eb92e9b91",
                            "region": "",
                            "security_groups.#": "1",
                            "security_groups.3814588639": "default",
                            "stop_before_destroy": "false"
                        },
                        "meta": {
                            "e2bfb730-ecaa-11e6-8f88-34363bc7c4c0": {
                                "create": 1800000000000,
                                "delete": 1800000000000,
                                "update": 1800000000000
                            }
                        },
                        "tainted": false
                    },
                    "deposed": [],
                    "provider": "module.test3.provider.opentelekomcloud"
                },
                "opentelekomcloud_compute_instance_v2.grid-engine.28": {
                    "type": "opentelekomcloud_compute_instance_v2",
                    "depends_on": [
                        "opentelekomcloud_blockstorage_volume_v2.grid-engine-sys-vol",
                        "opentelekomcloud_blockstorage_volume_v2.grid-engine-sys-vol.*"
                    ],
                    "primary": {
                        "id": "8971e8b3-4331-4dc3-8e12-6021f5145a8a",
                        "attributes": {
                            "access_ip_v4": "192.168.102.38",
                            "access_ip_v6": "",
                            "all_metadata.%": "0",
                            "availability_zone": "eu-de-01",
                            "block_device.#": "1",
                            "block_device.0.boot_index": "0",
                            "block_device.0.delete_on_termination": "true",
                            "block_device.0.destination_type": "volume",
                            "block_device.0.guest_format": "",
                            "block_device.0.source_type": "volume",
                            "block_device.0.uuid": "d51a4da5-c361-4763-a0da-7c8d6e38f4de",
                            "block_device.0.volume_size": "0",
                            "flavor_id": "s2.xlarge.4",
                            "flavor_name": "s2.xlarge.4",
                            "id": "8971e8b3-4331-4dc3-8e12-6021f5145a8a",
                            "image_id": "Attempt to boot from volume - no image supplied",
                            "key_pair": "key4VPN",
                            "name": "grid-engine28",
                            "network.#": "1",
                            "network.0.access_network": "false",
                            "network.0.fixed_ip_v4": "192.168.102.38",
                            "network.0.fixed_ip_v6": "",
                            "network.0.floating_ip": "",
                            "network.0.mac": "fa:16:3e:9b:15:b2",
                            "network.0.name": "f7d777c1-c7f0-464d-9725-79f47fa49463",
                            "network.0.port": "",
                            "network.0.uuid": "d5115e6e-4234-49d0-b930-1c5eb92e9b91",
                            "region": "",
                            "security_groups.#": "1",
                            "security_groups.3814588639": "default",
                            "stop_before_destroy": "false"
                        },
                        "meta": {
                            "e2bfb730-ecaa-11e6-8f88-34363bc7c4c0": {
                                "create": 1800000000000,
                                "delete": 1800000000000,
                                "update": 1800000000000
                            }
                        },
                        "tainted": false
                    },
                    "deposed": [],
                    "provider": "module.test3.provider.opentelekomcloud"
                },
                "opentelekomcloud_compute_instance_v2.grid-engine.29": {
                    "type": "opentelekomcloud_compute_instance_v2",
                    "depends_on": [
                        "opentelekomcloud_blockstorage_volume_v2.grid-engine-sys-vol",
                        "opentelekomcloud_blockstorage_volume_v2.grid-engine-sys-vol.*"
                    ],
                    "primary": {
                        "id": "0bf4260c-8b11-4802-a92f-e7151468d2a8",
                        "attributes": {
                            "access_ip_v4": "192.168.102.146",
                            "access_ip_v6": "",
                            "all_metadata.%": "0",
                            "availability_zone": "eu-de-01",
                            "block_device.#": "1",
                            "block_device.0.boot_index": "0",
                            "block_device.0.delete_on_termination": "true",
                            "block_device.0.destination_type": "volume",
                            "block_device.0.guest_format": "",
                            "block_device.0.source_type": "volume",
                            "block_device.0.uuid": "e69b1da7-a42f-4e63-b8e9-8434b8401fbc",
                            "block_device.0.volume_size": "0",
                            "flavor_id": "s2.xlarge.4",
                            "flavor_name": "s2.xlarge.4",
                            "id": "0bf4260c-8b11-4802-a92f-e7151468d2a8",
                            "image_id": "Attempt to boot from volume - no image supplied",
                            "key_pair": "key4VPN",
                            "name": "grid-engine29",
                            "network.#": "1",
                            "network.0.access_network": "false",
                            "network.0.fixed_ip_v4": "192.168.102.146",
                            "network.0.fixed_ip_v6": "",
                            "network.0.floating_ip": "",
                            "network.0.mac": "fa:16:3e:5d:fa:e1",
                            "network.0.name": "f7d777c1-c7f0-464d-9725-79f47fa49463",
                            "network.0.port": "",
                            "network.0.uuid": "d5115e6e-4234-49d0-b930-1c5eb92e9b91",
                            "region": "",
                            "security_groups.#": "1",
                            "security_groups.3814588639": "default",
                            "stop_before_destroy": "false"
                        },
                        "meta": {
                            "e2bfb730-ecaa-11e6-8f88-34363bc7c4c0": {
                                "create": 1800000000000,
                                "delete": 1800000000000,
                                "update": 1800000000000
                            }
                        },
                        "tainted": false
                    },
                    "deposed": [],
                    "provider": "module.test3.provider.opentelekomcloud"
                },
                "opentelekomcloud_compute_instance_v2.grid-engine.3": {
                    "type": "opentelekomcloud_compute_instance_v2",
                    "depends_on": [
                        "opentelekomcloud_blockstorage_volume_v2.grid-engine-sys-vol",
                        "opentelekomcloud_blockstorage_volume_v2.grid-engine-sys-vol.*"
                    ],
                    "primary": {
                        "id": "58b09a1e-0aa4-42ca-8667-4245f883027c",
                        "attributes": {
                            "access_ip_v4": "192.168.102.70",
                            "access_ip_v6": "",
                            "all_metadata.%": "0",
                            "availability_zone": "eu-de-01",
                            "block_device.#": "1",
                            "block_device.0.boot_index": "0",
                            "block_device.0.delete_on_termination": "true",
                            "block_device.0.destination_type": "volume",
                            "block_device.0.guest_format": "",
                            "block_device.0.source_type": "volume",
                            "block_device.0.uuid": "c5e9c071-efd5-4dd8-8f4f-1d43ee01f1af",
                            "block_device.0.volume_size": "0",
                            "flavor_id": "s2.xlarge.4",
                            "flavor_name": "s2.xlarge.4",
                            "id": "58b09a1e-0aa4-42ca-8667-4245f883027c",
                            "image_id": "Attempt to boot from volume - no image supplied",
                            "key_pair": "key4VPN",
                            "name": "grid-engine3",
                            "network.#": "1",
                            "network.0.access_network": "false",
                            "network.0.fixed_ip_v4": "192.168.102.70",
                            "network.0.fixed_ip_v6": "",
                            "network.0.floating_ip": "",
                            "network.0.mac": "fa:16:3e:99:4f:d8",
                            "network.0.name": "f7d777c1-c7f0-464d-9725-79f47fa49463",
                            "network.0.port": "",
                            "network.0.uuid": "d5115e6e-4234-49d0-b930-1c5eb92e9b91",
                            "region": "",
                            "security_groups.#": "1",
                            "security_groups.3814588639": "default",
                            "stop_before_destroy": "false"
                        },
                        "meta": {
                            "e2bfb730-ecaa-11e6-8f88-34363bc7c4c0": {
                                "create": 1800000000000,
                                "delete": 1800000000000,
                                "update": 1800000000000
                            }
                        },
                        "tainted": false
                    },
                    "deposed": [],
                    "provider": "module.test3.provider.opentelekomcloud"
                },
                "opentelekomcloud_compute_instance_v2.grid-engine.30": {
                    "type": "opentelekomcloud_compute_instance_v2",
                    "depends_on": [
                        "opentelekomcloud_blockstorage_volume_v2.grid-engine-sys-vol",
                        "opentelekomcloud_blockstorage_volume_v2.grid-engine-sys-vol.*"
                    ],
                    "primary": {
                        "id": "061caf47-71f7-41e5-831c-c629ae4c349e",
                        "attributes": {
                            "access_ip_v4": "192.168.102.6",
                            "access_ip_v6": "",
                            "all_metadata.%": "0",
                            "availability_zone": "eu-de-01",
                            "block_device.#": "1",
                            "block_device.0.boot_index": "0",
                            "block_device.0.delete_on_termination": "true",
                            "block_device.0.destination_type": "volume",
                            "block_device.0.guest_format": "",
                            "block_device.0.source_type": "volume",
                            "block_device.0.uuid": "806002b5-d7ac-4cbb-ac72-71d411700cd6",
                            "block_device.0.volume_size": "0",
                            "flavor_id": "s2.xlarge.4",
                            "flavor_name": "s2.xlarge.4",
                            "id": "061caf47-71f7-41e5-831c-c629ae4c349e",
                            "image_id": "Attempt to boot from volume - no image supplied",
                            "key_pair": "key4VPN",
                            "name": "grid-engine30",
                            "network.#": "1",
                            "network.0.access_network": "false",
                            "network.0.fixed_ip_v4": "192.168.102.6",
                            "network.0.fixed_ip_v6": "",
                            "network.0.floating_ip": "",
                            "network.0.mac": "fa:16:3e:6f:da:e6",
                            "network.0.name": "f7d777c1-c7f0-464d-9725-79f47fa49463",
                            "network.0.port": "",
                            "network.0.uuid": "d5115e6e-4234-49d0-b930-1c5eb92e9b91",
                            "region": "",
                            "security_groups.#": "1",
                            "security_groups.3814588639": "default",
                            "stop_before_destroy": "false"
                        },
                        "meta": {
                            "e2bfb730-ecaa-11e6-8f88-34363bc7c4c0": {
                                "create": 1800000000000,
                                "delete": 1800000000000,
                                "update": 1800000000000
                            }
                        },
                        "tainted": false
                    },
                    "deposed": [],
                    "provider": "module.test3.provider.opentelekomcloud"
                },
                "opentelekomcloud_compute_instance_v2.grid-engine.31": {
                    "type": "opentelekomcloud_compute_instance_v2",
                    "depends_on": [
                        "opentelekomcloud_blockstorage_volume_v2.grid-engine-sys-vol",
                        "opentelekomcloud_blockstorage_volume_v2.grid-engine-sys-vol.*"
                    ],
                    "primary": {
                        "id": "d434d91c-1a0d-40fc-91fc-1050d0fbd757",
                        "attributes": {
                            "access_ip_v4": "192.168.102.17",
                            "access_ip_v6": "",
                            "all_metadata.%": "0",
                            "availability_zone": "eu-de-01",
                            "block_device.#": "1",
                            "block_device.0.boot_index": "0",
                            "block_device.0.delete_on_termination": "true",
                            "block_device.0.destination_type": "volume",
                            "block_device.0.guest_format": "",
                            "block_device.0.source_type": "volume",
                            "block_device.0.uuid": "aa2835df-1969-4a42-91d5-26a006e574fc",
                            "block_device.0.volume_size": "0",
                            "flavor_id": "s2.xlarge.4",
                            "flavor_name": "s2.xlarge.4",
                            "id": "d434d91c-1a0d-40fc-91fc-1050d0fbd757",
                            "image_id": "Attempt to boot from volume - no image supplied",
                            "key_pair": "key4VPN",
                            "name": "grid-engine31",
                            "network.#": "1",
                            "network.0.access_network": "false",
                            "network.0.fixed_ip_v4": "192.168.102.17",
                            "network.0.fixed_ip_v6": "",
                            "network.0.floating_ip": "",
                            "network.0.mac": "fa:16:3e:0d:7f:b8",
                            "network.0.name": "f7d777c1-c7f0-464d-9725-79f47fa49463",
                            "network.0.port": "",
                            "network.0.uuid": "d5115e6e-4234-49d0-b930-1c5eb92e9b91",
                            "region": "",
                            "security_groups.#": "1",
                            "security_groups.3814588639": "default",
                            "stop_before_destroy": "false"
                        },
                        "meta": {
                            "e2bfb730-ecaa-11e6-8f88-34363bc7c4c0": {
                                "create": 1800000000000,
                                "delete": 1800000000000,
                                "update": 1800000000000
                            }
                        },
                        "tainted": false
                    },
                    "deposed": [],
                    "provider": "module.test3.provider.opentelekomcloud"
                },
                "opentelekomcloud_compute_instance_v2.grid-engine.32": {
                    "type": "opentelekomcloud_compute_instance_v2",
                    "depends_on": [
                        "opentelekomcloud_blockstorage_volume_v2.grid-engine-sys-vol",
                        "opentelekomcloud_blockstorage_volume_v2.grid-engine-sys-vol.*"
                    ],
                    "primary": {
                        "id": "1abc9367-261a-4802-86f6-b0543f93de61",
                        "attributes": {
                            "access_ip_v4": "192.168.102.232",
                            "access_ip_v6": "",
                            "all_metadata.%": "0",
                            "availability_zone": "eu-de-01",
                            "block_device.#": "1",
                            "block_device.0.boot_index": "0",
                            "block_device.0.delete_on_termination": "true",
                            "block_device.0.destination_type": "volume",
                            "block_device.0.guest_format": "",
                            "block_device.0.source_type": "volume",
                            "block_device.0.uuid": "d2a97402-a9c5-4118-ae18-15fb11439b2e",
                            "block_device.0.volume_size": "0",
                            "flavor_id": "s2.xlarge.4",
                            "flavor_name": "s2.xlarge.4",
                            "id": "1abc9367-261a-4802-86f6-b0543f93de61",
                            "image_id": "Attempt to boot from volume - no image supplied",
                            "key_pair": "key4VPN",
                            "name": "grid-engine32",
                            "network.#": "1",
                            "network.0.access_network": "false",
                            "network.0.fixed_ip_v4": "192.168.102.232",
                            "network.0.fixed_ip_v6": "",
                            "network.0.floating_ip": "",
                            "network.0.mac": "fa:16:3e:3f:8f:6d",
                            "network.0.name": "f7d777c1-c7f0-464d-9725-79f47fa49463",
                            "network.0.port": "",
                            "network.0.uuid": "d5115e6e-4234-49d0-b930-1c5eb92e9b91",
                            "region": "",
                            "security_groups.#": "1",
                            "security_groups.3814588639": "default",
                            "stop_before_destroy": "false"
                        },
                        "meta": {
                            "e2bfb730-ecaa-11e6-8f88-34363bc7c4c0": {
                                "create": 1800000000000,
                                "delete": 1800000000000,
                                "update": 1800000000000
                            }
                        },
                        "tainted": false
                    },
                    "deposed": [],
                    "provider": "module.test3.provider.opentelekomcloud"
                },
                "opentelekomcloud_compute_instance_v2.grid-engine.33": {
                    "type": "opentelekomcloud_compute_instance_v2",
                    "depends_on": [
                        "opentelekomcloud_blockstorage_volume_v2.grid-engine-sys-vol",
                        "opentelekomcloud_blockstorage_volume_v2.grid-engine-sys-vol.*"
                    ],
                    "primary": {
                        "id": "992a51df-111b-460f-bb18-5fa8ceb897dd",
                        "attributes": {
                            "access_ip_v4": "192.168.102.188",
                            "access_ip_v6": "",
                            "all_metadata.%": "0",
                            "availability_zone": "eu-de-01",
                            "block_device.#": "1",
                            "block_device.0.boot_index": "0",
                            "block_device.0.delete_on_termination": "true",
                            "block_device.0.destination_type": "volume",
                            "block_device.0.guest_format": "",
                            "block_device.0.source_type": "volume",
                            "block_device.0.uuid": "808d133b-9aeb-443d-abb0-b6f1e8d5229b",
                            "block_device.0.volume_size": "0",
                            "flavor_id": "s2.xlarge.4",
                            "flavor_name": "s2.xlarge.4",
                            "id": "992a51df-111b-460f-bb18-5fa8ceb897dd",
                            "image_id": "Attempt to boot from volume - no image supplied",
                            "key_pair": "key4VPN",
                            "name": "grid-engine33",
                            "network.#": "1",
                            "network.0.access_network": "false",
                            "network.0.fixed_ip_v4": "192.168.102.188",
                            "network.0.fixed_ip_v6": "",
                            "network.0.floating_ip": "",
                            "network.0.mac": "fa:16:3e:09:95:d5",
                            "network.0.name": "f7d777c1-c7f0-464d-9725-79f47fa49463",
                            "network.0.port": "",
                            "network.0.uuid": "d5115e6e-4234-49d0-b930-1c5eb92e9b91",
                            "region": "",
                            "security_groups.#": "1",
                            "security_groups.3814588639": "default",
                            "stop_before_destroy": "false"
                        },
                        "meta": {
                            "e2bfb730-ecaa-11e6-8f88-34363bc7c4c0": {
                                "create": 1800000000000,
                                "delete": 1800000000000,
                                "update": 1800000000000
                            }
                        },
                        "tainted": false
                    },
                    "deposed": [],
                    "provider": "module.test3.provider.opentelekomcloud"
                },
                "opentelekomcloud_compute_instance_v2.grid-engine.34": {
                    "type": "opentelekomcloud_compute_instance_v2",
                    "depends_on": [
                        "opentelekomcloud_blockstorage_volume_v2.grid-engine-sys-vol",
                        "opentelekomcloud_blockstorage_volume_v2.grid-engine-sys-vol.*"
                    ],
                    "primary": {
                        "id": "d7c0020c-d6cb-4e25-a3f8-09072e6f98ae",
                        "attributes": {
                            "access_ip_v4": "192.168.102.231",
                            "access_ip_v6": "",
                            "all_metadata.%": "0",
                            "availability_zone": "eu-de-01",
                            "block_device.#": "1",
                            "block_device.0.boot_index": "0",
                            "block_device.0.delete_on_termination": "true",
                            "block_device.0.destination_type": "volume",
                            "block_device.0.guest_format": "",
                            "block_device.0.source_type": "volume",
                            "block_device.0.uuid": "37c543dd-8de0-4e7e-8185-f43d9a9fcd40",
                            "block_device.0.volume_size": "0",
                            "flavor_id": "s2.xlarge.4",
                            "flavor_name": "s2.xlarge.4",
                            "id": "d7c0020c-d6cb-4e25-a3f8-09072e6f98ae",
                            "image_id": "Attempt to boot from volume - no image supplied",
                            "key_pair": "key4VPN",
                            "name": "grid-engine34",
                            "network.#": "1",
                            "network.0.access_network": "false",
                            "network.0.fixed_ip_v4": "192.168.102.231",
                            "network.0.fixed_ip_v6": "",
                            "network.0.floating_ip": "",
                            "network.0.mac": "fa:16:3e:ce:c8:ce",
                            "network.0.name": "f7d777c1-c7f0-464d-9725-79f47fa49463",
                            "network.0.port": "",
                            "network.0.uuid": "d5115e6e-4234-49d0-b930-1c5eb92e9b91",
                            "region": "",
                            "security_groups.#": "1",
                            "security_groups.3814588639": "default",
                            "stop_before_destroy": "false"
                        },
                        "meta": {
                            "e2bfb730-ecaa-11e6-8f88-34363bc7c4c0": {
                                "create": 1800000000000,
                                "delete": 1800000000000,
                                "update": 1800000000000
                            }
                        },
                        "tainted": false
                    },
                    "deposed": [],
                    "provider": "module.test3.provider.opentelekomcloud"
                },
                "opentelekomcloud_compute_instance_v2.grid-engine.35": {
                    "type": "opentelekomcloud_compute_instance_v2",
                    "depends_on": [
                        "opentelekomcloud_blockstorage_volume_v2.grid-engine-sys-vol",
                        "opentelekomcloud_blockstorage_volume_v2.grid-engine-sys-vol.*"
                    ],
                    "primary": {
                        "id": "7e30887b-f110-48cd-82ba-b0d145cc8731",
                        "attributes": {
                            "access_ip_v4": "192.168.102.134",
                            "access_ip_v6": "",
                            "all_metadata.%": "0",
                            "availability_zone": "eu-de-01",
                            "block_device.#": "1",
                            "block_device.0.boot_index": "0",
                            "block_device.0.delete_on_termination": "true",
                            "block_device.0.destination_type": "volume",
                            "block_device.0.guest_format": "",
                            "block_device.0.source_type": "volume",
                            "block_device.0.uuid": "9724c102-755d-4a19-82a4-41e7d830ab33",
                            "block_device.0.volume_size": "0",
                            "flavor_id": "s2.xlarge.4",
                            "flavor_name": "s2.xlarge.4",
                            "id": "7e30887b-f110-48cd-82ba-b0d145cc8731",
                            "image_id": "Attempt to boot from volume - no image supplied",
                            "key_pair": "key4VPN",
                            "name": "grid-engine35",
                            "network.#": "1",
                            "network.0.access_network": "false",
                            "network.0.fixed_ip_v4": "192.168.102.134",
                            "network.0.fixed_ip_v6": "",
                            "network.0.floating_ip": "",
                            "network.0.mac": "fa:16:3e:d7:68:de",
                            "network.0.name": "f7d777c1-c7f0-464d-9725-79f47fa49463",
                            "network.0.port": "",
                            "network.0.uuid": "d5115e6e-4234-49d0-b930-1c5eb92e9b91",
                            "region": "",
                            "security_groups.#": "1",
                            "security_groups.3814588639": "default",
                            "stop_before_destroy": "false"
                        },
                        "meta": {
                            "e2bfb730-ecaa-11e6-8f88-34363bc7c4c0": {
                                "create": 1800000000000,
                                "delete": 1800000000000,
                                "update": 1800000000000
                            }
                        },
                        "tainted": false
                    },
                    "deposed": [],
                    "provider": "module.test3.provider.opentelekomcloud"
                },
                "opentelekomcloud_compute_instance_v2.grid-engine.36": {
                    "type": "opentelekomcloud_compute_instance_v2",
                    "depends_on": [
                        "opentelekomcloud_blockstorage_volume_v2.grid-engine-sys-vol",
                        "opentelekomcloud_blockstorage_volume_v2.grid-engine-sys-vol.*"
                    ],
                    "primary": {
                        "id": "8f30a669-cf99-4116-a39b-d1385ab43a02",
                        "attributes": {
                            "access_ip_v4": "192.168.102.239",
                            "access_ip_v6": "",
                            "all_metadata.%": "0",
                            "availability_zone": "eu-de-01",
                            "block_device.#": "1",
                            "block_device.0.boot_index": "0",
                            "block_device.0.delete_on_termination": "true",
                            "block_device.0.destination_type": "volume",
                            "block_device.0.guest_format": "",
                            "block_device.0.source_type": "volume",
                            "block_device.0.uuid": "c2a4f235-51a8-4aeb-af45-c7527a593338",
                            "block_device.0.volume_size": "0",
                            "flavor_id": "s2.xlarge.4",
                            "flavor_name": "s2.xlarge.4",
                            "id": "8f30a669-cf99-4116-a39b-d1385ab43a02",
                            "image_id": "Attempt to boot from volume - no image supplied",
                            "key_pair": "key4VPN",
                            "name": "grid-engine36",
                            "network.#": "1",
                            "network.0.access_network": "false",
                            "network.0.fixed_ip_v4": "192.168.102.239",
                            "network.0.fixed_ip_v6": "",
                            "network.0.floating_ip": "",
                            "network.0.mac": "fa:16:3e:ca:b5:3f",
                            "network.0.name": "f7d777c1-c7f0-464d-9725-79f47fa49463",
                            "network.0.port": "",
                            "network.0.uuid": "d5115e6e-4234-49d0-b930-1c5eb92e9b91",
                            "region": "",
                            "security_groups.#": "1",
                            "security_groups.3814588639": "default",
                            "stop_before_destroy": "false"
                        },
                        "meta": {
                            "e2bfb730-ecaa-11e6-8f88-34363bc7c4c0": {
                                "create": 1800000000000,
                                "delete": 1800000000000,
                                "update": 1800000000000
                            }
                        },
                        "tainted": false
                    },
                    "deposed": [],
                    "provider": "module.test3.provider.opentelekomcloud"
                },
                "opentelekomcloud_compute_instance_v2.grid-engine.37": {
                    "type": "opentelekomcloud_compute_instance_v2",
                    "depends_on": [
                        "opentelekomcloud_blockstorage_volume_v2.grid-engine-sys-vol",
                        "opentelekomcloud_blockstorage_volume_v2.grid-engine-sys-vol.*"
                    ],
                    "primary": {
                        "id": "aa361b6f-a5c6-4379-8e35-b934246dc7db",
                        "attributes": {
                            "access_ip_v4": "192.168.102.160",
                            "access_ip_v6": "",
                            "all_metadata.%": "0",
                            "availability_zone": "eu-de-01",
                            "block_device.#": "1",
                            "block_device.0.boot_index": "0",
                            "block_device.0.delete_on_termination": "true",
                            "block_device.0.destination_type": "volume",
                            "block_device.0.guest_format": "",
                            "block_device.0.source_type": "volume",
                            "block_device.0.uuid": "b6041328-6cd4-4c9c-8c31-cc74e3fca0dd",
                            "block_device.0.volume_size": "0",
                            "flavor_id": "s2.xlarge.4",
                            "flavor_name": "s2.xlarge.4",
                            "id": "aa361b6f-a5c6-4379-8e35-b934246dc7db",
                            "image_id": "Attempt to boot from volume - no image supplied",
                            "key_pair": "key4VPN",
                            "name": "grid-engine37",
                            "network.#": "1",
                            "network.0.access_network": "false",
                            "network.0.fixed_ip_v4": "192.168.102.160",
                            "network.0.fixed_ip_v6": "",
                            "network.0.floating_ip": "",
                            "network.0.mac": "fa:16:3e:5a:06:b6",
                            "network.0.name": "f7d777c1-c7f0-464d-9725-79f47fa49463",
                            "network.0.port": "",
                            "network.0.uuid": "d5115e6e-4234-49d0-b930-1c5eb92e9b91",
                            "region": "",
                            "security_groups.#": "1",
                            "security_groups.3814588639": "default",
                            "stop_before_destroy": "false"
                        },
                        "meta": {
                            "e2bfb730-ecaa-11e6-8f88-34363bc7c4c0": {
                                "create": 1800000000000,
                                "delete": 1800000000000,
                                "update": 1800000000000
                            }
                        },
                        "tainted": false
                    },
                    "deposed": [],
                    "provider": "module.test3.provider.opentelekomcloud"
                },
                "opentelekomcloud_compute_instance_v2.grid-engine.38": {
                    "type": "opentelekomcloud_compute_instance_v2",
                    "depends_on": [
                        "opentelekomcloud_blockstorage_volume_v2.grid-engine-sys-vol",
                        "opentelekomcloud_blockstorage_volume_v2.grid-engine-sys-vol.*"
                    ],
                    "primary": {
                        "id": "f2d421f7-199f-4b5d-a9fb-32282c63fca1",
                        "attributes": {
                            "access_ip_v4": "192.168.102.63",
                            "access_ip_v6": "",
                            "all_metadata.%": "0",
                            "availability_zone": "eu-de-01",
                            "block_device.#": "1",
                            "block_device.0.boot_index": "0",
                            "block_device.0.delete_on_termination": "true",
                            "block_device.0.destination_type": "volume",
                            "block_device.0.guest_format": "",
                            "block_device.0.source_type": "volume",
                            "block_device.0.uuid": "39e29be6-17be-419d-9492-a46fd3583b90",
                            "block_device.0.volume_size": "0",
                            "flavor_id": "s2.xlarge.4",
                            "flavor_name": "s2.xlarge.4",
                            "id": "f2d421f7-199f-4b5d-a9fb-32282c63fca1",
                            "image_id": "Attempt to boot from volume - no image supplied",
                            "key_pair": "key4VPN",
                            "name": "grid-engine38",
                            "network.#": "1",
                            "network.0.access_network": "false",
                            "network.0.fixed_ip_v4": "192.168.102.63",
                            "network.0.fixed_ip_v6": "",
                            "network.0.floating_ip": "",
                            "network.0.mac": "fa:16:3e:e6:cc:cc",
                            "network.0.name": "f7d777c1-c7f0-464d-9725-79f47fa49463",
                            "network.0.port": "",
                            "network.0.uuid": "d5115e6e-4234-49d0-b930-1c5eb92e9b91",
                            "region": "",
                            "security_groups.#": "1",
                            "security_groups.3814588639": "default",
                            "stop_before_destroy": "false"
                        },
                        "meta": {
                            "e2bfb730-ecaa-11e6-8f88-34363bc7c4c0": {
                                "create": 1800000000000,
                                "delete": 1800000000000,
                                "update": 1800000000000
                            }
                        },
                        "tainted": false
                    },
                    "deposed": [],
                    "provider": "module.test3.provider.opentelekomcloud"
                },
                "opentelekomcloud_compute_instance_v2.grid-engine.39": {
                    "type": "opentelekomcloud_compute_instance_v2",
                    "depends_on": [
                        "opentelekomcloud_blockstorage_volume_v2.grid-engine-sys-vol",
                        "opentelekomcloud_blockstorage_volume_v2.grid-engine-sys-vol.*"
                    ],
                    "primary": {
                        "id": "e0c470a7-4978-4a04-96b5-80593482427d",
                        "attributes": {
                            "access_ip_v4": "192.168.102.189",
                            "access_ip_v6": "",
                            "all_metadata.%": "0",
                            "availability_zone": "eu-de-01",
                            "block_device.#": "1",
                            "block_device.0.boot_index": "0",
                            "block_device.0.delete_on_termination": "true",
                            "block_device.0.destination_type": "volume",
                            "block_device.0.guest_format": "",
                            "block_device.0.source_type": "volume",
                            "block_device.0.uuid": "c932ea65-c3a1-4e1a-ab52-8e68f91337c9",
                            "block_device.0.volume_size": "0",
                            "flavor_id": "s2.xlarge.4",
                            "flavor_name": "s2.xlarge.4",
                            "id": "e0c470a7-4978-4a04-96b5-80593482427d",
                            "image_id": "Attempt to boot from volume - no image supplied",
                            "key_pair": "key4VPN",
                            "name": "grid-engine39",
                            "network.#": "1",
                            "network.0.access_network": "false",
                            "network.0.fixed_ip_v4": "192.168.102.189",
                            "network.0.fixed_ip_v6": "",
                            "network.0.floating_ip": "",
                            "network.0.mac": "fa:16:3e:c7:9f:fb",
                            "network.0.name": "f7d777c1-c7f0-464d-9725-79f47fa49463",
                            "network.0.port": "",
                            "network.0.uuid": "d5115e6e-4234-49d0-b930-1c5eb92e9b91",
                            "region": "",
                            "security_groups.#": "1",
                            "security_groups.3814588639": "default",
                            "stop_before_destroy": "false"
                        },
                        "meta": {
                            "e2bfb730-ecaa-11e6-8f88-34363bc7c4c0": {
                                "create": 1800000000000,
                                "delete": 1800000000000,
                                "update": 1800000000000
                            }
                        },
                        "tainted": false
                    },
                    "deposed": [],
                    "provider": "module.test3.provider.opentelekomcloud"
                },
                "opentelekomcloud_compute_instance_v2.grid-engine.4": {
                    "type": "opentelekomcloud_compute_instance_v2",
                    "depends_on": [
                        "opentelekomcloud_blockstorage_volume_v2.grid-engine-sys-vol",
                        "opentelekomcloud_blockstorage_volume_v2.grid-engine-sys-vol.*"
                    ],
                    "primary": {
                        "id": "edc3d97c-34f3-46ba-8cee-fb7d1cea60bd",
                        "attributes": {
                            "access_ip_v4": "192.168.102.65",
                            "access_ip_v6": "",
                            "all_metadata.%": "0",
                            "availability_zone": "eu-de-01",
                            "block_device.#": "1",
                            "block_device.0.boot_index": "0",
                            "block_device.0.delete_on_termination": "true",
                            "block_device.0.destination_type": "volume",
                            "block_device.0.guest_format": "",
                            "block_device.0.source_type": "volume",
                            "block_device.0.uuid": "370274af-810e-48b5-9178-f4d5b975f9b8",
                            "block_device.0.volume_size": "0",
                            "flavor_id": "s2.xlarge.4",
                            "flavor_name": "s2.xlarge.4",
                            "id": "edc3d97c-34f3-46ba-8cee-fb7d1cea60bd",
                            "image_id": "Attempt to boot from volume - no image supplied",
                            "key_pair": "key4VPN",
                            "name": "grid-engine4",
                            "network.#": "1",
                            "network.0.access_network": "false",
                            "network.0.fixed_ip_v4": "192.168.102.65",
                            "network.0.fixed_ip_v6": "",
                            "network.0.floating_ip": "",
                            "network.0.mac": "fa:16:3e:d4:8a:80",
                            "network.0.name": "f7d777c1-c7f0-464d-9725-79f47fa49463",
                            "network.0.port": "",
                            "network.0.uuid": "d5115e6e-4234-49d0-b930-1c5eb92e9b91",
                            "region": "",
                            "security_groups.#": "1",
                            "security_groups.3814588639": "default",
                            "stop_before_destroy": "false"
                        },
                        "meta": {
                            "e2bfb730-ecaa-11e6-8f88-34363bc7c4c0": {
                                "create": 1800000000000,
                                "delete": 1800000000000,
                                "update": 1800000000000
                            }
                        },
                        "tainted": false
                    },
                    "deposed": [],
                    "provider": "module.test3.provider.opentelekomcloud"
                },
                "opentelekomcloud_compute_instance_v2.grid-engine.40": {
                    "type": "opentelekomcloud_compute_instance_v2",
                    "depends_on": [
                        "opentelekomcloud_blockstorage_volume_v2.grid-engine-sys-vol",
                        "opentelekomcloud_blockstorage_volume_v2.grid-engine-sys-vol.*"
                    ],
                    "primary": {
                        "id": "71371000-eb53-4296-a314-b2a5e49655db",
                        "attributes": {
                            "access_ip_v4": "192.168.102.41",
                            "access_ip_v6": "",
                            "all_metadata.%": "0",
                            "availability_zone": "eu-de-01",
                            "block_device.#": "1",
                            "block_device.0.boot_index": "0",
                            "block_device.0.delete_on_termination": "true",
                            "block_device.0.destination_type": "volume",
                            "block_device.0.guest_format": "",
                            "block_device.0.source_type": "volume",
                            "block_device.0.uuid": "03f98f60-f753-4176-9b67-3b42365b48fe",
                            "block_device.0.volume_size": "0",
                            "flavor_id": "s2.xlarge.4",
                            "flavor_name": "s2.xlarge.4",
                            "id": "71371000-eb53-4296-a314-b2a5e49655db",
                            "image_id": "Attempt to boot from volume - no image supplied",
                            "key_pair": "key4VPN",
                            "name": "grid-engine40",
                            "network.#": "1",
                            "network.0.access_network": "false",
                            "network.0.fixed_ip_v4": "192.168.102.41",
                            "network.0.fixed_ip_v6": "",
                            "network.0.floating_ip": "",
                            "network.0.mac": "fa:16:3e:d1:25:07",
                            "network.0.name": "f7d777c1-c7f0-464d-9725-79f47fa49463",
                            "network.0.port": "",
                            "network.0.uuid": "d5115e6e-4234-49d0-b930-1c5eb92e9b91",
                            "region": "",
                            "security_groups.#": "1",
                            "security_groups.3814588639": "default",
                            "stop_before_destroy": "false"
                        },
                        "meta": {
                            "e2bfb730-ecaa-11e6-8f88-34363bc7c4c0": {
                                "create": 1800000000000,
                                "delete": 1800000000000,
                                "update": 1800000000000
                            }
                        },
                        "tainted": false
                    },
                    "deposed": [],
                    "provider": "module.test3.provider.opentelekomcloud"
                },
                "opentelekomcloud_compute_instance_v2.grid-engine.41": {
                    "type": "opentelekomcloud_compute_instance_v2",
                    "depends_on": [
                        "opentelekomcloud_blockstorage_volume_v2.grid-engine-sys-vol",
                        "opentelekomcloud_blockstorage_volume_v2.grid-engine-sys-vol.*"
                    ],
                    "primary": {
                        "id": "6e149ebb-0ebd-4d28-8db8-a68b017996fc",
                        "attributes": {
                            "access_ip_v4": "192.168.102.59",
                            "access_ip_v6": "",
                            "all_metadata.%": "0",
                            "availability_zone": "eu-de-01",
                            "block_device.#": "1",
                            "block_device.0.boot_index": "0",
                            "block_device.0.delete_on_termination": "true",
                            "block_device.0.destination_type": "volume",
                            "block_device.0.guest_format": "",
                            "block_device.0.source_type": "volume",
                            "block_device.0.uuid": "a91dba5f-46c9-4fd3-8e54-5bcf1aad9989",
                            "block_device.0.volume_size": "0",
                            "flavor_id": "s2.xlarge.4",
                            "flavor_name": "s2.xlarge.4",
                            "id": "6e149ebb-0ebd-4d28-8db8-a68b017996fc",
                            "image_id": "Attempt to boot from volume - no image supplied",
                            "key_pair": "key4VPN",
                            "name": "grid-engine41",
                            "network.#": "1",
                            "network.0.access_network": "false",
                            "network.0.fixed_ip_v4": "192.168.102.59",
                            "network.0.fixed_ip_v6": "",
                            "network.0.floating_ip": "",
                            "network.0.mac": "fa:16:3e:72:c0:a3",
                            "network.0.name": "f7d777c1-c7f0-464d-9725-79f47fa49463",
                            "network.0.port": "",
                            "network.0.uuid": "d5115e6e-4234-49d0-b930-1c5eb92e9b91",
                            "region": "",
                            "security_groups.#": "1",
                            "security_groups.3814588639": "default",
                            "stop_before_destroy": "false"
                        },
                        "meta": {
                            "e2bfb730-ecaa-11e6-8f88-34363bc7c4c0": {
                                "create": 1800000000000,
                                "delete": 1800000000000,
                                "update": 1800000000000
                            }
                        },
                        "tainted": false
                    },
                    "deposed": [],
                    "provider": "module.test3.provider.opentelekomcloud"
                },
                "opentelekomcloud_compute_instance_v2.grid-engine.42": {
                    "type": "opentelekomcloud_compute_instance_v2",
                    "depends_on": [
                        "opentelekomcloud_blockstorage_volume_v2.grid-engine-sys-vol",
                        "opentelekomcloud_blockstorage_volume_v2.grid-engine-sys-vol.*"
                    ],
                    "primary": {
                        "id": "24b134f6-57ac-477d-ab63-96ae143ea6ea",
                        "attributes": {
                            "access_ip_v4": "192.168.102.23",
                            "access_ip_v6": "",
                            "all_metadata.%": "0",
                            "availability_zone": "eu-de-01",
                            "block_device.#": "1",
                            "block_device.0.boot_index": "0",
                            "block_device.0.delete_on_termination": "true",
                            "block_device.0.destination_type": "volume",
                            "block_device.0.guest_format": "",
                            "block_device.0.source_type": "volume",
                            "block_device.0.uuid": "e44aa2f2-7c72-4302-815f-7b8fe2dd0bd5",
                            "block_device.0.volume_size": "0",
                            "flavor_id": "s2.xlarge.4",
                            "flavor_name": "s2.xlarge.4",
                            "id": "24b134f6-57ac-477d-ab63-96ae143ea6ea",
                            "image_id": "Attempt to boot from volume - no image supplied",
                            "key_pair": "key4VPN",
                            "name": "grid-engine42",
                            "network.#": "1",
                            "network.0.access_network": "false",
                            "network.0.fixed_ip_v4": "192.168.102.23",
                            "network.0.fixed_ip_v6": "",
                            "network.0.floating_ip": "",
                            "network.0.mac": "fa:16:3e:c8:39:e3",
                            "network.0.name": "f7d777c1-c7f0-464d-9725-79f47fa49463",
                            "network.0.port": "",
                            "network.0.uuid": "d5115e6e-4234-49d0-b930-1c5eb92e9b91",
                            "region": "",
                            "security_groups.#": "1",
                            "security_groups.3814588639": "default",
                            "stop_before_destroy": "false"
                        },
                        "meta": {
                            "e2bfb730-ecaa-11e6-8f88-34363bc7c4c0": {
                                "create": 1800000000000,
                                "delete": 1800000000000,
                                "update": 1800000000000
                            }
                        },
                        "tainted": false
                    },
                    "deposed": [],
                    "provider": "module.test3.provider.opentelekomcloud"
                },
                "opentelekomcloud_compute_instance_v2.grid-engine.43": {
                    "type": "opentelekomcloud_compute_instance_v2",
                    "depends_on": [
                        "opentelekomcloud_blockstorage_volume_v2.grid-engine-sys-vol",
                        "opentelekomcloud_blockstorage_volume_v2.grid-engine-sys-vol.*"
                    ],
                    "primary": {
                        "id": "62f7b798-7d5e-4f17-a0ac-32ab882611a9",
                        "attributes": {
                            "access_ip_v4": "192.168.102.3",
                            "access_ip_v6": "",
                            "all_metadata.%": "0",
                            "availability_zone": "eu-de-01",
                            "block_device.#": "1",
                            "block_device.0.boot_index": "0",
                            "block_device.0.delete_on_termination": "true",
                            "block_device.0.destination_type": "volume",
                            "block_device.0.guest_format": "",
                            "block_device.0.source_type": "volume",
                            "block_device.0.uuid": "0c247bbe-2e07-46a1-a9cd-dfe43d7e0df7",
                            "block_device.0.volume_size": "0",
                            "flavor_id": "s2.xlarge.4",
                            "flavor_name": "s2.xlarge.4",
                            "id": "62f7b798-7d5e-4f17-a0ac-32ab882611a9",
                            "image_id": "Attempt to boot from volume - no image supplied",
                            "key_pair": "key4VPN",
                            "name": "grid-engine43",
                            "network.#": "1",
                            "network.0.access_network": "false",
                            "network.0.fixed_ip_v4": "192.168.102.3",
                            "network.0.fixed_ip_v6": "",
                            "network.0.floating_ip": "",
                            "network.0.mac": "fa:16:3e:d1:47:47",
                            "network.0.name": "f7d777c1-c7f0-464d-9725-79f47fa49463",
                            "network.0.port": "",
                            "network.0.uuid": "d5115e6e-4234-49d0-b930-1c5eb92e9b91",
                            "region": "",
                            "security_groups.#": "1",
                            "security_groups.3814588639": "default",
                            "stop_before_destroy": "false"
                        },
                        "meta": {
                            "e2bfb730-ecaa-11e6-8f88-34363bc7c4c0": {
                                "create": 1800000000000,
                                "delete": 1800000000000,
                                "update": 1800000000000
                            }
                        },
                        "tainted": false
                    },
                    "deposed": [],
                    "provider": "module.test3.provider.opentelekomcloud"
                },
                "opentelekomcloud_compute_instance_v2.grid-engine.44": {
                    "type": "opentelekomcloud_compute_instance_v2",
                    "depends_on": [
                        "opentelekomcloud_blockstorage_volume_v2.grid-engine-sys-vol",
                        "opentelekomcloud_blockstorage_volume_v2.grid-engine-sys-vol.*"
                    ],
                    "primary": {
                        "id": "e72bb564-7cff-4ceb-8554-b92cbcad695c",
                        "attributes": {
                            "access_ip_v4": "192.168.102.181",
                            "access_ip_v6": "",
                            "all_metadata.%": "0",
                            "availability_zone": "eu-de-01",
                            "block_device.#": "1",
                            "block_device.0.boot_index": "0",
                            "block_device.0.delete_on_termination": "true",
                            "block_device.0.destination_type": "volume",
                            "block_device.0.guest_format": "",
                            "block_device.0.source_type": "volume",
                            "block_device.0.uuid": "ffc36914-e3b9-4dfd-8e2a-58a342d2473e",
                            "block_device.0.volume_size": "0",
                            "flavor_id": "s2.xlarge.4",
                            "flavor_name": "s2.xlarge.4",
                            "id": "e72bb564-7cff-4ceb-8554-b92cbcad695c",
                            "image_id": "Attempt to boot from volume - no image supplied",
                            "key_pair": "key4VPN",
                            "name": "grid-engine44",
                            "network.#": "1",
                            "network.0.access_network": "false",
                            "network.0.fixed_ip_v4": "192.168.102.181",
                            "network.0.fixed_ip_v6": "",
                            "network.0.floating_ip": "",
                            "network.0.mac": "fa:16:3e:72:da:37",
                            "network.0.name": "f7d777c1-c7f0-464d-9725-79f47fa49463",
                            "network.0.port": "",
                            "network.0.uuid": "d5115e6e-4234-49d0-b930-1c5eb92e9b91",
                            "region": "",
                            "security_groups.#": "1",
                            "security_groups.3814588639": "default",
                            "stop_before_destroy": "false"
                        },
                        "meta": {
                            "e2bfb730-ecaa-11e6-8f88-34363bc7c4c0": {
                                "create": 1800000000000,
                                "delete": 1800000000000,
                                "update": 1800000000000
                            }
                        },
                        "tainted": false
                    },
                    "deposed": [],
                    "provider": "module.test3.provider.opentelekomcloud"
                },
                "opentelekomcloud_compute_instance_v2.grid-engine.45": {
                    "type": "opentelekomcloud_compute_instance_v2",
                    "depends_on": [
                        "opentelekomcloud_blockstorage_volume_v2.grid-engine-sys-vol",
                        "opentelekomcloud_blockstorage_volume_v2.grid-engine-sys-vol.*"
                    ],
                    "primary": {
                        "id": "338c9c68-107a-4176-8dd9-c2044d498b4b",
                        "attributes": {
                            "access_ip_v4": "192.168.102.142",
                            "access_ip_v6": "",
                            "all_metadata.%": "0",
                            "availability_zone": "eu-de-01",
                            "block_device.#": "1",
                            "block_device.0.boot_index": "0",
                            "block_device.0.delete_on_termination": "true",
                            "block_device.0.destination_type": "volume",
                            "block_device.0.guest_format": "",
                            "block_device.0.source_type": "volume",
                            "block_device.0.uuid": "d8ac9632-bc97-4eca-a8a3-7b764236d1a8",
                            "block_device.0.volume_size": "0",
                            "flavor_id": "s2.xlarge.4",
                            "flavor_name": "s2.xlarge.4",
                            "id": "338c9c68-107a-4176-8dd9-c2044d498b4b",
                            "image_id": "Attempt to boot from volume - no image supplied",
                            "key_pair": "key4VPN",
                            "name": "grid-engine45",
                            "network.#": "1",
                            "network.0.access_network": "false",
                            "network.0.fixed_ip_v4": "192.168.102.142",
                            "network.0.fixed_ip_v6": "",
                            "network.0.floating_ip": "",
                            "network.0.mac": "fa:16:3e:4c:68:f6",
                            "network.0.name": "f7d777c1-c7f0-464d-9725-79f47fa49463",
                            "network.0.port": "",
                            "network.0.uuid": "d5115e6e-4234-49d0-b930-1c5eb92e9b91",
                            "region": "",
                            "security_groups.#": "1",
                            "security_groups.3814588639": "default",
                            "stop_before_destroy": "false"
                        },
                        "meta": {
                            "e2bfb730-ecaa-11e6-8f88-34363bc7c4c0": {
                                "create": 1800000000000,
                                "delete": 1800000000000,
                                "update": 1800000000000
                            }
                        },
                        "tainted": false
                    },
                    "deposed": [],
                    "provider": "module.test3.provider.opentelekomcloud"
                },
                "opentelekomcloud_compute_instance_v2.grid-engine.46": {
                    "type": "opentelekomcloud_compute_instance_v2",
                    "depends_on": [
                        "opentelekomcloud_blockstorage_volume_v2.grid-engine-sys-vol",
                        "opentelekomcloud_blockstorage_volume_v2.grid-engine-sys-vol.*"
                    ],
                    "primary": {
                        "id": "f3ffb5fa-ded6-4b21-ac77-1339293ff89d",
                        "attributes": {
                            "access_ip_v4": "192.168.102.218",
                            "access_ip_v6": "",
                            "all_metadata.%": "0",
                            "availability_zone": "eu-de-01",
                            "block_device.#": "1",
                            "block_device.0.boot_index": "0",
                            "block_device.0.delete_on_termination": "true",
                            "block_device.0.destination_type": "volume",
                            "block_device.0.guest_format": "",
                            "block_device.0.source_type": "volume",
                            "block_device.0.uuid": "ec6307c2-4616-43a2-a7c1-b9fb3b309a55",
                            "block_device.0.volume_size": "0",
                            "flavor_id": "s2.xlarge.4",
                            "flavor_name": "s2.xlarge.4",
                            "id": "f3ffb5fa-ded6-4b21-ac77-1339293ff89d",
                            "image_id": "Attempt to boot from volume - no image supplied",
                            "key_pair": "key4VPN",
                            "name": "grid-engine46",
                            "network.#": "1",
                            "network.0.access_network": "false",
                            "network.0.fixed_ip_v4": "192.168.102.218",
                            "network.0.fixed_ip_v6": "",
                            "network.0.floating_ip": "",
                            "network.0.mac": "fa:16:3e:46:15:4a",
                            "network.0.name": "f7d777c1-c7f0-464d-9725-79f47fa49463",
                            "network.0.port": "",
                            "network.0.uuid": "d5115e6e-4234-49d0-b930-1c5eb92e9b91",
                            "region": "",
                            "security_groups.#": "1",
                            "security_groups.3814588639": "default",
                            "stop_before_destroy": "false"
                        },
                        "meta": {
                            "e2bfb730-ecaa-11e6-8f88-34363bc7c4c0": {
                                "create": 1800000000000,
                                "delete": 1800000000000,
                                "update": 1800000000000
                            }
                        },
                        "tainted": false
                    },
                    "deposed": [],
                    "provider": "module.test3.provider.opentelekomcloud"
                },
                "opentelekomcloud_compute_instance_v2.grid-engine.47": {
                    "type": "opentelekomcloud_compute_instance_v2",
                    "depends_on": [
                        "opentelekomcloud_blockstorage_volume_v2.grid-engine-sys-vol",
                        "opentelekomcloud_blockstorage_volume_v2.grid-engine-sys-vol.*"
                    ],
                    "primary": {
                        "id": "716d886a-e72a-4166-bdeb-8878c3b604b5",
                        "attributes": {
                            "access_ip_v4": "192.168.102.167",
                            "access_ip_v6": "",
                            "all_metadata.%": "0",
                            "availability_zone": "eu-de-01",
                            "block_device.#": "1",
                            "block_device.0.boot_index": "0",
                            "block_device.0.delete_on_termination": "true",
                            "block_device.0.destination_type": "volume",
                            "block_device.0.guest_format": "",
                            "block_device.0.source_type": "volume",
                            "block_device.0.uuid": "6820055a-fcbb-4d25-8e41-4806bb3176e0",
                            "block_device.0.volume_size": "0",
                            "flavor_id": "s2.xlarge.4",
                            "flavor_name": "s2.xlarge.4",
                            "id": "716d886a-e72a-4166-bdeb-8878c3b604b5",
                            "image_id": "Attempt to boot from volume - no image supplied",
                            "key_pair": "key4VPN",
                            "name": "grid-engine47",
                            "network.#": "1",
                            "network.0.access_network": "false",
                            "network.0.fixed_ip_v4": "192.168.102.167",
                            "network.0.fixed_ip_v6": "",
                            "network.0.floating_ip": "",
                            "network.0.mac": "fa:16:3e:d9:67:2c",
                            "network.0.name": "f7d777c1-c7f0-464d-9725-79f47fa49463",
                            "network.0.port": "",
                            "network.0.uuid": "d5115e6e-4234-49d0-b930-1c5eb92e9b91",
                            "region": "",
                            "security_groups.#": "1",
                            "security_groups.3814588639": "default",
                            "stop_before_destroy": "false"
                        },
                        "meta": {
                            "e2bfb730-ecaa-11e6-8f88-34363bc7c4c0": {
                                "create": 1800000000000,
                                "delete": 1800000000000,
                                "update": 1800000000000
                            }
                        },
                        "tainted": false
                    },
                    "deposed": [],
                    "provider": "module.test3.provider.opentelekomcloud"
                },
                "opentelekomcloud_compute_instance_v2.grid-engine.48": {
                    "type": "opentelekomcloud_compute_instance_v2",
                    "depends_on": [
                        "opentelekomcloud_blockstorage_volume_v2.grid-engine-sys-vol",
                        "opentelekomcloud_blockstorage_volume_v2.grid-engine-sys-vol.*"
                    ],
                    "primary": {
                        "id": "f2c893b7-bf27-4ac1-a84c-7e08639c6154",
                        "attributes": {
                            "access_ip_v4": "192.168.102.11",
                            "access_ip_v6": "",
                            "all_metadata.%": "0",
                            "availability_zone": "eu-de-01",
                            "block_device.#": "1",
                            "block_device.0.boot_index": "0",
                            "block_device.0.delete_on_termination": "true",
                            "block_device.0.destination_type": "volume",
                            "block_device.0.guest_format": "",
                            "block_device.0.source_type": "volume",
                            "block_device.0.uuid": "b123cb3e-a190-4b9b-9a06-425637d90b9a",
                            "block_device.0.volume_size": "0",
                            "flavor_id": "s2.xlarge.4",
                            "flavor_name": "s2.xlarge.4",
                            "id": "f2c893b7-bf27-4ac1-a84c-7e08639c6154",
                            "image_id": "Attempt to boot from volume - no image supplied",
                            "key_pair": "key4VPN",
                            "name": "grid-engine48",
                            "network.#": "1",
                            "network.0.access_network": "false",
                            "network.0.fixed_ip_v4": "192.168.102.11",
                            "network.0.fixed_ip_v6": "",
                            "network.0.floating_ip": "",
                            "network.0.mac": "fa:16:3e:20:59:77",
                            "network.0.name": "f7d777c1-c7f0-464d-9725-79f47fa49463",
                            "network.0.port": "",
                            "network.0.uuid": "d5115e6e-4234-49d0-b930-1c5eb92e9b91",
                            "region": "",
                            "security_groups.#": "1",
                            "security_groups.3814588639": "default",
                            "stop_before_destroy": "false"
                        },
                        "meta": {
                            "e2bfb730-ecaa-11e6-8f88-34363bc7c4c0": {
                                "create": 1800000000000,
                                "delete": 1800000000000,
                                "update": 1800000000000
                            }
                        },
                        "tainted": false
                    },
                    "deposed": [],
                    "provider": "module.test3.provider.opentelekomcloud"
                },
                "opentelekomcloud_compute_instance_v2.grid-engine.49": {
                    "type": "opentelekomcloud_compute_instance_v2",
                    "depends_on": [
                        "opentelekomcloud_blockstorage_volume_v2.grid-engine-sys-vol",
                        "opentelekomcloud_blockstorage_volume_v2.grid-engine-sys-vol.*"
                    ],
                    "primary": {
                        "id": "98a89fc4-ee57-4af3-9fa9-23d025196cf4",
                        "attributes": {
                            "access_ip_v4": "192.168.102.36",
                            "access_ip_v6": "",
                            "all_metadata.%": "0",
                            "availability_zone": "eu-de-01",
                            "block_device.#": "1",
                            "block_device.0.boot_index": "0",
                            "block_device.0.delete_on_termination": "true",
                            "block_device.0.destination_type": "volume",
                            "block_device.0.guest_format": "",
                            "block_device.0.source_type": "volume",
                            "block_device.0.uuid": "763e860b-c943-45c9-818d-f11a3f7f3d94",
                            "block_device.0.volume_size": "0",
                            "flavor_id": "s2.xlarge.4",
                            "flavor_name": "s2.xlarge.4",
                            "id": "98a89fc4-ee57-4af3-9fa9-23d025196cf4",
                            "image_id": "Attempt to boot from volume - no image supplied",
                            "key_pair": "key4VPN",
                            "name": "grid-engine49",
                            "network.#": "1",
                            "network.0.access_network": "false",
                            "network.0.fixed_ip_v4": "192.168.102.36",
                            "network.0.fixed_ip_v6": "",
                            "network.0.floating_ip": "",
                            "network.0.mac": "fa:16:3e:33:5c:04",
                            "network.0.name": "f7d777c1-c7f0-464d-9725-79f47fa49463",
                            "network.0.port": "",
                            "network.0.uuid": "d5115e6e-4234-49d0-b930-1c5eb92e9b91",
                            "region": "",
                            "security_groups.#": "1",
                            "security_groups.3814588639": "default",
                            "stop_before_destroy": "false"
                        },
                        "meta": {
                            "e2bfb730-ecaa-11e6-8f88-34363bc7c4c0": {
                                "create": 1800000000000,
                                "delete": 1800000000000,
                                "update": 1800000000000
                            }
                        },
                        "tainted": false
                    },
                    "deposed": [],
                    "provider": "module.test3.provider.opentelekomcloud"
                },
                "opentelekomcloud_compute_instance_v2.grid-engine.5": {
                    "type": "opentelekomcloud_compute_instance_v2",
                    "depends_on": [
                        "opentelekomcloud_blockstorage_volume_v2.grid-engine-sys-vol",
                        "opentelekomcloud_blockstorage_volume_v2.grid-engine-sys-vol.*"
                    ],
                    "primary": {
                        "id": "22355502-2e03-418d-9580-ac446544f6c4",
                        "attributes": {
                            "access_ip_v4": "192.168.102.54",
                            "access_ip_v6": "",
                            "all_metadata.%": "0",
                            "availability_zone": "eu-de-01",
                            "block_device.#": "1",
                            "block_device.0.boot_index": "0",
                            "block_device.0.delete_on_termination": "true",
                            "block_device.0.destination_type": "volume",
                            "block_device.0.guest_format": "",
                            "block_device.0.source_type": "volume",
                            "block_device.0.uuid": "b2729591-8359-422b-bc10-3fc30754cb6f",
                            "block_device.0.volume_size": "0",
                            "flavor_id": "s2.xlarge.4",
                            "flavor_name": "s2.xlarge.4",
                            "id": "22355502-2e03-418d-9580-ac446544f6c4",
                            "image_id": "Attempt to boot from volume - no image supplied",
                            "key_pair": "key4VPN",
                            "name": "grid-engine5",
                            "network.#": "1",
                            "network.0.access_network": "false",
                            "network.0.fixed_ip_v4": "192.168.102.54",
                            "network.0.fixed_ip_v6": "",
                            "network.0.floating_ip": "",
                            "network.0.mac": "fa:16:3e:af:03:ef",
                            "network.0.name": "f7d777c1-c7f0-464d-9725-79f47fa49463",
                            "network.0.port": "",
                            "network.0.uuid": "d5115e6e-4234-49d0-b930-1c5eb92e9b91",
                            "region": "",
                            "security_groups.#": "1",
                            "security_groups.3814588639": "default",
                            "stop_before_destroy": "false"
                        },
                        "meta": {
                            "e2bfb730-ecaa-11e6-8f88-34363bc7c4c0": {
                                "create": 1800000000000,
                                "delete": 1800000000000,
                                "update": 1800000000000
                            }
                        },
                        "tainted": false
                    },
                    "deposed": [],
                    "provider": "module.test3.provider.opentelekomcloud"
                },
                "opentelekomcloud_compute_instance_v2.grid-engine.6": {
                    "type": "opentelekomcloud_compute_instance_v2",
                    "depends_on": [
                        "opentelekomcloud_blockstorage_volume_v2.grid-engine-sys-vol",
                        "opentelekomcloud_blockstorage_volume_v2.grid-engine-sys-vol.*"
                    ],
                    "primary": {
                        "id": "755f982f-dea2-4156-bcab-564315b18c88",
                        "attributes": {
                            "access_ip_v4": "192.168.102.35",
                            "access_ip_v6": "",
                            "all_metadata.%": "0",
                            "availability_zone": "eu-de-01",
                            "block_device.#": "1",
                            "block_device.0.boot_index": "0",
                            "block_device.0.delete_on_termination": "true",
                            "block_device.0.destination_type": "volume",
                            "block_device.0.guest_format": "",
                            "block_device.0.source_type": "volume",
                            "block_device.0.uuid": "655547fd-104c-4d65-b9bc-fc3ac398f508",
                            "block_device.0.volume_size": "0",
                            "flavor_id": "s2.xlarge.4",
                            "flavor_name": "s2.xlarge.4",
                            "id": "755f982f-dea2-4156-bcab-564315b18c88",
                            "image_id": "Attempt to boot from volume - no image supplied",
                            "key_pair": "key4VPN",
                            "name": "grid-engine6",
                            "network.#": "1",
                            "network.0.access_network": "false",
                            "network.0.fixed_ip_v4": "192.168.102.35",
                            "network.0.fixed_ip_v6": "",
                            "network.0.floating_ip": "",
                            "network.0.mac": "fa:16:3e:99:72:93",
                            "network.0.name": "f7d777c1-c7f0-464d-9725-79f47fa49463",
                            "network.0.port": "",
                            "network.0.uuid": "d5115e6e-4234-49d0-b930-1c5eb92e9b91",
                            "region": "",
                            "security_groups.#": "1",
                            "security_groups.3814588639": "default",
                            "stop_before_destroy": "false"
                        },
                        "meta": {
                            "e2bfb730-ecaa-11e6-8f88-34363bc7c4c0": {
                                "create": 1800000000000,
                                "delete": 1800000000000,
                                "update": 1800000000000
                            }
                        },
                        "tainted": false
                    },
                    "deposed": [],
                    "provider": "module.test3.provider.opentelekomcloud"
                },
                "opentelekomcloud_compute_instance_v2.grid-engine.7": {
                    "type": "opentelekomcloud_compute_instance_v2",
                    "depends_on": [
                        "opentelekomcloud_blockstorage_volume_v2.grid-engine-sys-vol",
                        "opentelekomcloud_blockstorage_volume_v2.grid-engine-sys-vol.*"
                    ],
                    "primary": {
                        "id": "c7623025-f84b-4d2c-b4a1-21b07b3b818b",
                        "attributes": {
                            "access_ip_v4": "192.168.102.110",
                            "access_ip_v6": "",
                            "all_metadata.%": "0",
                            "availability_zone": "eu-de-01",
                            "block_device.#": "1",
                            "block_device.0.boot_index": "0",
                            "block_device.0.delete_on_termination": "true",
                            "block_device.0.destination_type": "volume",
                            "block_device.0.guest_format": "",
                            "block_device.0.source_type": "volume",
                            "block_device.0.uuid": "a04b2adc-a3eb-4745-9595-857d1b306f31",
                            "block_device.0.volume_size": "0",
                            "flavor_id": "s2.xlarge.4",
                            "flavor_name": "s2.xlarge.4",
                            "id": "c7623025-f84b-4d2c-b4a1-21b07b3b818b",
                            "image_id": "Attempt to boot from volume - no image supplied",
                            "key_pair": "key4VPN",
                            "name": "grid-engine7",
                            "network.#": "1",
                            "network.0.access_network": "false",
                            "network.0.fixed_ip_v4": "192.168.102.110",
                            "network.0.fixed_ip_v6": "",
                            "network.0.floating_ip": "",
                            "network.0.mac": "fa:16:3e:fd:0b:b0",
                            "network.0.name": "f7d777c1-c7f0-464d-9725-79f47fa49463",
                            "network.0.port": "",
                            "network.0.uuid": "d5115e6e-4234-49d0-b930-1c5eb92e9b91",
                            "region": "",
                            "security_groups.#": "1",
                            "security_groups.3814588639": "default",
                            "stop_before_destroy": "false"
                        },
                        "meta": {
                            "e2bfb730-ecaa-11e6-8f88-34363bc7c4c0": {
                                "create": 1800000000000,
                                "delete": 1800000000000,
                                "update": 1800000000000
                            }
                        },
                        "tainted": false
                    },
                    "deposed": [],
                    "provider": "module.test3.provider.opentelekomcloud"
                },
                "opentelekomcloud_compute_instance_v2.grid-engine.8": {
                    "type": "opentelekomcloud_compute_instance_v2",
                    "depends_on": [
                        "opentelekomcloud_blockstorage_volume_v2.grid-engine-sys-vol",
                        "opentelekomcloud_blockstorage_volume_v2.grid-engine-sys-vol.*"
                    ],
                    "primary": {
                        "id": "2df2d061-8bf1-430c-8bd5-8dcdb2a0d14f",
                        "attributes": {
                            "access_ip_v4": "192.168.102.18",
                            "access_ip_v6": "",
                            "all_metadata.%": "0",
                            "availability_zone": "eu-de-01",
                            "block_device.#": "1",
                            "block_device.0.boot_index": "0",
                            "block_device.0.delete_on_termination": "true",
                            "block_device.0.destination_type": "volume",
                            "block_device.0.guest_format": "",
                            "block_device.0.source_type": "volume",
                            "block_device.0.uuid": "2595e88f-de24-4ad5-91e0-5fbcb7dbc563",
                            "block_device.0.volume_size": "0",
                            "flavor_id": "s2.xlarge.4",
                            "flavor_name": "s2.xlarge.4",
                            "id": "2df2d061-8bf1-430c-8bd5-8dcdb2a0d14f",
                            "image_id": "Attempt to boot from volume - no image supplied",
                            "key_pair": "key4VPN",
                            "name": "grid-engine8",
                            "network.#": "1",
                            "network.0.access_network": "false",
                            "network.0.fixed_ip_v4": "192.168.102.18",
                            "network.0.fixed_ip_v6": "",
                            "network.0.floating_ip": "",
                            "network.0.mac": "fa:16:3e:2f:36:1a",
                            "network.0.name": "f7d777c1-c7f0-464d-9725-79f47fa49463",
                            "network.0.port": "",
                            "network.0.uuid": "d5115e6e-4234-49d0-b930-1c5eb92e9b91",
                            "region": "",
                            "security_groups.#": "1",
                            "security_groups.3814588639": "default",
                            "stop_before_destroy": "false"
                        },
                        "meta": {
                            "e2bfb730-ecaa-11e6-8f88-34363bc7c4c0": {
                                "create": 1800000000000,
                                "delete": 1800000000000,
                                "update": 1800000000000
                            }
                        },
                        "tainted": false
                    },
                    "deposed": [],
                    "provider": "module.test3.provider.opentelekomcloud"
                },
                "opentelekomcloud_compute_instance_v2.grid-engine.9": {
                    "type": "opentelekomcloud_compute_instance_v2",
                    "depends_on": [
                        "opentelekomcloud_blockstorage_volume_v2.grid-engine-sys-vol",
                        "opentelekomcloud_blockstorage_volume_v2.grid-engine-sys-vol.*"
                    ],
                    "primary": {
                        "id": "d70c996c-8659-436b-b9c2-e3062d8fbc88",
                        "attributes": {
                            "access_ip_v4": "192.168.102.77",
                            "access_ip_v6": "",
                            "all_metadata.%": "0",
                            "availability_zone": "eu-de-01",
                            "block_device.#": "1",
                            "block_device.0.boot_index": "0",
                            "block_device.0.delete_on_termination": "true",
                            "block_device.0.destination_type": "volume",
                            "block_device.0.guest_format": "",
                            "block_device.0.source_type": "volume",
                            "block_device.0.uuid": "ec12e8b5-9aa3-4a83-aebf-73afe66d46b2",
                            "block_device.0.volume_size": "0",
                            "flavor_id": "s2.xlarge.4",
                            "flavor_name": "s2.xlarge.4",
                            "id": "d70c996c-8659-436b-b9c2-e3062d8fbc88",
                            "image_id": "Attempt to boot from volume - no image supplied",
                            "key_pair": "key4VPN",
                            "name": "grid-engine9",
                            "network.#": "1",
                            "network.0.access_network": "false",
                            "network.0.fixed_ip_v4": "192.168.102.77",
                            "network.0.fixed_ip_v6": "",
                            "network.0.floating_ip": "",
                            "network.0.mac": "fa:16:3e:20:42:f6",
                            "network.0.name": "f7d777c1-c7f0-464d-9725-79f47fa49463",
                            "network.0.port": "",
                            "network.0.uuid": "d5115e6e-4234-49d0-b930-1c5eb92e9b91",
                            "region": "",
                            "security_groups.#": "1",
                            "security_groups.3814588639": "default",
                            "stop_before_destroy": "false"
                        },
                        "meta": {
                            "e2bfb730-ecaa-11e6-8f88-34363bc7c4c0": {
                                "create": 1800000000000,
                                "delete": 1800000000000,
                                "update": 1800000000000
                            }
                        },
                        "tainted": false
                    },
                    "deposed": [],
                    "provider": "module.test3.provider.opentelekomcloud"
                },
                "opentelekomcloud_compute_volume_attach_v2.engine_volume_attach.0": {
                    "type": "opentelekomcloud_compute_volume_attach_v2",
                    "depends_on": [
                        "opentelekomcloud_blockstorage_volume_v2.grid-engine-data-vol",
                        "opentelekomcloud_blockstorage_volume_v2.grid-engine-data-vol.*",
                        "opentelekomcloud_compute_instance_v2.grid-engine",
                        "opentelekomcloud_compute_instance_v2.grid-engine.*"
                    ],
                    "primary": {
                        "id": "019f4a49-d877-4b80-9c53-8b983b5fd47c/c52a8248-f8f3-42a4-ab26-061fb15eedfd",
                        "attributes": {
                            "device": "/dev/vdb",
                            "id": "019f4a49-d877-4b80-9c53-8b983b5fd47c/c52a8248-f8f3-42a4-ab26-061fb15eedfd",
                            "instance_id": "019f4a49-d877-4b80-9c53-8b983b5fd47c",
                            "region": "",
                            "volume_id": "c52a8248-f8f3-42a4-ab26-061fb15eedfd"
                        },
                        "meta": {
                            "e2bfb730-ecaa-11e6-8f88-34363bc7c4c0": {
                                "create": 600000000000,
                                "delete": 600000000000
                            }
                        },
                        "tainted": false
                    },
                    "deposed": [],
                    "provider": "module.test3.provider.opentelekomcloud"
                },
                "opentelekomcloud_compute_volume_attach_v2.engine_volume_attach.1": {
                    "type": "opentelekomcloud_compute_volume_attach_v2",
                    "depends_on": [
                        "opentelekomcloud_blockstorage_volume_v2.grid-engine-data-vol",
                        "opentelekomcloud_blockstorage_volume_v2.grid-engine-data-vol.*",
                        "opentelekomcloud_compute_instance_v2.grid-engine",
                        "opentelekomcloud_compute_instance_v2.grid-engine.*"
                    ],
                    "primary": {
                        "id": "923d36f8-f907-4c81-b147-99e41d230d38/848cbf47-a5ec-45c0-acd0-38559929ea2b",
                        "attributes": {
                            "device": "/dev/vdb",
                            "id": "923d36f8-f907-4c81-b147-99e41d230d38/848cbf47-a5ec-45c0-acd0-38559929ea2b",
                            "instance_id": "923d36f8-f907-4c81-b147-99e41d230d38",
                            "region": "",
                            "volume_id": "848cbf47-a5ec-45c0-acd0-38559929ea2b"
                        },
                        "meta": {
                            "e2bfb730-ecaa-11e6-8f88-34363bc7c4c0": {
                                "create": 600000000000,
                                "delete": 600000000000
                            }
                        },
                        "tainted": false
                    },
                    "deposed": [],
                    "provider": "module.test3.provider.opentelekomcloud"
                },
                "opentelekomcloud_compute_volume_attach_v2.engine_volume_attach.14": {
                    "type": "opentelekomcloud_compute_volume_attach_v2",
                    "depends_on": [
                        "opentelekomcloud_blockstorage_volume_v2.grid-engine-data-vol",
                        "opentelekomcloud_blockstorage_volume_v2.grid-engine-data-vol.*",
                        "opentelekomcloud_compute_instance_v2.grid-engine",
                        "opentelekomcloud_compute_instance_v2.grid-engine.*"
                    ],
                    "primary": {
                        "id": "3a079b11-8650-497c-9d98-53453a5d3601/d8994f27-db9a-4802-9fef-5b7cebf69ebc",
                        "attributes": {
                            "device": "/dev/vdb",
                            "id": "3a079b11-8650-497c-9d98-53453a5d3601/d8994f27-db9a-4802-9fef-5b7cebf69ebc",
                            "instance_id": "3a079b11-8650-497c-9d98-53453a5d3601",
                            "region": "",
                            "volume_id": "d8994f27-db9a-4802-9fef-5b7cebf69ebc"
                        },
                        "meta": {
                            "e2bfb730-ecaa-11e6-8f88-34363bc7c4c0": {
                                "create": 600000000000,
                                "delete": 600000000000
                            }
                        },
                        "tainted": false
                    },
                    "deposed": [],
                    "provider": "module.test3.provider.opentelekomcloud"
                },
                "opentelekomcloud_compute_volume_attach_v2.engine_volume_attach.15": {
                    "type": "opentelekomcloud_compute_volume_attach_v2",
                    "depends_on": [
                        "opentelekomcloud_blockstorage_volume_v2.grid-engine-data-vol",
                        "opentelekomcloud_blockstorage_volume_v2.grid-engine-data-vol.*",
                        "opentelekomcloud_compute_instance_v2.grid-engine",
                        "opentelekomcloud_compute_instance_v2.grid-engine.*"
                    ],
                    "primary": {
                        "id": "75dc4c22-a987-4fcb-b95a-2ceb04414430/d2e5ad37-ead2-4536-bc96-48f223c643f7",
                        "attributes": {
                            "device": "/dev/vdb",
                            "id": "75dc4c22-a987-4fcb-b95a-2ceb04414430/d2e5ad37-ead2-4536-bc96-48f223c643f7",
                            "instance_id": "75dc4c22-a987-4fcb-b95a-2ceb04414430",
                            "region": "",
                            "volume_id": "d2e5ad37-ead2-4536-bc96-48f223c643f7"
                        },
                        "meta": {
                            "e2bfb730-ecaa-11e6-8f88-34363bc7c4c0": {
                                "create": 600000000000,
                                "delete": 600000000000
                            }
                        },
                        "tainted": false
                    },
                    "deposed": [],
                    "provider": "module.test3.provider.opentelekomcloud"
                },
                "opentelekomcloud_compute_volume_attach_v2.engine_volume_attach.17": {
                    "type": "opentelekomcloud_compute_volume_attach_v2",
                    "depends_on": [
                        "opentelekomcloud_blockstorage_volume_v2.grid-engine-data-vol",
                        "opentelekomcloud_blockstorage_volume_v2.grid-engine-data-vol.*",
                        "opentelekomcloud_compute_instance_v2.grid-engine",
                        "opentelekomcloud_compute_instance_v2.grid-engine.*"
                    ],
                    "primary": {
                        "id": "7204e5b8-23f7-4505-853e-0d2c1a67ac42/295cfda3-7c7f-4b9c-80a6-c9fcce434aa4",
                        "attributes": {
                            "device": "/dev/vdb",
                            "id": "7204e5b8-23f7-4505-853e-0d2c1a67ac42/295cfda3-7c7f-4b9c-80a6-c9fcce434aa4",
                            "instance_id": "7204e5b8-23f7-4505-853e-0d2c1a67ac42",
                            "region": "",
                            "volume_id": "295cfda3-7c7f-4b9c-80a6-c9fcce434aa4"
                        },
                        "meta": {
                            "e2bfb730-ecaa-11e6-8f88-34363bc7c4c0": {
                                "create": 600000000000,
                                "delete": 600000000000
                            }
                        },
                        "tainted": false
                    },
                    "deposed": [],
                    "provider": "module.test3.provider.opentelekomcloud"
                },
                "opentelekomcloud_compute_volume_attach_v2.engine_volume_attach.20": {
                    "type": "opentelekomcloud_compute_volume_attach_v2",
                    "depends_on": [
                        "opentelekomcloud_blockstorage_volume_v2.grid-engine-data-vol",
                        "opentelekomcloud_blockstorage_volume_v2.grid-engine-data-vol.*",
                        "opentelekomcloud_compute_instance_v2.grid-engine",
                        "opentelekomcloud_compute_instance_v2.grid-engine.*"
                    ],
                    "primary": {
                        "id": "771621ee-d871-4c99-adb6-349d50cc74ff/7f7bb98c-7574-4dd9-80a1-d8f59e2c348e",
                        "attributes": {
                            "device": "/dev/vdb",
                            "id": "771621ee-d871-4c99-adb6-349d50cc74ff/7f7bb98c-7574-4dd9-80a1-d8f59e2c348e",
                            "instance_id": "771621ee-d871-4c99-adb6-349d50cc74ff",
                            "region": "",
                            "volume_id": "7f7bb98c-7574-4dd9-80a1-d8f59e2c348e"
                        },
                        "meta": {
                            "e2bfb730-ecaa-11e6-8f88-34363bc7c4c0": {
                                "create": 600000000000,
                                "delete": 600000000000
                            }
                        },
                        "tainted": false
                    },
                    "deposed": [],
                    "provider": "module.test3.provider.opentelekomcloud"
                },
                "opentelekomcloud_compute_volume_attach_v2.engine_volume_attach.33": {
                    "type": "opentelekomcloud_compute_volume_attach_v2",
                    "depends_on": [
                        "opentelekomcloud_blockstorage_volume_v2.grid-engine-data-vol",
                        "opentelekomcloud_blockstorage_volume_v2.grid-engine-data-vol.*",
                        "opentelekomcloud_compute_instance_v2.grid-engine",
                        "opentelekomcloud_compute_instance_v2.grid-engine.*"
                    ],
                    "primary": {
                        "id": "992a51df-111b-460f-bb18-5fa8ceb897dd/3a534d01-dde5-43f3-8ebe-929c22ad41ec",
                        "attributes": {
                            "device": "/dev/vdb",
                            "id": "992a51df-111b-460f-bb18-5fa8ceb897dd/3a534d01-dde5-43f3-8ebe-929c22ad41ec",
                            "instance_id": "992a51df-111b-460f-bb18-5fa8ceb897dd",
                            "region": "",
                            "volume_id": "3a534d01-dde5-43f3-8ebe-929c22ad41ec"
                        },
                        "meta": {
                            "e2bfb730-ecaa-11e6-8f88-34363bc7c4c0": {
                                "create": 600000000000,
                                "delete": 600000000000
                            }
                        },
                        "tainted": false
                    },
                    "deposed": [],
                    "provider": "module.test3.provider.opentelekomcloud"
                },
                "opentelekomcloud_compute_volume_attach_v2.engine_volume_attach.34": {
                    "type": "opentelekomcloud_compute_volume_attach_v2",
                    "depends_on": [
                        "opentelekomcloud_blockstorage_volume_v2.grid-engine-data-vol",
                        "opentelekomcloud_blockstorage_volume_v2.grid-engine-data-vol.*",
                        "opentelekomcloud_compute_instance_v2.grid-engine",
                        "opentelekomcloud_compute_instance_v2.grid-engine.*"
                    ],
                    "primary": {
                        "id": "d7c0020c-d6cb-4e25-a3f8-09072e6f98ae/b01a86ca-7916-44ee-b9de-d8910db229ac",
                        "attributes": {
                            "device": "/dev/vdb",
                            "id": "d7c0020c-d6cb-4e25-a3f8-09072e6f98ae/b01a86ca-7916-44ee-b9de-d8910db229ac",
                            "instance_id": "d7c0020c-d6cb-4e25-a3f8-09072e6f98ae",
                            "region": "",
                            "volume_id": "b01a86ca-7916-44ee-b9de-d8910db229ac"
                        },
                        "meta": {
                            "e2bfb730-ecaa-11e6-8f88-34363bc7c4c0": {
                                "create": 600000000000,
                                "delete": 600000000000
                            }
                        },
                        "tainted": false
                    },
                    "deposed": [],
                    "provider": "module.test3.provider.opentelekomcloud"
                },
                "opentelekomcloud_compute_volume_attach_v2.engine_volume_attach.36": {
                    "type": "opentelekomcloud_compute_volume_attach_v2",
                    "depends_on": [
                        "opentelekomcloud_blockstorage_volume_v2.grid-engine-data-vol",
                        "opentelekomcloud_blockstorage_volume_v2.grid-engine-data-vol.*",
                        "opentelekomcloud_compute_instance_v2.grid-engine",
                        "opentelekomcloud_compute_instance_v2.grid-engine.*"
                    ],
                    "primary": {
                        "id": "8f30a669-cf99-4116-a39b-d1385ab43a02/9847e886-842d-469c-a26f-ed92cb91c414",
                        "attributes": {
                            "device": "/dev/vdb",
                            "id": "8f30a669-cf99-4116-a39b-d1385ab43a02/9847e886-842d-469c-a26f-ed92cb91c414",
                            "instance_id": "8f30a669-cf99-4116-a39b-d1385ab43a02",
                            "region": "",
                            "volume_id": "9847e886-842d-469c-a26f-ed92cb91c414"
                        },
                        "meta": {
                            "e2bfb730-ecaa-11e6-8f88-34363bc7c4c0": {
                                "create": 600000000000,
                                "delete": 600000000000
                            }
                        },
                        "tainted": false
                    },
                    "deposed": [],
                    "provider": "module.test3.provider.opentelekomcloud"
                },
                "opentelekomcloud_compute_volume_attach_v2.engine_volume_attach.4": {
                    "type": "opentelekomcloud_compute_volume_attach_v2",
                    "depends_on": [
                        "opentelekomcloud_blockstorage_volume_v2.grid-engine-data-vol",
                        "opentelekomcloud_blockstorage_volume_v2.grid-engine-data-vol.*",
                        "opentelekomcloud_compute_instance_v2.grid-engine",
                        "opentelekomcloud_compute_instance_v2.grid-engine.*"
                    ],
                    "primary": {
                        "id": "edc3d97c-34f3-46ba-8cee-fb7d1cea60bd/638cec20-4c2f-4956-8527-f80b09e3e329",
                        "attributes": {
                            "device": "/dev/vdb",
                            "id": "edc3d97c-34f3-46ba-8cee-fb7d1cea60bd/638cec20-4c2f-4956-8527-f80b09e3e329",
                            "instance_id": "edc3d97c-34f3-46ba-8cee-fb7d1cea60bd",
                            "region": "",
                            "volume_id": "638cec20-4c2f-4956-8527-f80b09e3e329"
                        },
                        "meta": {
                            "e2bfb730-ecaa-11e6-8f88-34363bc7c4c0": {
                                "create": 600000000000,
                                "delete": 600000000000
                            }
                        },
                        "tainted": false
                    },
                    "deposed": [],
                    "provider": "module.test3.provider.opentelekomcloud"
                },
                "opentelekomcloud_compute_volume_attach_v2.engine_volume_attach.42": {
                    "type": "opentelekomcloud_compute_volume_attach_v2",
                    "depends_on": [
                        "opentelekomcloud_blockstorage_volume_v2.grid-engine-data-vol",
                        "opentelekomcloud_blockstorage_volume_v2.grid-engine-data-vol.*",
                        "opentelekomcloud_compute_instance_v2.grid-engine",
                        "opentelekomcloud_compute_instance_v2.grid-engine.*"
                    ],
                    "primary": {
                        "id": "24b134f6-57ac-477d-ab63-96ae143ea6ea/0eb56914-27b7-4d5d-8252-ccb022fa829f",
                        "attributes": {
                            "device": "/dev/vdb",
                            "id": "24b134f6-57ac-477d-ab63-96ae143ea6ea/0eb56914-27b7-4d5d-8252-ccb022fa829f",
                            "instance_id": "24b134f6-57ac-477d-ab63-96ae143ea6ea",
                            "region": "",
                            "volume_id": "0eb56914-27b7-4d5d-8252-ccb022fa829f"
                        },
                        "meta": {
                            "e2bfb730-ecaa-11e6-8f88-34363bc7c4c0": {
                                "create": 600000000000,
                                "delete": 600000000000
                            }
                        },
                        "tainted": false
                    },
                    "deposed": [],
                    "provider": "module.test3.provider.opentelekomcloud"
                },
                "opentelekomcloud_compute_volume_attach_v2.engine_volume_attach.46": {
                    "type": "opentelekomcloud_compute_volume_attach_v2",
                    "depends_on": [
                        "opentelekomcloud_blockstorage_volume_v2.grid-engine-data-vol",
                        "opentelekomcloud_blockstorage_volume_v2.grid-engine-data-vol.*",
                        "opentelekomcloud_compute_instance_v2.grid-engine",
                        "opentelekomcloud_compute_instance_v2.grid-engine.*"
                    ],
                    "primary": {
                        "id": "f3ffb5fa-ded6-4b21-ac77-1339293ff89d/ba4234fa-410f-40e4-8561-d71953e7938a",
                        "attributes": {
                            "device": "/dev/vdb",
                            "id": "f3ffb5fa-ded6-4b21-ac77-1339293ff89d/ba4234fa-410f-40e4-8561-d71953e7938a",
                            "instance_id": "f3ffb5fa-ded6-4b21-ac77-1339293ff89d",
                            "region": "",
                            "volume_id": "ba4234fa-410f-40e4-8561-d71953e7938a"
                        },
                        "meta": {
                            "e2bfb730-ecaa-11e6-8f88-34363bc7c4c0": {
                                "create": 600000000000,
                                "delete": 600000000000
                            }
                        },
                        "tainted": false
                    },
                    "deposed": [],
                    "provider": "module.test3.provider.opentelekomcloud"
                }
            },
            "depends_on": []
        },
        {
            "path": [
                "root",
                "test4"
            ],
            "outputs": {},
            "resources": {},
            "depends_on": []
        }
    ]
}
