{
    "version": 3,
    "terraform_version": "0.11.0",
    "serial": 27,
    "lineage": "5c1d6c0e-2313-467f-8d90-d97fec96c3ca",
    "modules": [
        {
            "path": [
                "root"
            ],
            "outputs": {},
            "resources": {},
            "depends_on": []
        },
        {
            "path": [
                "root",
                "winnor1"
            ],
            "outputs": {},
            "resources": {
                "opentelekomcloud_blockstorage_volume_v2.grid-engine-data-vol.0": {
                    "type": "opentelekomcloud_blockstorage_volume_v2",
                    "depends_on": [],
                    "primary": {
                        "id": "3474557b-56fc-4839-9bdf-fc2cd936edc3",
                        "attributes": {
                            "attachment.#": "0",
                            "availability_zone": "eu-de-02",
                            "description": "",
                            "id": "3474557b-56fc-4839-9bdf-fc2cd936edc3",
                            "metadata.%": "2",
                            "metadata.__system__cmkid": "3e71f3f9-c361-49b2-b3a1-cdae626c2211",
                            "metadata.__system__encrypted": "1",
                            "name": "win-engine-data-vol-0",
                            "region": "",
                            "size": "10",
                            "snapshot_id": "",
                            "source_vol_id": "",
                            "tags.%": "2",
                            "tags.ETYPE": "UAT",
                            "tags.VTYPE": "System",
                            "volume_type": "SSD"
                        },
                        "meta": {
                            "e2bfb730-ecaa-11e6-8f88-34363bc7c4c0": {
                                "create": 600000000000,
                                "delete": 600000000000
                            }
                        },
                        "tainted": false
                    },
                    "deposed": [],
                    "provider": "module.winnor1.provider.opentelekomcloud"
                },
                "opentelekomcloud_blockstorage_volume_v2.grid-engine-data-vol.1": {
                    "type": "opentelekomcloud_blockstorage_volume_v2",
                    "depends_on": [],
                    "primary": {
                        "id": "eacd2957-2462-4e80-bfa0-83f05611eba3",
                        "attributes": {
                            "attachment.#": "0",
                            "availability_zone": "eu-de-02",
                            "description": "",
                            "id": "eacd2957-2462-4e80-bfa0-83f05611eba3",
                            "metadata.%": "2",
                            "metadata.__system__cmkid": "3e71f3f9-c361-49b2-b3a1-cdae626c2211",
                            "metadata.__system__encrypted": "1",
                            "name": "win-engine-data-vol-1",
                            "region": "",
                            "size": "10",
                            "snapshot_id": "",
                            "source_vol_id": "",
                            "tags.%": "2",
                            "tags.ETYPE": "UAT",
                            "tags.VTYPE": "System",
                            "volume_type": "SSD"
                        },
                        "meta": {
                            "e2bfb730-ecaa-11e6-8f88-34363bc7c4c0": {
                                "create": 600000000000,
                                "delete": 600000000000
                            }
                        },
                        "tainted": false
                    },
                    "deposed": [],
                    "provider": "module.winnor1.provider.opentelekomcloud"
                },
                "opentelekomcloud_blockstorage_volume_v2.grid-engine-sys-vol.0": {
                    "type": "opentelekomcloud_blockstorage_volume_v2",
                    "depends_on": [],
                    "primary": {
                        "id": "d98dda33-d081-477b-b5b1-05f85897791d",
                        "attributes": {
                            "attachment.#": "0",
                            "availability_zone": "eu-de-02",
                            "description": "",
                            "id": "d98dda33-d081-477b-b5b1-05f85897791d",
                            "image_id": "073feea8-fbb5-4ce6-ae39-ef827523791e",
                            "metadata.%": "0",
                            "name": "win-engine-sys-vol-0",
                            "region": "",
                            "size": "30",
                            "snapshot_id": "",
                            "source_vol_id": "",
                            "tags.%": "2",
                            "tags.ETYPE": "UAT",
                            "tags.VTYPE": "System",
                            "volume_type": "SSD"
                        },
                        "meta": {
                            "e2bfb730-ecaa-11e6-8f88-34363bc7c4c0": {
                                "create": 600000000000,
                                "delete": 600000000000
                            }
                        },
                        "tainted": false
                    },
                    "deposed": [],
                    "provider": "module.winnor1.provider.opentelekomcloud"
                },
                "opentelekomcloud_blockstorage_volume_v2.grid-engine-sys-vol.1": {
                    "type": "opentelekomcloud_blockstorage_volume_v2",
                    "depends_on": [],
                    "primary": {
                        "id": "1858c8b8-ac2e-4222-ae9d-bd336bd06117",
                        "attributes": {
                            "attachment.#": "0",
                            "availability_zone": "eu-de-02",
                            "description": "",
                            "id": "1858c8b8-ac2e-4222-ae9d-bd336bd06117",
                            "image_id": "073feea8-fbb5-4ce6-ae39-ef827523791e",
                            "metadata.%": "0",
                            "name": "win-engine-sys-vol-1",
                            "region": "",
                            "size": "30",
                            "snapshot_id": "",
                            "source_vol_id": "",
                            "tags.%": "2",
                            "tags.ETYPE": "UAT",
                            "tags.VTYPE": "System",
                            "volume_type": "SSD"
                        },
                        "meta": {
                            "e2bfb730-ecaa-11e6-8f88-34363bc7c4c0": {
                                "create": 600000000000,
                                "delete": 600000000000
                            }
                        },
                        "tainted": false
                    },
                    "deposed": [],
                    "provider": "module.winnor1.provider.opentelekomcloud"
                },
                "opentelekomcloud_compute_instance_v2.grid-engine.0": {
                    "type": "opentelekomcloud_compute_instance_v2",
                    "depends_on": [
                        "opentelekomcloud_blockstorage_volume_v2.grid-engine-sys-vol",
                        "opentelekomcloud_blockstorage_volume_v2.grid-engine-sys-vol.*"
                    ],
                    "primary": {
                        "id": "99c91663-e8c3-4f0b-9648-73617615256a",
                        "attributes": {
                            "access_ip_v4": "192.168.100.195",
                            "access_ip_v6": "",
                            "admin_pass": "Passw0rd",
                            "all_metadata.%": "0",
                            "availability_zone": "eu-de-02",
                            "block_device.#": "1",
                            "block_device.0.boot_index": "0",
                            "block_device.0.delete_on_termination": "false",
                            "block_device.0.destination_type": "volume",
                            "block_device.0.guest_format": "",
                            "block_device.0.source_type": "volume",
                            "block_device.0.uuid": "d98dda33-d081-477b-b5b1-05f85897791d",
                            "block_device.0.volume_size": "0",
                            "flavor_id": "s2.large.2",
                            "flavor_name": "s2.large.2",
                            "id": "99c91663-e8c3-4f0b-9648-73617615256a",
                            "image_id": "Attempt to boot from volume - no image supplied",
                            "key_pair": "nor1",
                            "name": "winnor1-engine0",
                            "network.#": "1",
                            "network.0.access_network": "false",
                            "network.0.fixed_ip_v4": "192.168.100.195",
                            "network.0.fixed_ip_v6": "",
                            "network.0.floating_ip": "",
                            "network.0.mac": "fa:16:3e:73:d1:c2",
                            "network.0.name": "9d63542c-78cf-48c8-bf85-5785a3595c34",
                            "network.0.port": "",
                            "network.0.uuid": "28eb42a0-09d7-4612-9314-b8116c215a82",
                            "region": "",
                            "security_groups.#": "1",
                            "security_groups.3814588639": "default",
                            "stop_before_destroy": "false",
                            "tags.#": "2",
                            "tags.2596889105": "OS.Windows2012",
                            "tags.642646927": "ETYPE.UAT",
                            "user_data": "b3cc7d14f2c9d5b169e68fed47e3b3437e7b12bc"
                        },
                        "meta": {
                            "e2bfb730-ecaa-11e6-8f88-34363bc7c4c0": {
                                "create": 1800000000000,
                                "delete": 1800000000000,
                                "update": 1800000000000
                            }
                        },
                        "tainted": false
                    },
                    "deposed": [],
                    "provider": "module.winnor1.provider.opentelekomcloud"
                },
                "opentelekomcloud_compute_instance_v2.grid-engine.1": {
                    "type": "opentelekomcloud_compute_instance_v2",
                    "depends_on": [
                        "opentelekomcloud_blockstorage_volume_v2.grid-engine-sys-vol",
                        "opentelekomcloud_blockstorage_volume_v2.grid-engine-sys-vol.*"
                    ],
                    "primary": {
                        "id": "edc2b8ea-740f-424e-9190-b540c96ae540",
                        "attributes": {
                            "access_ip_v4": "192.168.100.26",
                            "access_ip_v6": "",
                            "admin_pass": "Passw0rd",
                            "all_metadata.%": "0",
                            "availability_zone": "eu-de-02",
                            "block_device.#": "1",
                            "block_device.0.boot_index": "0",
                            "block_device.0.delete_on_termination": "false",
                            "block_device.0.destination_type": "volume",
                            "block_device.0.guest_format": "",
                            "block_device.0.source_type": "volume",
                            "block_device.0.uuid": "1858c8b8-ac2e-4222-ae9d-bd336bd06117",
                            "block_device.0.volume_size": "0",
                            "flavor_id": "s2.large.2",
                            "flavor_name": "s2.large.2",
                            "id": "edc2b8ea-740f-424e-9190-b540c96ae540",
                            "image_id": "Attempt to boot from volume - no image supplied",
                            "key_pair": "nor1",
                            "name": "winnor1-engine1",
                            "network.#": "1",
                            "network.0.access_network": "false",
                            "network.0.fixed_ip_v4": "192.168.100.26",
                            "network.0.fixed_ip_v6": "",
                            "network.0.floating_ip": "",
                            "network.0.mac": "fa:16:3e:9a:99:64",
                            "network.0.name": "9d63542c-78cf-48c8-bf85-5785a3595c34",
                            "network.0.port": "",
                            "network.0.uuid": "28eb42a0-09d7-4612-9314-b8116c215a82",
                            "region": "",
                            "security_groups.#": "1",
                            "security_groups.3814588639": "default",
                            "stop_before_destroy": "false",
                            "tags.#": "2",
                            "tags.2596889105": "OS.Windows2012",
                            "tags.642646927": "ETYPE.UAT",
                            "user_data": "b3cc7d14f2c9d5b169e68fed47e3b3437e7b12bc"
                        },
                        "meta": {
                            "e2bfb730-ecaa-11e6-8f88-34363bc7c4c0": {
                                "create": 1800000000000,
                                "delete": 1800000000000,
                                "update": 1800000000000
                            }
                        },
                        "tainted": false
                    },
                    "deposed": [],
                    "provider": "module.winnor1.provider.opentelekomcloud"
                },
                "opentelekomcloud_compute_volume_attach_v2.engine_volume_attach.0": {
                    "type": "opentelekomcloud_compute_volume_attach_v2",
                    "depends_on": [
                        "opentelekomcloud_blockstorage_volume_v2.grid-engine-data-vol",
                        "opentelekomcloud_blockstorage_volume_v2.grid-engine-data-vol.*",
                        "opentelekomcloud_compute_instance_v2.grid-engine",
                        "opentelekomcloud_compute_instance_v2.grid-engine.*"
                    ],
                    "primary": {
                        "id": "99c91663-e8c3-4f0b-9648-73617615256a/3474557b-56fc-4839-9bdf-fc2cd936edc3",
                        "attributes": {
                            "device": "/dev/vdb",
                            "id": "99c91663-e8c3-4f0b-9648-73617615256a/3474557b-56fc-4839-9bdf-fc2cd936edc3",
                            "instance_id": "99c91663-e8c3-4f0b-9648-73617615256a",
                            "region": "",
                            "volume_id": "3474557b-56fc-4839-9bdf-fc2cd936edc3"
                        },
                        "meta": {
                            "e2bfb730-ecaa-11e6-8f88-34363bc7c4c0": {
                                "create": 600000000000,
                                "delete": 600000000000
                            }
                        },
                        "tainted": false
                    },
                    "deposed": [],
                    "provider": "module.winnor1.provider.opentelekomcloud"
                },
                "opentelekomcloud_compute_volume_attach_v2.engine_volume_attach.1": {
                    "type": "opentelekomcloud_compute_volume_attach_v2",
                    "depends_on": [
                        "opentelekomcloud_blockstorage_volume_v2.grid-engine-data-vol",
                        "opentelekomcloud_blockstorage_volume_v2.grid-engine-data-vol.*",
                        "opentelekomcloud_compute_instance_v2.grid-engine",
                        "opentelekomcloud_compute_instance_v2.grid-engine.*"
                    ],
                    "primary": {
                        "id": "edc2b8ea-740f-424e-9190-b540c96ae540/eacd2957-2462-4e80-bfa0-83f05611eba3",
                        "attributes": {
                            "device": "/dev/vdb",
                            "id": "edc2b8ea-740f-424e-9190-b540c96ae540/eacd2957-2462-4e80-bfa0-83f05611eba3",
                            "instance_id": "edc2b8ea-740f-424e-9190-b540c96ae540",
                            "region": "",
                            "volume_id": "eacd2957-2462-4e80-bfa0-83f05611eba3"
                        },
                        "meta": {
                            "e2bfb730-ecaa-11e6-8f88-34363bc7c4c0": {
                                "create": 600000000000,
                                "delete": 600000000000
                            }
                        },
                        "tainted": false
                    },
                    "deposed": [],
                    "provider": "module.winnor1.provider.opentelekomcloud"
                }
            },
            "depends_on": []
        },
        {
            "path": [
                "root",
                "winnor2"
            ],
            "outputs": {},
            "resources": {
                "opentelekomcloud_blockstorage_volume_v2.grid-engine-data-vol.0": {
                    "type": "opentelekomcloud_blockstorage_volume_v2",
                    "depends_on": [],
                    "primary": {
                        "id": "f22fae64-30eb-44fd-b0ee-e8bb629c55ec",
                        "attributes": {
                            "attachment.#": "0",
                            "availability_zone": "eu-de-01",
                            "description": "",
                            "id": "f22fae64-30eb-44fd-b0ee-e8bb629c55ec",
                            "metadata.%": "2",
                            "metadata.__system__cmkid": "6778bba6-7204-4e02-8a68-b29e898a999b",
                            "metadata.__system__encrypted": "1",
                            "name": "win-engine-data-vol-0",
                            "region": "",
                            "size": "10",
                            "snapshot_id": "",
                            "source_vol_id": "",
                            "volume_type": "SSD"
                        },
                        "meta": {
                            "e2bfb730-ecaa-11e6-8f88-34363bc7c4c0": {
                                "create": 600000000000,
                                "delete": 600000000000
                            }
                        },
                        "tainted": false
                    },
                    "deposed": [],
                    "provider": "module.winnor2.provider.opentelekomcloud"
                },
                "opentelekomcloud_blockstorage_volume_v2.grid-engine-data-vol.1": {
                    "type": "opentelekomcloud_blockstorage_volume_v2",
                    "depends_on": [],
                    "primary": {
                        "id": "1ca28605-cfb0-44cf-87b9-b25f58c9dbb7",
                        "attributes": {
                            "attachment.#": "0",
                            "availability_zone": "eu-de-01",
                            "description": "",
                            "id": "1ca28605-cfb0-44cf-87b9-b25f58c9dbb7",
                            "metadata.%": "2",
                            "metadata.__system__cmkid": "6778bba6-7204-4e02-8a68-b29e898a999b",
                            "metadata.__system__encrypted": "1",
                            "name": "win-engine-data-vol-1",
                            "region": "",
                            "size": "10",
                            "snapshot_id": "",
                            "source_vol_id": "",
                            "volume_type": "SSD"
                        },
                        "meta": {
                            "e2bfb730-ecaa-11e6-8f88-34363bc7c4c0": {
                                "create": 600000000000,
                                "delete": 600000000000
                            }
                        },
                        "tainted": false
                    },
                    "deposed": [],
                    "provider": "module.winnor2.provider.opentelekomcloud"
                },
                "opentelekomcloud_blockstorage_volume_v2.grid-engine-sys-vol.0": {
                    "type": "opentelekomcloud_blockstorage_volume_v2",
                    "depends_on": [],
                    "primary": {
                        "id": "65c795d7-033c-44bb-bbd5-35ae56eb99cb",
                        "attributes": {
                            "attachment.#": "0",
                            "availability_zone": "eu-de-01",
                            "description": "",
                            "id": "65c795d7-033c-44bb-bbd5-35ae56eb99cb",
                            "image_id": "073feea8-fbb5-4ce6-ae39-ef827523791e",
                            "metadata.%": "0",
                            "name": "win-engine-sys-vol-0",
                            "region": "",
                            "size": "30",
                            "snapshot_id": "",
                            "source_vol_id": "",
                            "volume_type": "SSD"
                        },
                        "meta": {
                            "e2bfb730-ecaa-11e6-8f88-34363bc7c4c0": {
                                "create": 600000000000,
                                "delete": 600000000000
                            }
                        },
                        "tainted": false
                    },
                    "deposed": [],
                    "provider": "module.winnor2.provider.opentelekomcloud"
                },
                "opentelekomcloud_blockstorage_volume_v2.grid-engine-sys-vol.1": {
                    "type": "opentelekomcloud_blockstorage_volume_v2",
                    "depends_on": [],
                    "primary": {
                        "id": "2a1ddf53-e1e0-49bb-82be-398c8a93be5a",
                        "attributes": {
                            "attachment.#": "0",
                            "availability_zone": "eu-de-01",
                            "description": "",
                            "id": "2a1ddf53-e1e0-49bb-82be-398c8a93be5a",
                            "image_id": "073feea8-fbb5-4ce6-ae39-ef827523791e",
                            "metadata.%": "0",
                            "name": "win-engine-sys-vol-1",
                            "region": "",
                            "size": "30",
                            "snapshot_id": "",
                            "source_vol_id": "",
                            "volume_type": "SSD"
                        },
                        "meta": {
                            "e2bfb730-ecaa-11e6-8f88-34363bc7c4c0": {
                                "create": 600000000000,
                                "delete": 600000000000
                            }
                        },
                        "tainted": false
                    },
                    "deposed": [],
                    "provider": "module.winnor2.provider.opentelekomcloud"
                },
                "opentelekomcloud_compute_instance_v2.grid-engine.0": {
                    "type": "opentelekomcloud_compute_instance_v2",
                    "depends_on": [
                        "opentelekomcloud_blockstorage_volume_v2.grid-engine-sys-vol",
                        "opentelekomcloud_blockstorage_volume_v2.grid-engine-sys-vol.*"
                    ],
                    "primary": {
                        "id": "186df3e6-dc15-450e-89a4-d3e39abf2d79",
                        "attributes": {
                            "access_ip_v4": "192.168.101.171",
                            "access_ip_v6": "",
                            "admin_pass": "Passw0rd",
                            "all_metadata.%": "0",
                            "availability_zone": "eu-de-01",
                            "block_device.#": "1",
                            "block_device.0.boot_index": "0",
                            "block_device.0.delete_on_termination": "false",
                            "block_device.0.destination_type": "volume",
                            "block_device.0.guest_format": "",
                            "block_device.0.source_type": "volume",
                            "block_device.0.uuid": "65c795d7-033c-44bb-bbd5-35ae56eb99cb",
                            "block_device.0.volume_size": "0",
                            "flavor_id": "s2.large.2",
                            "flavor_name": "s2.large.2",
                            "id": "186df3e6-dc15-450e-89a4-d3e39abf2d79",
                            "image_id": "Attempt to boot from volume - no image supplied",
                            "key_pair": "nor1",
                            "name": "winnor2-engine0",
                            "network.#": "1",
                            "network.0.access_network": "false",
                            "network.0.fixed_ip_v4": "192.168.101.171",
                            "network.0.fixed_ip_v6": "",
                            "network.0.floating_ip": "",
                            "network.0.mac": "fa:16:3e:f0:14:9e",
                            "network.0.name": "4806fbf2-e394-4b2c-8a1c-8759226e7b2a",
                            "network.0.port": "",
                            "network.0.uuid": "63acb2fc-0969-4815-ae8f-ea0229ec46cc",
                            "region": "",
                            "security_groups.#": "1",
                            "security_groups.3814588639": "default",
                            "stop_before_destroy": "false",
                            "tags.#": "2",
                            "tags.2596889105": "OS.Windows2012",
                            "tags.642646927": "ETYPE.UAT",
                            "user_data": "b3cc7d14f2c9d5b169e68fed47e3b3437e7b12bc"
                        },
                        "meta": {
                            "e2bfb730-ecaa-11e6-8f88-34363bc7c4c0": {
                                "create": 1800000000000,
                                "delete": 1800000000000,
                                "update": 1800000000000
                            }
                        },
                        "tainted": false
                    },
                    "deposed": [],
                    "provider": "module.winnor2.provider.opentelekomcloud"
                },
                "opentelekomcloud_compute_instance_v2.grid-engine.1": {
                    "type": "opentelekomcloud_compute_instance_v2",
                    "depends_on": [
                        "opentelekomcloud_blockstorage_volume_v2.grid-engine-sys-vol",
                        "opentelekomcloud_blockstorage_volume_v2.grid-engine-sys-vol.*"
                    ],
                    "primary": {
                        "id": "ef7900b4-c6d7-4faf-95c9-2640a3b7467d",
                        "attributes": {
                            "access_ip_v4": "192.168.101.75",
                            "access_ip_v6": "",
                            "admin_pass": "Passw0rd",
                            "all_metadata.%": "0",
                            "availability_zone": "eu-de-01",
                            "block_device.#": "1",
                            "block_device.0.boot_index": "0",
                            "block_device.0.delete_on_termination": "false",
                            "block_device.0.destination_type": "volume",
                            "block_device.0.guest_format": "",
                            "block_device.0.source_type": "volume",
                            "block_device.0.uuid": "2a1ddf53-e1e0-49bb-82be-398c8a93be5a",
                            "block_device.0.volume_size": "0",
                            "flavor_id": "s2.large.2",
                            "flavor_name": "s2.large.2",
                            "id": "ef7900b4-c6d7-4faf-95c9-2640a3b7467d",
                            "image_id": "Attempt to boot from volume - no image supplied",
                            "key_pair": "nor1",
                            "name": "winnor2-engine1",
                            "network.#": "1",
                            "network.0.access_network": "false",
                            "network.0.fixed_ip_v4": "192.168.101.75",
                            "network.0.fixed_ip_v6": "",
                            "network.0.floating_ip": "",
                            "network.0.mac": "fa:16:3e:85:bd:02",
                            "network.0.name": "4806fbf2-e394-4b2c-8a1c-8759226e7b2a",
                            "network.0.port": "",
                            "network.0.uuid": "63acb2fc-0969-4815-ae8f-ea0229ec46cc",
                            "region": "",
                            "security_groups.#": "1",
                            "security_groups.3814588639": "default",
                            "stop_before_destroy": "false",
                            "tags.#": "2",
                            "tags.2596889105": "OS.Windows2012",
                            "tags.642646927": "ETYPE.UAT",
                            "user_data": "b3cc7d14f2c9d5b169e68fed47e3b3437e7b12bc"
                        },
                        "meta": {
                            "e2bfb730-ecaa-11e6-8f88-34363bc7c4c0": {
                                "create": 1800000000000,
                                "delete": 1800000000000,
                                "update": 1800000000000
                            }
                        },
                        "tainted": false
                    },
                    "deposed": [],
                    "provider": "module.winnor2.provider.opentelekomcloud"
                },
                "opentelekomcloud_compute_volume_attach_v2.engine_volume_attach.0": {
                    "type": "opentelekomcloud_compute_volume_attach_v2",
                    "depends_on": [
                        "opentelekomcloud_blockstorage_volume_v2.grid-engine-data-vol",
                        "opentelekomcloud_blockstorage_volume_v2.grid-engine-data-vol.*",
                        "opentelekomcloud_compute_instance_v2.grid-engine",
                        "opentelekomcloud_compute_instance_v2.grid-engine.*"
                    ],
                    "primary": {
                        "id": "186df3e6-dc15-450e-89a4-d3e39abf2d79/f22fae64-30eb-44fd-b0ee-e8bb629c55ec",
                        "attributes": {
                            "device": "/dev/vdb",
                            "id": "186df3e6-dc15-450e-89a4-d3e39abf2d79/f22fae64-30eb-44fd-b0ee-e8bb629c55ec",
                            "instance_id": "186df3e6-dc15-450e-89a4-d3e39abf2d79",
                            "region": "",
                            "volume_id": "f22fae64-30eb-44fd-b0ee-e8bb629c55ec"
                        },
                        "meta": {
                            "e2bfb730-ecaa-11e6-8f88-34363bc7c4c0": {
                                "create": 600000000000,
                                "delete": 600000000000
                            }
                        },
                        "tainted": false
                    },
                    "deposed": [],
                    "provider": "module.winnor2.provider.opentelekomcloud"
                },
                "opentelekomcloud_compute_volume_attach_v2.engine_volume_attach.1": {
                    "type": "opentelekomcloud_compute_volume_attach_v2",
                    "depends_on": [
                        "opentelekomcloud_blockstorage_volume_v2.grid-engine-data-vol",
                        "opentelekomcloud_blockstorage_volume_v2.grid-engine-data-vol.*",
                        "opentelekomcloud_compute_instance_v2.grid-engine",
                        "opentelekomcloud_compute_instance_v2.grid-engine.*"
                    ],
                    "primary": {
                        "id": "ef7900b4-c6d7-4faf-95c9-2640a3b7467d/1ca28605-cfb0-44cf-87b9-b25f58c9dbb7",
                        "attributes": {
                            "device": "/dev/vdb",
                            "id": "ef7900b4-c6d7-4faf-95c9-2640a3b7467d/1ca28605-cfb0-44cf-87b9-b25f58c9dbb7",
                            "instance_id": "ef7900b4-c6d7-4faf-95c9-2640a3b7467d",
                            "region": "",
                            "volume_id": "1ca28605-cfb0-44cf-87b9-b25f58c9dbb7"
                        },
                        "meta": {
                            "e2bfb730-ecaa-11e6-8f88-34363bc7c4c0": {
                                "create": 600000000000,
                                "delete": 600000000000
                            }
                        },
                        "tainted": false
                    },
                    "deposed": [],
                    "provider": "module.winnor2.provider.opentelekomcloud"
                }
            },
            "depends_on": []
        }
    ]
}
